{
  "version": 4,
  "terraform_version": "1.15.1",
  "serial": 209,
  "lineage": "00ddaf3c-747c-0d73-c975-ee76d9323306",
  "outputs": {
    "api_id": {
      "value": "81ymm2ucaa",
      "type": "string"
    },
    "api_invoke_url": {
      "value": "https://81ymm2ucaa.execute-api.us-east-1.amazonaws.com/",
      "type": "string"
    },
    "aws_region": {
      "value": "us-east-1",
      "type": "string"
    },
    "dynamodb_table_name": {
      "value": "mailmanager-demo-9f53-metadata",
      "type": "string"
    },
    "eventbridge_rule_name": {
      "value": "mailmanager-demo-9f53-sync-schedule",
      "type": "string"
    },
    "frontend_bucket_name": {
      "value": "mailmanager-frontend-20260507145524907900000001",
      "type": "string"
    },
    "lambda_api_function_name": {
      "value": "mailmanager-demo-9f53-api",
      "type": "string"
    },
    "lambda_ingest_worker_function_name": {
      "value": "mailmanager-demo-9f53-ingest-worker",
      "type": "string"
    },
    "lambda_schedule_stub_function_name": {
      "value": "mailmanager-demo-9f53-schedule-stub",
      "type": "string"
    },
    "raw_mail_bucket_name": {
      "value": "mailmanager-demo-9f53-raw-mail",
      "type": "string"
    },
    "s3_bucket_name": {
      "value": "mailmanager-demo-9f53-raw-mail",
      "type": "string"
    },
    "secrets_app_encryption_arn": {
      "value": "arn:aws:secretsmanager:us-east-1:377100338169:secret:mailmanager-demo-9f53/app/encryption-key-WUq65C",
      "type": "string"
    },
    "secrets_oauth_google_arn": {
      "value": "arn:aws:secretsmanager:us-east-1:377100338169:secret:mailmanager-demo-9f53/oauth/google-hTieF8",
      "type": "string"
    },
    "secrets_oauth_microsoft_arn": {
      "value": "arn:aws:secretsmanager:us-east-1:377100338169:secret:mailmanager-demo-9f53/oauth/microsoft-s6RBWI",
      "type": "string"
    },
    "sqs_dlq_queue_url": {
      "value": "https://sqs.us-east-1.amazonaws.com/377100338169/mailmanager-demo-9f53-ingest-dlq",
      "type": "string"
    },
    "sqs_ingest_queue_name": {
      "value": "mailmanager-demo-9f53-ingest",
      "type": "string"
    },
    "sqs_ingest_queue_url": {
      "value": "https://sqs.us-east-1.amazonaws.com/377100338169/mailmanager-demo-9f53-ingest",
      "type": "string"
    },
    "website_url": {
      "value": "http://mailmanager-frontend-20260507145524907900000001.s3-website-us-east-1.amazonaws.com",
      "type": "string"
    }
  },
  "resources": [
    {
      "mode": "data",
      "type": "archive_file",
      "name": "api_zip",
      "provider": "provider[\"registry.terraform.io/hashicorp/archive\"]",
      "instances": [
        {
          "schema_version": 0,
          "attributes": {
            "exclude_symlink_directories": null,
            "excludes": null,
            "id": "ee57ec94ac7c71d99b795011e8784c5be548d1c8",
            "output_base64sha256": "1Yul9nhSV/WoMws9acqqVpaiu3c4X1Ji9C5s4yJd0Bw=",
            "output_base64sha512": "6aVsowp98Qy4Arr8Bl1ArpRTUd0gOjU7h1OPmnQE2K7s+ocWoqf0f2G43FbQlPKRtSyEx183hXY2BHumF//fEA==",
            "output_file_mode": null,
            "output_md5": "bd0ecd34728e3a490dd79b1edcf15a6f",
            "output_path": "./.build/api.zip",
            "output_sha": "ee57ec94ac7c71d99b795011e8784c5be548d1c8",
            "output_sha256": "d58ba5f6785257f5a8330b3d69caaa5696a2bb77385f5262f42e6ce3225dd01c",
            "output_sha512": "e9a56ca30a7df10cb802bafc065d40ae945351dd203a353b87538f9a7404d8aeecfa8716a2a7f47f61b8dc56d094f291b52c84c75f37857636047ba617ffdf10",
            "output_size": 8855018,
            "source": [],
            "source_content": null,
            "source_content_filename": null,
            "source_dir": "./lambda/api",
            "source_file": null,
            "type": "zip"
          },
          "sensitive_attributes": [],
          "identity_schema_version": 0
        }
      ]
    },
    {
      "mode": "data",
      "type": "archive_file",
      "name": "ingest_worker_zip",
      "provider": "provider[\"registry.terraform.io/hashicorp/archive\"]",
      "instances": [
        {
          "schema_version": 0,
          "attributes": {
            "exclude_symlink_directories": null,
            "excludes": null,
            "id": "b23361ad9ac8180ab82316c2bd1fd666cca8d9b6",
            "output_base64sha256": "RLdcEnfMR/JAUPbn3jIsmX6b+jlcG5fTsdl5POHc2+I=",
            "output_base64sha512": "QQvUuBBKxm/8XkF5RdPcB2U5dsEpC6ER7j9UrUV6gAU5p7AdFryt7yNvLqDbrz+40qVAK1nRe5ZaUmvc2flA4A==",
            "output_file_mode": null,
            "output_md5": "15acc6d1121d5c8b3cbcc3f1bba76f98",
            "output_path": "./.build/ingest_worker.zip",
            "output_sha": "b23361ad9ac8180ab82316c2bd1fd666cca8d9b6",
            "output_sha256": "44b75c1277cc47f24050f6e7de322c997e9bfa395c1b97d3b1d9793ce1dcdbe2",
            "output_sha512": "410bd4b8104ac66ffc5e417945d3dc07653976c1290ba111ee3f54ad457a800539a7b01d16bcadef236f2ea0dbaf3fb8d2a5402b59d17b965a526bdcd9f940e0",
            "output_size": 8848938,
            "source": [],
            "source_content": null,
            "source_content_filename": null,
            "source_dir": "./lambda/worker",
            "source_file": null,
            "type": "zip"
          },
          "sensitive_attributes": [],
          "identity_schema_version": 0
        }
      ]
    },
    {
      "mode": "data",
      "type": "archive_file",
      "name": "schedule_stub_zip",
      "provider": "provider[\"registry.terraform.io/hashicorp/archive\"]",
      "instances": [
        {
          "schema_version": 0,
          "attributes": {
            "exclude_symlink_directories": null,
            "excludes": null,
            "id": "8c8ef681b44424abb98264598b2242ea81faeaf1",
            "output_base64sha256": "nT+f1oytwM8pdwSfSLLHFJjULBAGJ+KFNbDfrmtwajA=",
            "output_base64sha512": "a/VZ/7B9fY0guYb4SmXxHLysgHQR6JjWOQbXBXyK3uapEONGD6mVhRL6Yx/HMYWI9foxI9VbMP67LAYanLOVVQ==",
            "output_file_mode": null,
            "output_md5": "9fb0800715c7da32f9a152b907b08dfa",
            "output_path": "./.build/schedule_stub.zip",
            "output_sha": "8c8ef681b44424abb98264598b2242ea81faeaf1",
            "output_sha256": "9d3f9fd68cadc0cf2977049f48b2c71498d42c100627e28535b0dfae6b706a30",
            "output_sha512": "6bf559ffb07d7d8d20b986f84a65f11cbcac807411e898d63906d7057c8adee6a910e3460fa9958512fa631fc7318588f5fa3123d55b30febb2c061a9cb39555",
            "output_size": 310,
            "source": [],
            "source_content": null,
            "source_content_filename": null,
            "source_dir": "./lambda/scheduled",
            "source_file": null,
            "type": "zip"
          },
          "sensitive_attributes": [],
          "identity_schema_version": 0
        }
      ]
    },
    {
      "mode": "data",
      "type": "aws_caller_identity",
      "name": "current",
      "provider": "provider[\"registry.terraform.io/hashicorp/aws\"]",
      "instances": [
        {
          "schema_version": 0,
          "attributes": {
            "account_id": "377100338169",
            "arn": "arn:aws:iam::377100338169:user/mailmanager-deployer",
            "id": "377100338169",
            "user_id": "AIDAVPTHOQP467GY752WE"
          },
          "sensitive_attributes": [],
          "identity_schema_version": 0
        }
      ]
    },
    {
      "mode": "data",
      "type": "aws_iam_policy_document",
      "name": "api_lambda",
      "provider": "provider[\"registry.terraform.io/hashicorp/aws\"]",
      "instances": [
        {
          "schema_version": 0,
          "attributes": {
            "id": "1545174290",
            "json": "{\n  \"Version\": \"2012-10-17\",\n  \"Statement\": [\n    {\n      \"Sid\": \"RAGAccess\",\n      \"Effect\": \"Allow\",\n      \"Action\": [\n        \"es:ESHttpPost\",\n        \"es:ESHttpGet\",\n        \"bedrock:InvokeModel\"\n      ],\n      \"Resource\": \"*\"\n    }\n  ]\n}",
            "minified_json": "{\"Version\":\"2012-10-17\",\"Statement\":[{\"Sid\":\"RAGAccess\",\"Effect\":\"Allow\",\"Action\":[\"es:ESHttpPost\",\"es:ESHttpGet\",\"bedrock:InvokeModel\"],\"Resource\":\"*\"}]}",
            "override_json": null,
            "override_policy_documents": null,
            "policy_id": null,
            "source_json": null,
            "source_policy_documents": null,
            "statement": [
              {
                "actions": [
                  "bedrock:InvokeModel",
                  "es:ESHttpGet",
                  "es:ESHttpPost"
                ],
                "condition": [],
                "effect": "Allow",
                "not_actions": [],
                "not_principals": [],
                "not_resources": [],
                "principals": [],
                "resources": [
                  "*"
                ],
                "sid": "RAGAccess"
              }
            ],
            "version": "2012-10-17"
          },
          "sensitive_attributes": [],
          "identity_schema_version": 0
        }
      ]
    },
    {
      "mode": "data",
      "type": "aws_iam_policy_document",
      "name": "lambda_assume",
      "provider": "provider[\"registry.terraform.io/hashicorp/aws\"]",
      "instances": [
        {
          "schema_version": 0,
          "attributes": {
            "id": "2690255455",
            "json": "{\n  \"Version\": \"2012-10-17\",\n  \"Statement\": [\n    {\n      \"Effect\": \"Allow\",\n      \"Action\": \"sts:AssumeRole\",\n      \"Principal\": {\n        \"Service\": \"lambda.amazonaws.com\"\n      }\n    }\n  ]\n}",
            "minified_json": "{\"Version\":\"2012-10-17\",\"Statement\":[{\"Effect\":\"Allow\",\"Action\":\"sts:AssumeRole\",\"Principal\":{\"Service\":\"lambda.amazonaws.com\"}}]}",
            "override_json": null,
            "override_policy_documents": null,
            "policy_id": null,
            "source_json": null,
            "source_policy_documents": null,
            "statement": [
              {
                "actions": [
                  "sts:AssumeRole"
                ],
                "condition": [],
                "effect": "Allow",
                "not_actions": [],
                "not_principals": [],
                "not_resources": [],
                "principals": [
                  {
                    "identifiers": [
                      "lambda.amazonaws.com"
                    ],
                    "type": "Service"
                  }
                ],
                "resources": [],
                "sid": ""
              }
            ],
            "version": "2012-10-17"
          },
          "sensitive_attributes": [],
          "identity_schema_version": 0
        }
      ]
    },
    {
      "mode": "managed",
      "type": "aws_apigatewayv2_api",
      "name": "http",
      "provider": "provider[\"registry.terraform.io/hashicorp/aws\"]",
      "instances": [
        {
          "schema_version": 0,
          "attributes": {
            "api_endpoint": "https://81ymm2ucaa.execute-api.us-east-1.amazonaws.com",
            "api_key_selection_expression": "$request.header.x-api-key",
            "arn": "arn:aws:apigateway:us-east-1::/apis/81ymm2ucaa",
            "body": null,
            "cors_configuration": [],
            "credentials_arn": null,
            "description": "",
            "disable_execute_api_endpoint": false,
            "execution_arn": "arn:aws:execute-api:us-east-1:377100338169:81ymm2ucaa",
            "fail_on_warnings": null,
            "id": "81ymm2ucaa",
            "ip_address_type": "ipv4",
            "name": "mailmanager-demo-9f53-http",
            "protocol_type": "HTTP",
            "route_key": null,
            "route_selection_expression": "$request.method $request.path",
            "tags": {},
            "tags_all": {
              "Environment": "demo",
              "ManagedBy": "terraform",
              "NamePrefix": "mailmanager-demo",
              "Project": "MailManager"
            },
            "target": null,
            "version": ""
          },
          "sensitive_attributes": [],
          "identity_schema_version": 0,
          "private": "bnVsbA==",
          "dependencies": [
            "random_id.suffix"
          ]
        }
      ]
    },
    {
      "mode": "managed",
      "type": "aws_apigatewayv2_integration",
      "name": "api",
      "provider": "provider[\"registry.terraform.io/hashicorp/aws\"]",
      "instances": [
        {
          "schema_version": 0,
          "attributes": {
            "api_id": "81ymm2ucaa",
            "connection_id": "",
            "connection_type": "INTERNET",
            "content_handling_strategy": "",
            "credentials_arn": "",
            "description": "",
            "id": "9o1zjhj",
            "integration_method": "POST",
            "integration_response_selection_expression": "",
            "integration_subtype": "",
            "integration_type": "AWS_PROXY",
            "integration_uri": "arn:aws:apigateway:us-east-1:lambda:path/2015-03-31/functions/arn:aws:lambda:us-east-1:377100338169:function:mailmanager-demo-9f53-api/invocations",
            "passthrough_behavior": "",
            "payload_format_version": "2.0",
            "request_parameters": {},
            "request_templates": {},
            "response_parameters": [],
            "template_selection_expression": "",
            "timeout_milliseconds": 30000,
            "tls_config": []
          },
          "sensitive_attributes": [],
          "identity_schema_version": 0,
          "private": "bnVsbA==",
          "dependencies": [
            "aws_apigatewayv2_api.http",
            "aws_cloudwatch_log_group.api",
            "aws_dynamodb_table.metadata",
            "aws_iam_role.api_lambda",
            "aws_lambda_function.api",
            "aws_opensearch_domain.email_vector_db",
            "aws_s3_bucket.raw_mail",
            "aws_sqs_queue.ingest",
            "aws_sqs_queue.ingest_dlq",
            "data.archive_file.api_zip",
            "data.aws_iam_policy_document.lambda_assume",
            "random_id.suffix"
          ]
        }
      ]
    },
    {
      "mode": "managed",
      "type": "aws_apigatewayv2_route",
      "name": "default",
      "provider": "provider[\"registry.terraform.io/hashicorp/aws\"]",
      "instances": [
        {
          "schema_version": 0,
          "attributes": {
            "api_id": "81ymm2ucaa",
            "api_key_required": false,
            "authorization_scopes": [],
            "authorization_type": "NONE",
            "authorizer_id": "",
            "id": "nkstqvb",
            "model_selection_expression": "",
            "operation_name": "",
            "request_models": {},
            "request_parameter": [],
            "route_key": "$default",
            "route_response_selection_expression": "",
            "target": "integrations/9o1zjhj"
          },
          "sensitive_attributes": [],
          "identity_schema_version": 0,
          "private": "bnVsbA==",
          "dependencies": [
            "aws_apigatewayv2_api.http",
            "aws_apigatewayv2_integration.api",
            "aws_cloudwatch_log_group.api",
            "aws_dynamodb_table.metadata",
            "aws_iam_role.api_lambda",
            "aws_lambda_function.api",
            "aws_opensearch_domain.email_vector_db",
            "aws_s3_bucket.raw_mail",
            "aws_sqs_queue.ingest",
            "aws_sqs_queue.ingest_dlq",
            "data.archive_file.api_zip",
            "data.aws_iam_policy_document.lambda_assume",
            "random_id.suffix"
          ]
        }
      ]
    },
    {
      "mode": "managed",
      "type": "aws_apigatewayv2_route",
      "name": "enqueue",
      "provider": "provider[\"registry.terraform.io/hashicorp/aws\"]",
      "instances": [
        {
          "schema_version": 0,
          "attributes": {
            "api_id": "81ymm2ucaa",
            "api_key_required": false,
            "authorization_scopes": [],
            "authorization_type": "NONE",
            "authorizer_id": "",
            "id": "z654bou",
            "model_selection_expression": "",
            "operation_name": "",
            "request_models": {},
            "request_parameter": [],
            "route_key": "POST /enqueue",
            "route_response_selection_expression": "",
            "target": "integrations/9o1zjhj"
          },
          "sensitive_attributes": [],
          "identity_schema_version": 0,
          "private": "bnVsbA==",
          "dependencies": [
            "aws_apigatewayv2_api.http",
            "aws_apigatewayv2_integration.api",
            "aws_cloudwatch_log_group.api",
            "aws_dynamodb_table.metadata",
            "aws_iam_role.api_lambda",
            "aws_lambda_function.api",
            "aws_opensearch_domain.email_vector_db",
            "aws_s3_bucket.raw_mail",
            "aws_sqs_queue.ingest",
            "aws_sqs_queue.ingest_dlq",
            "data.archive_file.api_zip",
            "data.aws_iam_policy_document.lambda_assume",
            "random_id.suffix"
          ]
        }
      ]
    },
    {
      "mode": "managed",
      "type": "aws_apigatewayv2_route",
      "name": "health",
      "provider": "provider[\"registry.terraform.io/hashicorp/aws\"]",
      "instances": [
        {
          "schema_version": 0,
          "attributes": {
            "api_id": "81ymm2ucaa",
            "api_key_required": false,
            "authorization_scopes": [],
            "authorization_type": "NONE",
            "authorizer_id": "",
            "id": "mfvx408",
            "model_selection_expression": "",
            "operation_name": "",
            "request_models": {},
            "request_parameter": [],
            "route_key": "GET /health",
            "route_response_selection_expression": "",
            "target": "integrations/9o1zjhj"
          },
          "sensitive_attributes": [],
          "identity_schema_version": 0,
          "private": "bnVsbA==",
          "dependencies": [
            "aws_apigatewayv2_api.http",
            "aws_apigatewayv2_integration.api",
            "aws_cloudwatch_log_group.api",
            "aws_dynamodb_table.metadata",
            "aws_iam_role.api_lambda",
            "aws_lambda_function.api",
            "aws_opensearch_domain.email_vector_db",
            "aws_s3_bucket.raw_mail",
            "aws_sqs_queue.ingest",
            "aws_sqs_queue.ingest_dlq",
            "data.archive_file.api_zip",
            "data.aws_iam_policy_document.lambda_assume",
            "random_id.suffix"
          ]
        }
      ]
    },
    {
      "mode": "managed",
      "type": "aws_apigatewayv2_stage",
      "name": "default",
      "provider": "provider[\"registry.terraform.io/hashicorp/aws\"]",
      "instances": [
        {
          "schema_version": 0,
          "attributes": {
            "access_log_settings": [],
            "api_id": "81ymm2ucaa",
            "arn": "arn:aws:apigateway:us-east-1::/apis/81ymm2ucaa/stages/$default",
            "auto_deploy": true,
            "client_certificate_id": "",
            "default_route_settings": [
              {
                "data_trace_enabled": false,
                "detailed_metrics_enabled": false,
                "logging_level": "",
                "throttling_burst_limit": 0,
                "throttling_rate_limit": 0
              }
            ],
            "deployment_id": "xhiary",
            "description": "",
            "execution_arn": "arn:aws:execute-api:us-east-1:377100338169:81ymm2ucaa/$default",
            "id": "$default",
            "invoke_url": "https://81ymm2ucaa.execute-api.us-east-1.amazonaws.com/",
            "name": "$default",
            "route_settings": [],
            "stage_variables": {},
            "tags": {},
            "tags_all": {
              "Environment": "demo",
              "ManagedBy": "terraform",
              "NamePrefix": "mailmanager-demo",
              "Project": "MailManager"
            }
          },
          "sensitive_attributes": [],
          "identity_schema_version": 0,
          "private": "bnVsbA==",
          "dependencies": [
            "aws_apigatewayv2_api.http",
            "random_id.suffix"
          ]
        }
      ]
    },
    {
      "mode": "managed",
      "type": "aws_cloudwatch_event_rule",
      "name": "sync_schedule",
      "provider": "provider[\"registry.terraform.io/hashicorp/aws\"]",
      "instances": [
        {
          "schema_version": 1,
          "attributes": {
            "arn": "arn:aws:events:us-east-1:377100338169:rule/mailmanager-demo-9f53-sync-schedule",
            "description": "Optional periodic hook for mail sync demos (disabled by default).",
            "event_bus_name": "default",
            "event_pattern": null,
            "force_destroy": false,
            "id": "mailmanager-demo-9f53-sync-schedule",
            "is_enabled": false,
            "name": "mailmanager-demo-9f53-sync-schedule",
            "name_prefix": "",
            "role_arn": "",
            "schedule_expression": "rate(24 hours)",
            "state": "DISABLED",
            "tags": {},
            "tags_all": {
              "Environment": "demo",
              "ManagedBy": "terraform",
              "NamePrefix": "mailmanager-demo",
              "Project": "MailManager"
            }
          },
          "sensitive_attributes": [],
          "identity_schema_version": 0,
          "private": "eyJzY2hlbWFfdmVyc2lvbiI6IjEifQ==",
          "dependencies": [
            "random_id.suffix"
          ]
        }
      ]
    },
    {
      "mode": "managed",
      "type": "aws_cloudwatch_event_target",
      "name": "sync_schedule_lambda",
      "provider": "provider[\"registry.terraform.io/hashicorp/aws\"]",
      "instances": [
        {
          "schema_version": 1,
          "attributes": {
            "appsync_target": [],
            "arn": "arn:aws:lambda:us-east-1:377100338169:function:mailmanager-demo-9f53-schedule-stub",
            "batch_target": [],
            "dead_letter_config": [],
            "ecs_target": [],
            "event_bus_name": "default",
            "force_destroy": false,
            "http_target": [],
            "id": "mailmanager-demo-9f53-sync-schedule-terraform-20260507142604951300000007",
            "input": "",
            "input_path": "",
            "input_transformer": [],
            "kinesis_target": [],
            "redshift_target": [],
            "retry_policy": [],
            "role_arn": "",
            "rule": "mailmanager-demo-9f53-sync-schedule",
            "run_command_targets": [],
            "sagemaker_pipeline_target": [],
            "sqs_target": [],
            "target_id": "terraform-20260507142604951300000007"
          },
          "sensitive_attributes": [],
          "identity_schema_version": 0,
          "private": "eyJzY2hlbWFfdmVyc2lvbiI6IjEifQ==",
          "dependencies": [
            "aws_cloudwatch_event_rule.sync_schedule",
            "aws_cloudwatch_log_group.schedule_stub",
            "aws_iam_role.schedule_stub_lambda",
            "aws_lambda_function.schedule_stub",
            "data.archive_file.schedule_stub_zip",
            "data.aws_iam_policy_document.lambda_assume",
            "random_id.suffix"
          ]
        }
      ]
    },
    {
      "mode": "managed",
      "type": "aws_cloudwatch_log_group",
      "name": "api",
      "provider": "provider[\"registry.terraform.io/hashicorp/aws\"]",
      "instances": [
        {
          "schema_version": 0,
          "attributes": {
            "arn": "arn:aws:logs:us-east-1:377100338169:log-group:/aws/lambda/mailmanager-demo-9f53-api",
            "id": "/aws/lambda/mailmanager-demo-9f53-api",
            "kms_key_id": "",
            "log_group_class": "STANDARD",
            "name": "/aws/lambda/mailmanager-demo-9f53-api",
            "name_prefix": "",
            "retention_in_days": 7,
            "skip_destroy": false,
            "tags": {},
            "tags_all": {
              "Environment": "demo",
              "ManagedBy": "terraform",
              "NamePrefix": "mailmanager-demo",
              "Project": "MailManager"
            }
          },
          "sensitive_attributes": [],
          "identity_schema_version": 0,
          "private": "bnVsbA==",
          "dependencies": [
            "random_id.suffix"
          ]
        }
      ]
    },
    {
      "mode": "managed",
      "type": "aws_cloudwatch_log_group",
      "name": "ingest_worker",
      "provider": "provider[\"registry.terraform.io/hashicorp/aws\"]",
      "instances": [
        {
          "schema_version": 0,
          "attributes": {
            "arn": "arn:aws:logs:us-east-1:377100338169:log-group:/aws/lambda/mailmanager-demo-9f53-ingest-worker",
            "id": "/aws/lambda/mailmanager-demo-9f53-ingest-worker",
            "kms_key_id": "",
            "log_group_class": "STANDARD",
            "name": "/aws/lambda/mailmanager-demo-9f53-ingest-worker",
            "name_prefix": "",
            "retention_in_days": 7,
            "skip_destroy": false,
            "tags": {},
            "tags_all": {
              "Environment": "demo",
              "ManagedBy": "terraform",
              "NamePrefix": "mailmanager-demo",
              "Project": "MailManager"
            }
          },
          "sensitive_attributes": [],
          "identity_schema_version": 0,
          "private": "bnVsbA==",
          "dependencies": [
            "random_id.suffix"
          ]
        }
      ]
    },
    {
      "mode": "managed",
      "type": "aws_cloudwatch_log_group",
      "name": "schedule_stub",
      "provider": "provider[\"registry.terraform.io/hashicorp/aws\"]",
      "instances": [
        {
          "schema_version": 0,
          "attributes": {
            "arn": "arn:aws:logs:us-east-1:377100338169:log-group:/aws/lambda/mailmanager-demo-9f53-schedule-stub",
            "id": "/aws/lambda/mailmanager-demo-9f53-schedule-stub",
            "kms_key_id": "",
            "log_group_class": "STANDARD",
            "name": "/aws/lambda/mailmanager-demo-9f53-schedule-stub",
            "name_prefix": "",
            "retention_in_days": 7,
            "skip_destroy": false,
            "tags": {},
            "tags_all": {
              "Environment": "demo",
              "ManagedBy": "terraform",
              "NamePrefix": "mailmanager-demo",
              "Project": "MailManager"
            }
          },
          "sensitive_attributes": [],
          "identity_schema_version": 0,
          "private": "bnVsbA==",
          "dependencies": [
            "random_id.suffix"
          ]
        }
      ]
    },
    {
      "mode": "managed",
      "type": "aws_dynamodb_table",
      "name": "metadata",
      "provider": "provider[\"registry.terraform.io/hashicorp/aws\"]",
      "instances": [
        {
          "schema_version": 1,
          "attributes": {
            "arn": "arn:aws:dynamodb:us-east-1:377100338169:table/mailmanager-demo-9f53-metadata",
            "attribute": [
              {
                "name": "PK",
                "type": "S"
              },
              {
                "name": "SK",
                "type": "S"
              }
            ],
            "billing_mode": "PAY_PER_REQUEST",
            "deletion_protection_enabled": false,
            "global_secondary_index": [],
            "hash_key": "PK",
            "id": "mailmanager-demo-9f53-metadata",
            "import_table": [],
            "local_secondary_index": [],
            "name": "mailmanager-demo-9f53-metadata",
            "on_demand_throughput": [],
            "point_in_time_recovery": [
              {
                "enabled": false,
                "recovery_period_in_days": 0
              }
            ],
            "range_key": "SK",
            "read_capacity": 0,
            "replica": [],
            "restore_date_time": null,
            "restore_source_name": null,
            "restore_source_table_arn": null,
            "restore_to_latest_time": null,
            "server_side_encryption": [],
            "stream_arn": "",
            "stream_enabled": false,
            "stream_label": "",
            "stream_view_type": "",
            "table_class": "STANDARD",
            "tags": {},
            "tags_all": {
              "Environment": "demo",
              "ManagedBy": "terraform",
              "NamePrefix": "mailmanager-demo",
              "Project": "MailManager"
            },
            "timeouts": null,
            "ttl": [
              {
                "attribute_name": "",
                "enabled": false
              }
            ],
            "write_capacity": 0
          },
          "sensitive_attributes": [],
          "identity_schema_version": 0,
          "private": "eyJlMmJmYjczMC1lY2FhLTExZTYtOGY4OC0zNDM2M2JjN2M0YzAiOnsiY3JlYXRlIjoxODAwMDAwMDAwMDAwLCJkZWxldGUiOjYwMDAwMDAwMDAwMCwidXBkYXRlIjozNjAwMDAwMDAwMDAwfSwic2NoZW1hX3ZlcnNpb24iOiIxIn0=",
          "dependencies": [
            "random_id.suffix"
          ]
        }
      ]
    },
    {
      "mode": "managed",
      "type": "aws_iam_policy",
      "name": "bedrock_access",
      "provider": "provider[\"registry.terraform.io/hashicorp/aws\"]",
      "instances": [
        {
          "schema_version": 0,
          "attributes": {
            "arn": "arn:aws:iam::377100338169:policy/MailManagerBedrockAccess",
            "attachment_count": 1,
            "description": "Allows Lambda to invoke Bedrock models for RAG",
            "id": "arn:aws:iam::377100338169:policy/MailManagerBedrockAccess",
            "name": "MailManagerBedrockAccess",
            "name_prefix": "",
            "path": "/",
            "policy": "{\"Statement\":[{\"Action\":\"bedrock:InvokeModel\",\"Effect\":\"Allow\",\"Resource\":[\"arn:aws:bedrock:us-east-1::foundation-model/anthropic.claude-3-sonnet-20240229-v1:0\",\"arn:aws:bedrock:us-east-1::foundation-model/amazon.titan-embed-text-v1\"]}],\"Version\":\"2012-10-17\"}",
            "policy_id": "ANPAVPTHOQP47C5TCHDUJ",
            "tags": {},
            "tags_all": {
              "Environment": "demo",
              "ManagedBy": "terraform",
              "NamePrefix": "mailmanager-demo",
              "Project": "MailManager"
            }
          },
          "sensitive_attributes": [],
          "identity_schema_version": 0,
          "private": "bnVsbA=="
        }
      ]
    },
    {
      "mode": "managed",
      "type": "aws_iam_role",
      "name": "api_lambda",
      "provider": "provider[\"registry.terraform.io/hashicorp/aws\"]",
      "instances": [
        {
          "schema_version": 0,
          "attributes": {
            "arn": "arn:aws:iam::377100338169:role/mailmanager-demo-9f53-api-lambda",
            "assume_role_policy": "{\"Statement\":[{\"Action\":\"sts:AssumeRole\",\"Effect\":\"Allow\",\"Principal\":{\"Service\":\"lambda.amazonaws.com\"}}],\"Version\":\"2012-10-17\"}",
            "create_date": "2026-05-07T14:25:44Z",
            "description": "",
            "force_detach_policies": false,
            "id": "mailmanager-demo-9f53-api-lambda",
            "inline_policy": [
              {
                "name": "mailmanager-demo-9f53-api-lambda-policy",
                "policy": "{\"Version\":\"2012-10-17\",\"Statement\":[{\"Action\":[\"logs:CreateLogStream\",\"logs:PutLogEvents\"],\"Effect\":\"Allow\",\"Resource\":\"arn:aws:logs:*:*:*\",\"Sid\":\"Logs\"},{\"Action\":[\"dynamodb:PutItem\",\"dynamodb:GetItem\",\"dynamodb:UpdateItem\",\"dynamodb:Query\",\"dynamodb:Scan\"],\"Effect\":\"Allow\",\"Resource\":[\"arn:aws:dynamodb:us-east-1:377100338169:table/mailmanager-demo-9f53-metadata\",\"arn:aws:dynamodb:us-east-1:377100338169:table/mailmanager-demo-9f53-metadata/index/*\"],\"Sid\":\"DynamoAccess\"},{\"Action\":[\"s3:GetObject\",\"s3:PutObject\",\"s3:ListBucket\"],\"Effect\":\"Allow\",\"Resource\":[\"arn:aws:s3:::mailmanager-demo-9f53-raw-mail\",\"arn:aws:s3:::mailmanager-demo-9f53-raw-mail/*\"],\"Sid\":\"S3Access\"},{\"Action\":[\"bedrock:InvokeModel\"],\"Effect\":\"Allow\",\"Resource\":\"arn:aws:bedrock:us-east-1::foundation-model/anthropic.claude-3-sonnet-20240229-v1:0\",\"Sid\":\"BedrockAccess\"},{\"Action\":[\"es:ESHttpPost\",\"es:ESHttpGet\"],\"Effect\":\"Allow\",\"Resource\":\"arn:aws:es:us-east-1:377100338169:domain/mailmanager-vectors/*\",\"Sid\":\"OpenSearchRead\"},{\"Action\":[\"sqs:SendMessage\"],\"Effect\":\"Allow\",\"Resource\":[\"arn:aws:sqs:us-east-1:377100338169:mailmanager-demo-9f53-ingest\"],\"Sid\":\"SqsProduce\"}]}"
              }
            ],
            "managed_policy_arns": [
              "arn:aws:iam::377100338169:policy/MailManagerBedrockAccess"
            ],
            "max_session_duration": 3600,
            "name": "mailmanager-demo-9f53-api-lambda",
            "name_prefix": "",
            "path": "/",
            "permissions_boundary": "",
            "tags": {},
            "tags_all": {
              "Environment": "demo",
              "ManagedBy": "terraform",
              "NamePrefix": "mailmanager-demo",
              "Project": "MailManager"
            },
            "unique_id": "AROAVPTHOQP4YPIEOOAKO"
          },
          "sensitive_attributes": [],
          "identity_schema_version": 0,
          "private": "bnVsbA==",
          "dependencies": [
            "data.aws_iam_policy_document.lambda_assume",
            "random_id.suffix"
          ]
        }
      ]
    },
    {
      "mode": "managed",
      "type": "aws_iam_role",
      "name": "ingest_worker_lambda",
      "provider": "provider[\"registry.terraform.io/hashicorp/aws\"]",
      "instances": [
        {
          "schema_version": 0,
          "attributes": {
            "arn": "arn:aws:iam::377100338169:role/mailmanager-demo-9f53-ingest-worker",
            "assume_role_policy": "{\"Statement\":[{\"Action\":\"sts:AssumeRole\",\"Effect\":\"Allow\",\"Principal\":{\"Service\":\"lambda.amazonaws.com\"}}],\"Version\":\"2012-10-17\"}",
            "create_date": "2026-05-07T14:25:44Z",
            "description": "",
            "force_detach_policies": false,
            "id": "mailmanager-demo-9f53-ingest-worker",
            "inline_policy": [
              {
                "name": "mailmanager-demo-9f53-ingest-worker-policy",
                "policy": "{\"Version\":\"2012-10-17\",\"Statement\":[{\"Action\":[\"logs:CreateLogStream\",\"logs:PutLogEvents\"],\"Effect\":\"Allow\",\"Resource\":\"arn:aws:logs:*:*:*\",\"Sid\":\"Logs\"},{\"Action\":[\"sqs:ReceiveMessage\",\"sqs:DeleteMessage\",\"sqs:GetQueueAttributes\",\"sqs:ChangeMessageVisibility\"],\"Effect\":\"Allow\",\"Resource\":[\"arn:aws:sqs:us-east-1:377100338169:mailmanager-demo-9f53-ingest\"],\"Sid\":\"SqsConsume\"},{\"Action\":[\"dynamodb:UpdateItem\",\"dynamodb:PutItem\"],\"Effect\":\"Allow\",\"Resource\":[\"arn:aws:dynamodb:us-east-1:377100338169:table/mailmanager-demo-9f53-metadata\"],\"Sid\":\"DynamoWrite\"},{\"Action\":[\"bedrock:InvokeModel\"],\"Effect\":\"Allow\",\"Resource\":\"arn:aws:bedrock:us-east-1::foundation-model/amazon.titan-embed-text-v1\",\"Sid\":\"BedrockEmbedding\"},{\"Action\":[\"es:ESHttpPost\",\"es:ESHttpPut\",\"es:ESHttpGet\"],\"Effect\":\"Allow\",\"Resource\":\"arn:aws:es:us-east-1:377100338169:domain/mailmanager-vectors/*\",\"Sid\":\"OpenSearchWrite\"},{\"Action\":[\"s3:GetObject\"],\"Effect\":\"Allow\",\"Resource\":[\"arn:aws:s3:::mailmanager-demo-9f53-raw-mail/*\"],\"Sid\":\"S3Read\"}]}"
              }
            ],
            "managed_policy_arns": [],
            "max_session_duration": 3600,
            "name": "mailmanager-demo-9f53-ingest-worker",
            "name_prefix": "",
            "path": "/",
            "permissions_boundary": "",
            "tags": {},
            "tags_all": {
              "Environment": "demo",
              "ManagedBy": "terraform",
              "NamePrefix": "mailmanager-demo",
              "Project": "MailManager"
            },
            "unique_id": "AROAVPTHOQP4ULG67RTPX"
          },
          "sensitive_attributes": [],
          "identity_schema_version": 0,
          "private": "bnVsbA==",
          "dependencies": [
            "data.aws_iam_policy_document.lambda_assume",
            "random_id.suffix"
          ]
        }
      ]
    },
    {
      "mode": "managed",
      "type": "aws_iam_role",
      "name": "schedule_stub_lambda",
      "provider": "provider[\"registry.terraform.io/hashicorp/aws\"]",
      "instances": [
        {
          "schema_version": 0,
          "attributes": {
            "arn": "arn:aws:iam::377100338169:role/mailmanager-demo-9f53-schedule-stub",
            "assume_role_policy": "{\"Statement\":[{\"Action\":\"sts:AssumeRole\",\"Effect\":\"Allow\",\"Principal\":{\"Service\":\"lambda.amazonaws.com\"}}],\"Version\":\"2012-10-17\"}",
            "create_date": "2026-05-07T14:25:44Z",
            "description": "",
            "force_detach_policies": false,
            "id": "mailmanager-demo-9f53-schedule-stub",
            "inline_policy": [
              {
                "name": "mailmanager-demo-9f53-schedule-stub-logs",
                "policy": "{\"Version\":\"2012-10-17\",\"Statement\":[{\"Action\":[\"logs:CreateLogStream\",\"logs:PutLogEvents\"],\"Effect\":\"Allow\",\"Resource\":\"arn:aws:logs:*:*:*\"}]}"
              }
            ],
            "managed_policy_arns": [],
            "max_session_duration": 3600,
            "name": "mailmanager-demo-9f53-schedule-stub",
            "name_prefix": "",
            "path": "/",
            "permissions_boundary": "",
            "tags": {},
            "tags_all": {
              "Environment": "demo",
              "ManagedBy": "terraform",
              "NamePrefix": "mailmanager-demo",
              "Project": "MailManager"
            },
            "unique_id": "AROAVPTHOQP4WBCHOLVVN"
          },
          "sensitive_attributes": [],
          "identity_schema_version": 0,
          "private": "bnVsbA==",
          "dependencies": [
            "data.aws_iam_policy_document.lambda_assume",
            "random_id.suffix"
          ]
        }
      ]
    },
    {
      "mode": "managed",
      "type": "aws_iam_role_policy",
      "name": "api_lambda_permissions",
      "provider": "provider[\"registry.terraform.io/hashicorp/aws\"]",
      "instances": [
        {
          "schema_version": 0,
          "attributes": {
            "id": "mailmanager-demo-9f53-api-lambda:mailmanager-demo-9f53-api-lambda-policy",
            "name": "mailmanager-demo-9f53-api-lambda-policy",
            "name_prefix": "",
            "policy": "{\"Version\":\"2012-10-17\",\"Statement\":[{\"Action\":[\"logs:CreateLogStream\",\"logs:PutLogEvents\"],\"Effect\":\"Allow\",\"Resource\":\"arn:aws:logs:*:*:*\",\"Sid\":\"Logs\"},{\"Action\":[\"dynamodb:PutItem\",\"dynamodb:GetItem\",\"dynamodb:UpdateItem\",\"dynamodb:Query\",\"dynamodb:Scan\"],\"Effect\":\"Allow\",\"Resource\":[\"arn:aws:dynamodb:us-east-1:377100338169:table/mailmanager-demo-9f53-metadata\",\"arn:aws:dynamodb:us-east-1:377100338169:table/mailmanager-demo-9f53-metadata/index/*\"],\"Sid\":\"DynamoAccess\"},{\"Action\":[\"s3:GetObject\",\"s3:PutObject\",\"s3:ListBucket\"],\"Effect\":\"Allow\",\"Resource\":[\"arn:aws:s3:::mailmanager-demo-9f53-raw-mail\",\"arn:aws:s3:::mailmanager-demo-9f53-raw-mail/*\"],\"Sid\":\"S3Access\"},{\"Action\":[\"bedrock:InvokeModel\"],\"Effect\":\"Allow\",\"Resource\":\"arn:aws:bedrock:us-east-1::foundation-model/anthropic.claude-3-sonnet-20240229-v1:0\",\"Sid\":\"BedrockAccess\"},{\"Action\":[\"es:ESHttpPost\",\"es:ESHttpGet\"],\"Effect\":\"Allow\",\"Resource\":\"arn:aws:es:us-east-1:377100338169:domain/mailmanager-vectors/*\",\"Sid\":\"OpenSearchRead\"},{\"Action\":[\"sqs:SendMessage\"],\"Effect\":\"Allow\",\"Resource\":[\"arn:aws:sqs:us-east-1:377100338169:mailmanager-demo-9f53-ingest\"],\"Sid\":\"SqsProduce\"}]}",
            "role": "mailmanager-demo-9f53-api-lambda"
          },
          "sensitive_attributes": [],
          "identity_schema_version": 0,
          "private": "bnVsbA==",
          "dependencies": [
            "aws_dynamodb_table.metadata",
            "aws_iam_role.api_lambda",
            "aws_opensearch_domain.email_vector_db",
            "aws_s3_bucket.raw_mail",
            "aws_sqs_queue.ingest",
            "aws_sqs_queue.ingest_dlq",
            "data.aws_iam_policy_document.lambda_assume",
            "random_id.suffix"
          ]
        }
      ]
    },
    {
      "mode": "managed",
      "type": "aws_iam_role_policy",
      "name": "ingest_worker_permissions",
      "provider": "provider[\"registry.terraform.io/hashicorp/aws\"]",
      "instances": [
        {
          "schema_version": 0,
          "attributes": {
            "id": "mailmanager-demo-9f53-ingest-worker:mailmanager-demo-9f53-ingest-worker-policy",
            "name": "mailmanager-demo-9f53-ingest-worker-policy",
            "name_prefix": "",
            "policy": "{\"Version\":\"2012-10-17\",\"Statement\":[{\"Action\":[\"logs:CreateLogStream\",\"logs:PutLogEvents\"],\"Effect\":\"Allow\",\"Resource\":\"arn:aws:logs:*:*:*\",\"Sid\":\"Logs\"},{\"Action\":[\"sqs:ReceiveMessage\",\"sqs:DeleteMessage\",\"sqs:GetQueueAttributes\",\"sqs:ChangeMessageVisibility\"],\"Effect\":\"Allow\",\"Resource\":[\"arn:aws:sqs:us-east-1:377100338169:mailmanager-demo-9f53-ingest\"],\"Sid\":\"SqsConsume\"},{\"Action\":[\"dynamodb:UpdateItem\",\"dynamodb:PutItem\"],\"Effect\":\"Allow\",\"Resource\":[\"arn:aws:dynamodb:us-east-1:377100338169:table/mailmanager-demo-9f53-metadata\"],\"Sid\":\"DynamoWrite\"},{\"Action\":[\"bedrock:InvokeModel\"],\"Effect\":\"Allow\",\"Resource\":\"arn:aws:bedrock:us-east-1::foundation-model/amazon.titan-embed-text-v1\",\"Sid\":\"BedrockEmbedding\"},{\"Action\":[\"es:ESHttpPost\",\"es:ESHttpPut\",\"es:ESHttpGet\"],\"Effect\":\"Allow\",\"Resource\":\"arn:aws:es:us-east-1:377100338169:domain/mailmanager-vectors/*\",\"Sid\":\"OpenSearchWrite\"},{\"Action\":[\"s3:GetObject\"],\"Effect\":\"Allow\",\"Resource\":[\"arn:aws:s3:::mailmanager-demo-9f53-raw-mail/*\"],\"Sid\":\"S3Read\"}]}",
            "role": "mailmanager-demo-9f53-ingest-worker"
          },
          "sensitive_attributes": [],
          "identity_schema_version": 0,
          "private": "bnVsbA==",
          "dependencies": [
            "aws_dynamodb_table.metadata",
            "aws_iam_role.ingest_worker_lambda",
            "aws_opensearch_domain.email_vector_db",
            "aws_s3_bucket.raw_mail",
            "aws_sqs_queue.ingest",
            "aws_sqs_queue.ingest_dlq",
            "data.aws_iam_policy_document.lambda_assume",
            "random_id.suffix"
          ]
        }
      ]
    },
    {
      "mode": "managed",
      "type": "aws_iam_role_policy",
      "name": "schedule_stub_logs",
      "provider": "provider[\"registry.terraform.io/hashicorp/aws\"]",
      "instances": [
        {
          "schema_version": 0,
          "attributes": {
            "id": "mailmanager-demo-9f53-schedule-stub:mailmanager-demo-9f53-schedule-stub-logs",
            "name": "mailmanager-demo-9f53-schedule-stub-logs",
            "name_prefix": "",
            "policy": "{\"Version\":\"2012-10-17\",\"Statement\":[{\"Action\":[\"logs:CreateLogStream\",\"logs:PutLogEvents\"],\"Effect\":\"Allow\",\"Resource\":\"arn:aws:logs:*:*:*\"}]}",
            "role": "mailmanager-demo-9f53-schedule-stub"
          },
          "sensitive_attributes": [],
          "identity_schema_version": 0,
          "private": "bnVsbA==",
          "dependencies": [
            "aws_iam_role.schedule_stub_lambda",
            "data.aws_iam_policy_document.lambda_assume",
            "random_id.suffix"
          ]
        }
      ]
    },
    {
      "mode": "managed",
      "type": "aws_iam_role_policy_attachment",
      "name": "lambda_bedrock",
      "provider": "provider[\"registry.terraform.io/hashicorp/aws\"]",
      "instances": [
        {
          "schema_version": 0,
          "attributes": {
            "id": "mailmanager-demo-9f53-api-lambda-20260507144050705800000001",
            "policy_arn": "arn:aws:iam::377100338169:policy/MailManagerBedrockAccess",
            "role": "mailmanager-demo-9f53-api-lambda"
          },
          "sensitive_attributes": [],
          "identity_schema_version": 0,
          "private": "bnVsbA==",
          "dependencies": [
            "aws_iam_policy.bedrock_access",
            "aws_iam_role.api_lambda",
            "data.aws_iam_policy_document.lambda_assume",
            "random_id.suffix"
          ]
        }
      ]
    },
    {
      "mode": "managed",
      "type": "aws_lambda_event_source_mapping",
      "name": "ingest",
      "provider": "provider[\"registry.terraform.io/hashicorp/aws\"]",
      "instances": [
        {
          "schema_version": 0,
          "attributes": {
            "amazon_managed_kafka_event_source_config": [],
            "arn": "arn:aws:lambda:us-east-1:377100338169:event-source-mapping:140b0016-a0ca-42b8-a80b-0d0cb278c706",
            "batch_size": 5,
            "bisect_batch_on_function_error": false,
            "destination_config": [],
            "document_db_event_source_config": [],
            "enabled": true,
            "event_source_arn": "arn:aws:sqs:us-east-1:377100338169:mailmanager-demo-9f53-ingest",
            "filter_criteria": [],
            "function_arn": "arn:aws:lambda:us-east-1:377100338169:function:mailmanager-demo-9f53-ingest-worker",
            "function_name": "arn:aws:lambda:us-east-1:377100338169:function:mailmanager-demo-9f53-ingest-worker",
            "function_response_types": [],
            "id": "140b0016-a0ca-42b8-a80b-0d0cb278c706",
            "kms_key_arn": "",
            "last_modified": "2026-05-07T18:09:49Z",
            "last_processing_result": "",
            "maximum_batching_window_in_seconds": 0,
            "maximum_record_age_in_seconds": 0,
            "maximum_retry_attempts": 0,
            "metrics_config": [],
            "parallelization_factor": 0,
            "provisioned_poller_config": [],
            "queues": [],
            "scaling_config": [],
            "self_managed_event_source": [],
            "self_managed_kafka_event_source_config": [],
            "source_access_configuration": [],
            "starting_position": "",
            "starting_position_timestamp": "",
            "state": "Enabled",
            "state_transition_reason": "USER_INITIATED",
            "tags": {},
            "tags_all": {
              "Environment": "demo",
              "ManagedBy": "terraform",
              "NamePrefix": "mailmanager-demo",
              "Project": "MailManager"
            },
            "topics": [],
            "tumbling_window_in_seconds": 0,
            "uuid": "140b0016-a0ca-42b8-a80b-0d0cb278c706"
          },
          "sensitive_attributes": [],
          "identity_schema_version": 0,
          "private": "bnVsbA==",
          "dependencies": [
            "aws_cloudwatch_log_group.ingest_worker",
            "aws_dynamodb_table.metadata",
            "aws_iam_role.ingest_worker_lambda",
            "aws_lambda_function.ingest_worker",
            "aws_opensearch_domain.email_vector_db",
            "aws_sqs_queue.ingest",
            "aws_sqs_queue.ingest_dlq",
            "data.archive_file.ingest_worker_zip",
            "data.aws_iam_policy_document.lambda_assume",
            "random_id.suffix"
          ]
        }
      ]
    },
    {
      "mode": "managed",
      "type": "aws_lambda_function",
      "name": "api",
      "provider": "provider[\"registry.terraform.io/hashicorp/aws\"]",
      "instances": [
        {
          "schema_version": 0,
          "attributes": {
            "architectures": [
              "x86_64"
            ],
            "arn": "arn:aws:lambda:us-east-1:377100338169:function:mailmanager-demo-9f53-api",
            "code_sha256": "1Yul9nhSV/WoMws9acqqVpaiu3c4X1Ji9C5s4yJd0Bw=",
            "code_signing_config_arn": "",
            "dead_letter_config": [],
            "description": "",
            "environment": [
              {
                "variables": {
                  "APP_AWS_REGION": "us-east-1",
                  "BEDROCK_MODEL_ID": "anthropic.claude-3-sonnet-20240229-v1:0",
                  "BEDROCK_REGION": "us-east-1",
                  "BUCKET_NAME": "mailmanager-demo-9f53-raw-mail",
                  "EMBEDDING_MODEL_ID": "amazon.titan-embed-text-v1",
                  "INDEX_NAME": "mailmanager-index",
                  "OPENSEARCH_URL": "https://search-mailmanager-vectors-jrbp4td2mwc3rooya32agu2fmm.us-east-1.es.amazonaws.com",
                  "QUEUE_URL": "https://sqs.us-east-1.amazonaws.com/377100338169/mailmanager-demo-9f53-ingest",
                  "TABLE_NAME": "mailmanager-demo-9f53-metadata",
                  "USE_BEDROCK": "true"
                }
              }
            ],
            "ephemeral_storage": [
              {
                "size": 512
              }
            ],
            "file_system_config": [],
            "filename": "./.build/api.zip",
            "function_name": "mailmanager-demo-9f53-api",
            "handler": "handler.handler",
            "id": "mailmanager-demo-9f53-api",
            "image_config": [],
            "image_uri": "",
            "invoke_arn": "arn:aws:apigateway:us-east-1:lambda:path/2015-03-31/functions/arn:aws:lambda:us-east-1:377100338169:function:mailmanager-demo-9f53-api/invocations",
            "kms_key_arn": "",
            "last_modified": "2026-05-07T19:36:00.000+0000",
            "layers": [],
            "logging_config": [
              {
                "application_log_level": "",
                "log_format": "Text",
                "log_group": "/aws/lambda/mailmanager-demo-9f53-api",
                "system_log_level": ""
              }
            ],
            "memory_size": 512,
            "package_type": "Zip",
            "publish": false,
            "qualified_arn": "arn:aws:lambda:us-east-1:377100338169:function:mailmanager-demo-9f53-api:$LATEST",
            "qualified_invoke_arn": "arn:aws:apigateway:us-east-1:lambda:path/2015-03-31/functions/arn:aws:lambda:us-east-1:377100338169:function:mailmanager-demo-9f53-api:$LATEST/invocations",
            "replace_security_groups_on_destroy": null,
            "replacement_security_group_ids": null,
            "reserved_concurrent_executions": -1,
            "role": "arn:aws:iam::377100338169:role/mailmanager-demo-9f53-api-lambda",
            "runtime": "python3.12",
            "s3_bucket": null,
            "s3_key": null,
            "s3_object_version": null,
            "signing_job_arn": "",
            "signing_profile_version_arn": "",
            "skip_destroy": false,
            "snap_start": [],
            "source_code_hash": "1Yul9nhSV/WoMws9acqqVpaiu3c4X1Ji9C5s4yJd0Bw=",
            "source_code_size": 8855018,
            "tags": {},
            "tags_all": {
              "Environment": "demo",
              "ManagedBy": "terraform",
              "NamePrefix": "mailmanager-demo",
              "Project": "MailManager"
            },
            "timeout": 30,
            "timeouts": null,
            "tracing_config": [
              {
                "mode": "PassThrough"
              }
            ],
            "version": "$LATEST",
            "vpc_config": []
          },
          "sensitive_attributes": [],
          "identity_schema_version": 0,
          "private": "eyJlMmJmYjczMC1lY2FhLTExZTYtOGY4OC0zNDM2M2JjN2M0YzAiOnsiY3JlYXRlIjo2MDAwMDAwMDAwMDAsImRlbGV0ZSI6NjAwMDAwMDAwMDAwLCJ1cGRhdGUiOjYwMDAwMDAwMDAwMH19",
          "dependencies": [
            "aws_cloudwatch_log_group.api",
            "aws_dynamodb_table.metadata",
            "aws_iam_role.api_lambda",
            "aws_opensearch_domain.email_vector_db",
            "aws_s3_bucket.raw_mail",
            "aws_sqs_queue.ingest",
            "aws_sqs_queue.ingest_dlq",
            "data.archive_file.api_zip",
            "data.aws_iam_policy_document.lambda_assume",
            "random_id.suffix"
          ]
        }
      ]
    },
    {
      "mode": "managed",
      "type": "aws_lambda_function",
      "name": "ingest_worker",
      "provider": "provider[\"registry.terraform.io/hashicorp/aws\"]",
      "instances": [
        {
          "schema_version": 0,
          "attributes": {
            "architectures": [
              "x86_64"
            ],
            "arn": "arn:aws:lambda:us-east-1:377100338169:function:mailmanager-demo-9f53-ingest-worker",
            "code_sha256": "RLdcEnfMR/JAUPbn3jIsmX6b+jlcG5fTsdl5POHc2+I=",
            "code_signing_config_arn": "",
            "dead_letter_config": [],
            "description": "",
            "environment": [
              {
                "variables": {
                  "APP_AWS_REGION": "us-east-1",
                  "BEDROCK_REGION": "us-east-1",
                  "EMBEDDING_MODEL_ID": "amazon.titan-embed-text-v1",
                  "INDEX_NAME": "mailmanager-index",
                  "OPENSEARCH_URL": "https://search-mailmanager-vectors-jrbp4td2mwc3rooya32agu2fmm.us-east-1.es.amazonaws.com",
                  "TABLE_NAME": "mailmanager-demo-9f53-metadata"
                }
              }
            ],
            "ephemeral_storage": [
              {
                "size": 512
              }
            ],
            "file_system_config": [],
            "filename": "./.build/ingest_worker.zip",
            "function_name": "mailmanager-demo-9f53-ingest-worker",
            "handler": "handler.handler",
            "id": "mailmanager-demo-9f53-ingest-worker",
            "image_config": [],
            "image_uri": "",
            "invoke_arn": "arn:aws:apigateway:us-east-1:lambda:path/2015-03-31/functions/arn:aws:lambda:us-east-1:377100338169:function:mailmanager-demo-9f53-ingest-worker/invocations",
            "kms_key_arn": "",
            "last_modified": "2026-05-07T22:24:38.000+0000",
            "layers": [],
            "logging_config": [
              {
                "application_log_level": "",
                "log_format": "Text",
                "log_group": "/aws/lambda/mailmanager-demo-9f53-ingest-worker",
                "system_log_level": ""
              }
            ],
            "memory_size": 512,
            "package_type": "Zip",
            "publish": false,
            "qualified_arn": "arn:aws:lambda:us-east-1:377100338169:function:mailmanager-demo-9f53-ingest-worker:$LATEST",
            "qualified_invoke_arn": "arn:aws:apigateway:us-east-1:lambda:path/2015-03-31/functions/arn:aws:lambda:us-east-1:377100338169:function:mailmanager-demo-9f53-ingest-worker:$LATEST/invocations",
            "replace_security_groups_on_destroy": null,
            "replacement_security_group_ids": null,
            "reserved_concurrent_executions": -1,
            "role": "arn:aws:iam::377100338169:role/mailmanager-demo-9f53-ingest-worker",
            "runtime": "python3.12",
            "s3_bucket": null,
            "s3_key": null,
            "s3_object_version": null,
            "signing_job_arn": "",
            "signing_profile_version_arn": "",
            "skip_destroy": false,
            "snap_start": [],
            "source_code_hash": "RLdcEnfMR/JAUPbn3jIsmX6b+jlcG5fTsdl5POHc2+I=",
            "source_code_size": 8848938,
            "tags": {},
            "tags_all": {
              "Environment": "demo",
              "ManagedBy": "terraform",
              "NamePrefix": "mailmanager-demo",
              "Project": "MailManager"
            },
            "timeout": 60,
            "timeouts": null,
            "tracing_config": [
              {
                "mode": "PassThrough"
              }
            ],
            "version": "$LATEST",
            "vpc_config": []
          },
          "sensitive_attributes": [],
          "identity_schema_version": 0,
          "private": "eyJlMmJmYjczMC1lY2FhLTExZTYtOGY4OC0zNDM2M2JjN2M0YzAiOnsiY3JlYXRlIjo2MDAwMDAwMDAwMDAsImRlbGV0ZSI6NjAwMDAwMDAwMDAwLCJ1cGRhdGUiOjYwMDAwMDAwMDAwMH19",
          "dependencies": [
            "aws_cloudwatch_log_group.ingest_worker",
            "aws_dynamodb_table.metadata",
            "aws_iam_role.ingest_worker_lambda",
            "aws_opensearch_domain.email_vector_db",
            "data.archive_file.ingest_worker_zip",
            "data.aws_iam_policy_document.lambda_assume",
            "random_id.suffix"
          ]
        }
      ]
    },
    {
      "mode": "managed",
      "type": "aws_lambda_function",
      "name": "schedule_stub",
      "provider": "provider[\"registry.terraform.io/hashicorp/aws\"]",
      "instances": [
        {
          "schema_version": 0,
          "attributes": {
            "architectures": [
              "x86_64"
            ],
            "arn": "arn:aws:lambda:us-east-1:377100338169:function:mailmanager-demo-9f53-schedule-stub",
            "code_sha256": "nT+f1oytwM8pdwSfSLLHFJjULBAGJ+KFNbDfrmtwajA=",
            "code_signing_config_arn": "",
            "dead_letter_config": [],
            "description": "",
            "environment": [],
            "ephemeral_storage": [
              {
                "size": 512
              }
            ],
            "file_system_config": [],
            "filename": "./.build/schedule_stub.zip",
            "function_name": "mailmanager-demo-9f53-schedule-stub",
            "handler": "handler.handler",
            "id": "mailmanager-demo-9f53-schedule-stub",
            "image_config": [],
            "image_uri": "",
            "invoke_arn": "arn:aws:apigateway:us-east-1:lambda:path/2015-03-31/functions/arn:aws:lambda:us-east-1:377100338169:function:mailmanager-demo-9f53-schedule-stub/invocations",
            "kms_key_arn": "",
            "last_modified": "2026-05-07T19:36:00.000+0000",
            "layers": [],
            "logging_config": [
              {
                "application_log_level": "",
                "log_format": "Text",
                "log_group": "/aws/lambda/mailmanager-demo-9f53-schedule-stub",
                "system_log_level": ""
              }
            ],
            "memory_size": 128,
            "package_type": "Zip",
            "publish": false,
            "qualified_arn": "arn:aws:lambda:us-east-1:377100338169:function:mailmanager-demo-9f53-schedule-stub:$LATEST",
            "qualified_invoke_arn": "arn:aws:apigateway:us-east-1:lambda:path/2015-03-31/functions/arn:aws:lambda:us-east-1:377100338169:function:mailmanager-demo-9f53-schedule-stub:$LATEST/invocations",
            "replace_security_groups_on_destroy": null,
            "replacement_security_group_ids": null,
            "reserved_concurrent_executions": -1,
            "role": "arn:aws:iam::377100338169:role/mailmanager-demo-9f53-schedule-stub",
            "runtime": "python3.12",
            "s3_bucket": null,
            "s3_key": null,
            "s3_object_version": null,
            "signing_job_arn": "",
            "signing_profile_version_arn": "",
            "skip_destroy": false,
            "snap_start": [],
            "source_code_hash": "nT+f1oytwM8pdwSfSLLHFJjULBAGJ+KFNbDfrmtwajA=",
            "source_code_size": 310,
            "tags": {},
            "tags_all": {
              "Environment": "demo",
              "ManagedBy": "terraform",
              "NamePrefix": "mailmanager-demo",
              "Project": "MailManager"
            },
            "timeout": 10,
            "timeouts": null,
            "tracing_config": [
              {
                "mode": "PassThrough"
              }
            ],
            "version": "$LATEST",
            "vpc_config": []
          },
          "sensitive_attributes": [],
          "identity_schema_version": 0,
          "private": "eyJlMmJmYjczMC1lY2FhLTExZTYtOGY4OC0zNDM2M2JjN2M0YzAiOnsiY3JlYXRlIjo2MDAwMDAwMDAwMDAsImRlbGV0ZSI6NjAwMDAwMDAwMDAwLCJ1cGRhdGUiOjYwMDAwMDAwMDAwMH19",
          "dependencies": [
            "aws_cloudwatch_log_group.schedule_stub",
            "aws_iam_role.schedule_stub_lambda",
            "data.archive_file.schedule_stub_zip",
            "data.aws_iam_policy_document.lambda_assume",
            "random_id.suffix"
          ]
        }
      ]
    },
    {
      "mode": "managed",
      "type": "aws_lambda_permission",
      "name": "allow_eventbridge_schedule",
      "provider": "provider[\"registry.terraform.io/hashicorp/aws\"]",
      "instances": [
        {
          "schema_version": 0,
          "attributes": {
            "action": "lambda:InvokeFunction",
            "event_source_token": null,
            "function_name": "mailmanager-demo-9f53-schedule-stub",
            "function_url_auth_type": null,
            "id": "AllowExecutionFromEventBridge",
            "principal": "events.amazonaws.com",
            "principal_org_id": null,
            "qualifier": "",
            "source_account": null,
            "source_arn": "arn:aws:events:us-east-1:377100338169:rule/mailmanager-demo-9f53-sync-schedule",
            "statement_id": "AllowExecutionFromEventBridge",
            "statement_id_prefix": ""
          },
          "sensitive_attributes": [],
          "identity_schema_version": 0,
          "private": "bnVsbA==",
          "dependencies": [
            "aws_cloudwatch_event_rule.sync_schedule",
            "aws_cloudwatch_log_group.schedule_stub",
            "aws_iam_role.schedule_stub_lambda",
            "aws_lambda_function.schedule_stub",
            "data.archive_file.schedule_stub_zip",
            "data.aws_iam_policy_document.lambda_assume",
            "random_id.suffix"
          ]
        }
      ]
    },
    {
      "mode": "managed",
      "type": "aws_lambda_permission",
      "name": "api_gateway",
      "provider": "provider[\"registry.terraform.io/hashicorp/aws\"]",
      "instances": [
        {
          "schema_version": 0,
          "attributes": {
            "action": "lambda:InvokeFunction",
            "event_source_token": null,
            "function_name": "mailmanager-demo-9f53-api",
            "function_url_auth_type": null,
            "id": "AllowAPIGatewayInvoke",
            "principal": "apigateway.amazonaws.com",
            "principal_org_id": null,
            "qualifier": "",
            "source_account": null,
            "source_arn": "arn:aws:execute-api:us-east-1:377100338169:81ymm2ucaa/*/*",
            "statement_id": "AllowAPIGatewayInvoke",
            "statement_id_prefix": ""
          },
          "sensitive_attributes": [],
          "identity_schema_version": 0,
          "private": "bnVsbA==",
          "dependencies": [
            "aws_apigatewayv2_api.http",
            "aws_cloudwatch_log_group.api",
            "aws_dynamodb_table.metadata",
            "aws_iam_role.api_lambda",
            "aws_lambda_function.api",
            "aws_opensearch_domain.email_vector_db",
            "aws_s3_bucket.raw_mail",
            "aws_sqs_queue.ingest",
            "aws_sqs_queue.ingest_dlq",
            "data.archive_file.api_zip",
            "data.aws_iam_policy_document.lambda_assume",
            "random_id.suffix"
          ]
        }
      ]
    },
    {
      "mode": "managed",
      "type": "aws_opensearch_domain",
      "name": "email_vector_db",
      "provider": "provider[\"registry.terraform.io/hashicorp/aws\"]",
      "instances": [
        {
          "schema_version": 0,
          "attributes": {
            "access_policies": "{\"Statement\":[{\"Action\":\"es:*\",\"Condition\":{\"IpAddress\":{\"aws:SourceIp\":[\"72.79.57.110/32\"]}},\"Effect\":\"Allow\",\"Principal\":\"*\",\"Resource\":\"arn:aws:es:us-east-1:377100338169:domain/mailmanager-vectors/*\",\"Sid\":\"AllowLocalVerification\"},{\"Action\":\"es:*\",\"Effect\":\"Allow\",\"Principal\":{\"AWS\":\"arn:aws:iam::377100338169:role/mailmanager-demo-9f53-api-lambda\"},\"Resource\":\"arn:aws:es:us-east-1:377100338169:domain/mailmanager-vectors/*\",\"Sid\":\"AllowAPILambdaRead\"},{\"Action\":[\"es:ESHttpPut\",\"es:ESHttpPost\"],\"Effect\":\"Allow\",\"Principal\":{\"AWS\":\"arn:aws:iam::377100338169:role/mailmanager-demo-9f53-ingest-worker-lambda\"},\"Resource\":\"arn:aws:es:us-east-1:377100338169:domain/mailmanager-vectors/*\",\"Sid\":\"AllowIngestWorkerWrite\"}],\"Version\":\"2012-10-17\"}",
            "advanced_options": {},
            "advanced_security_options": [],
            "arn": "arn:aws:es:us-east-1:377100338169:domain/mailmanager-vectors",
            "auto_tune_options": [
              {
                "desired_state": "DISABLED",
                "maintenance_schedule": [],
                "rollback_on_disable": "NO_ROLLBACK",
                "use_off_peak_window": false
              }
            ],
            "cluster_config": [
              {
                "cold_storage_options": [
                  {
                    "enabled": false
                  }
                ],
                "dedicated_master_count": 0,
                "dedicated_master_enabled": false,
                "dedicated_master_type": "",
                "instance_count": 1,
                "instance_type": "t3.small.search",
                "multi_az_with_standby_enabled": false,
                "node_options": [],
                "warm_count": 0,
                "warm_enabled": false,
                "warm_type": "",
                "zone_awareness_config": [],
                "zone_awareness_enabled": false
              }
            ],
            "cognito_options": [
              {
                "enabled": false,
                "identity_pool_id": "",
                "role_arn": "",
                "user_pool_id": ""
              }
            ],
            "dashboard_endpoint": "search-mailmanager-vectors-jrbp4td2mwc3rooya32agu2fmm.us-east-1.es.amazonaws.com/_dashboards",
            "dashboard_endpoint_v2": null,
            "domain_endpoint_options": [
              {
                "custom_endpoint": "",
                "custom_endpoint_certificate_arn": "",
                "custom_endpoint_enabled": false,
                "enforce_https": true,
                "tls_security_policy": "Policy-Min-TLS-1-2-2019-07"
              }
            ],
            "domain_endpoint_v2_hosted_zone_id": "",
            "domain_id": "377100338169/mailmanager-vectors",
            "domain_name": "mailmanager-vectors",
            "ebs_options": [
              {
                "ebs_enabled": true,
                "iops": 3000,
                "throughput": 125,
                "volume_size": 10,
                "volume_type": "gp3"
              }
            ],
            "encrypt_at_rest": [
              {
                "enabled": true,
                "kms_key_id": "arn:aws:kms:us-east-1:377100338169:key/e08ea6ea-2d94-4557-ac61-463ebbaf42e4"
              }
            ],
            "endpoint": "search-mailmanager-vectors-jrbp4td2mwc3rooya32agu2fmm.us-east-1.es.amazonaws.com",
            "endpoint_v2": null,
            "engine_version": "OpenSearch_2.11",
            "id": "arn:aws:es:us-east-1:377100338169:domain/mailmanager-vectors",
            "ip_address_type": "ipv4",
            "kibana_endpoint": "search-mailmanager-vectors-jrbp4td2mwc3rooya32agu2fmm.us-east-1.es.amazonaws.com/_plugin/kibana/",
            "log_publishing_options": [],
            "node_to_node_encryption": [
              {
                "enabled": true
              }
            ],
            "off_peak_window_options": [
              {
                "enabled": true,
                "off_peak_window": [
                  {
                    "window_start_time": [
                      {
                        "hours": 2,
                        "minutes": 0
                      }
                    ]
                  }
                ]
              }
            ],
            "snapshot_options": [
              {
                "automated_snapshot_start_hour": 0
              }
            ],
            "software_update_options": [
              {
                "auto_software_update_enabled": false
              }
            ],
            "tags": {},
            "tags_all": {
              "Environment": "demo",
              "ManagedBy": "terraform",
              "NamePrefix": "mailmanager-demo",
              "Project": "MailManager"
            },
            "timeouts": null,
            "vpc_options": []
          },
          "sensitive_attributes": [],
          "identity_schema_version": 0,
          "private": "eyJlMmJmYjczMC1lY2FhLTExZTYtOGY4OC0zNDM2M2JjN2M0YzAiOnsiY3JlYXRlIjo3MjAwMDAwMDAwMDAwLCJkZWxldGUiOjU0MDAwMDAwMDAwMDAsInVwZGF0ZSI6MTA4MDAwMDAwMDAwMDB9fQ=="
        }
      ]
    },
    {
      "mode": "managed",
      "type": "aws_s3_bucket",
      "name": "raw_mail",
      "provider": "provider[\"registry.terraform.io/hashicorp/aws\"]",
      "instances": [
        {
          "schema_version": 0,
          "attributes": {
            "acceleration_status": "",
            "acl": null,
            "arn": "arn:aws:s3:::mailmanager-demo-9f53-raw-mail",
            "bucket": "mailmanager-demo-9f53-raw-mail",
            "bucket_domain_name": "mailmanager-demo-9f53-raw-mail.s3.amazonaws.com",
            "bucket_prefix": "",
            "bucket_regional_domain_name": "mailmanager-demo-9f53-raw-mail.s3.us-east-1.amazonaws.com",
            "cors_rule": [],
            "force_destroy": true,
            "grant": [
              {
                "id": "76446bcb7d1181f9adeca2012dd73c239035d0fb818de01c04b8918678a6a47c",
                "permissions": [
                  "FULL_CONTROL"
                ],
                "type": "CanonicalUser",
                "uri": ""
              }
            ],
            "hosted_zone_id": "Z3AQBSTGFYJSTF",
            "id": "mailmanager-demo-9f53-raw-mail",
            "lifecycle_rule": [],
            "logging": [],
            "object_lock_configuration": [],
            "object_lock_enabled": false,
            "policy": "",
            "region": "us-east-1",
            "replication_configuration": [],
            "request_payer": "BucketOwner",
            "server_side_encryption_configuration": [
              {
                "rule": [
                  {
                    "apply_server_side_encryption_by_default": [
                      {
                        "kms_master_key_id": "",
                        "sse_algorithm": "AES256"
                      }
                    ],
                    "bucket_key_enabled": false
                  }
                ]
              }
            ],
            "tags": {},
            "tags_all": {
              "Environment": "demo",
              "ManagedBy": "terraform",
              "NamePrefix": "mailmanager-demo",
              "Project": "MailManager"
            },
            "timeouts": null,
            "versioning": [
              {
                "enabled": false,
                "mfa_delete": false
              }
            ],
            "website": [],
            "website_domain": null,
            "website_endpoint": null
          },
          "sensitive_attributes": [],
          "identity_schema_version": 0,
          "private": "eyJlMmJmYjczMC1lY2FhLTExZTYtOGY4OC0zNDM2M2JjN2M0YzAiOnsiY3JlYXRlIjoxMjAwMDAwMDAwMDAwLCJkZWxldGUiOjM2MDAwMDAwMDAwMDAsInJlYWQiOjEyMDAwMDAwMDAwMDAsInVwZGF0ZSI6MTIwMDAwMDAwMDAwMH19",
          "dependencies": [
            "random_id.suffix"
          ]
        }
      ]
    },
    {
      "mode": "managed",
      "type": "aws_s3_bucket",
      "name": "website",
      "provider": "provider[\"registry.terraform.io/hashicorp/aws\"]",
      "instances": [
        {
          "schema_version": 0,
          "attributes": {
            "acceleration_status": "",
            "acl": null,
            "arn": "arn:aws:s3:::mailmanager-frontend-20260507145524907900000001",
            "bucket": "mailmanager-frontend-20260507145524907900000001",
            "bucket_domain_name": "mailmanager-frontend-20260507145524907900000001.s3.amazonaws.com",
            "bucket_prefix": "mailmanager-frontend-",
            "bucket_regional_domain_name": "mailmanager-frontend-20260507145524907900000001.s3.us-east-1.amazonaws.com",
            "cors_rule": [],
            "force_destroy": true,
            "grant": [
              {
                "id": "76446bcb7d1181f9adeca2012dd73c239035d0fb818de01c04b8918678a6a47c",
                "permissions": [
                  "FULL_CONTROL"
                ],
                "type": "CanonicalUser",
                "uri": ""
              }
            ],
            "hosted_zone_id": "Z3AQBSTGFYJSTF",
            "id": "mailmanager-frontend-20260507145524907900000001",
            "lifecycle_rule": [],
            "logging": [],
            "object_lock_configuration": [],
            "object_lock_enabled": false,
            "policy": "{\"Statement\":[{\"Action\":\"s3:GetObject\",\"Effect\":\"Allow\",\"Principal\":\"*\",\"Resource\":\"arn:aws:s3:::mailmanager-frontend-20260507145524907900000001/*\",\"Sid\":\"PublicReadGetObject\"}],\"Version\":\"2012-10-17\"}",
            "region": "us-east-1",
            "replication_configuration": [],
            "request_payer": "BucketOwner",
            "server_side_encryption_configuration": [
              {
                "rule": [
                  {
                    "apply_server_side_encryption_by_default": [
                      {
                        "kms_master_key_id": "",
                        "sse_algorithm": "AES256"
                      }
                    ],
                    "bucket_key_enabled": false
                  }
                ]
              }
            ],
            "tags": {},
            "tags_all": {
              "Environment": "demo",
              "ManagedBy": "terraform",
              "NamePrefix": "mailmanager-demo",
              "Project": "MailManager"
            },
            "timeouts": null,
            "versioning": [
              {
                "enabled": false,
                "mfa_delete": false
              }
            ],
            "website": [
              {
                "error_document": "index.html",
                "index_document": "index.html",
                "redirect_all_requests_to": "",
                "routing_rules": ""
              }
            ],
            "website_domain": "s3-website-us-east-1.amazonaws.com",
            "website_endpoint": "mailmanager-frontend-20260507145524907900000001.s3-website-us-east-1.amazonaws.com"
          },
          "sensitive_attributes": [],
          "identity_schema_version": 0,
          "private": "eyJlMmJmYjczMC1lY2FhLTExZTYtOGY4OC0zNDM2M2JjN2M0YzAiOnsiY3JlYXRlIjoxMjAwMDAwMDAwMDAwLCJkZWxldGUiOjM2MDAwMDAwMDAwMDAsInJlYWQiOjEyMDAwMDAwMDAwMDAsInVwZGF0ZSI6MTIwMDAwMDAwMDAwMH19"
        }
      ]
    },
    {
      "mode": "managed",
      "type": "aws_s3_bucket_notification",
      "name": "mail_trigger",
      "provider": "provider[\"registry.terraform.io/hashicorp/aws\"]",
      "instances": [
        {
          "schema_version": 0,
          "attributes": {
            "bucket": "mailmanager-demo-9f53-raw-mail",
            "eventbridge": false,
            "id": "mailmanager-demo-9f53-raw-mail",
            "lambda_function": [],
            "queue": [
              {
                "events": [
                  "s3:ObjectCreated:*"
                ],
                "filter_prefix": "",
                "filter_suffix": "",
                "id": "tf-s3-queue-20260507183517012600000001",
                "queue_arn": "arn:aws:sqs:us-east-1:377100338169:mailmanager-demo-9f53-ingest"
              }
            ],
            "topic": []
          },
          "sensitive_attributes": [],
          "identity_schema_version": 0,
          "private": "bnVsbA==",
          "dependencies": [
            "aws_s3_bucket.raw_mail",
            "aws_sqs_queue.ingest",
            "aws_sqs_queue.ingest_dlq",
            "random_id.suffix"
          ]
        }
      ]
    },
    {
      "mode": "managed",
      "type": "aws_s3_bucket_policy",
      "name": "allow_public_access",
      "provider": "provider[\"registry.terraform.io/hashicorp/aws\"]",
      "instances": [
        {
          "schema_version": 0,
          "attributes": {
            "bucket": "mailmanager-frontend-20260507145524907900000001",
            "id": "mailmanager-frontend-20260507145524907900000001",
            "policy": "{\"Statement\":[{\"Action\":\"s3:GetObject\",\"Effect\":\"Allow\",\"Principal\":\"*\",\"Resource\":\"arn:aws:s3:::mailmanager-frontend-20260507145524907900000001/*\",\"Sid\":\"PublicReadGetObject\"}],\"Version\":\"2012-10-17\"}"
          },
          "sensitive_attributes": [],
          "identity_schema_version": 0,
          "private": "bnVsbA==",
          "dependencies": [
            "aws_s3_bucket.website",
            "aws_s3_bucket_public_access_block.website"
          ]
        }
      ]
    },
    {
      "mode": "managed",
      "type": "aws_s3_bucket_public_access_block",
      "name": "raw_mail",
      "provider": "provider[\"registry.terraform.io/hashicorp/aws\"]",
      "instances": [
        {
          "schema_version": 0,
          "attributes": {
            "block_public_acls": true,
            "block_public_policy": true,
            "bucket": "mailmanager-demo-9f53-raw-mail",
            "id": "mailmanager-demo-9f53-raw-mail",
            "ignore_public_acls": true,
            "restrict_public_buckets": true
          },
          "sensitive_attributes": [],
          "identity_schema_version": 0,
          "private": "bnVsbA==",
          "dependencies": [
            "aws_s3_bucket.raw_mail",
            "random_id.suffix"
          ]
        }
      ]
    },
    {
      "mode": "managed",
      "type": "aws_s3_bucket_public_access_block",
      "name": "website",
      "provider": "provider[\"registry.terraform.io/hashicorp/aws\"]",
      "instances": [
        {
          "schema_version": 0,
          "attributes": {
            "block_public_acls": false,
            "block_public_policy": false,
            "bucket": "mailmanager-frontend-20260507145524907900000001",
            "id": "mailmanager-frontend-20260507145524907900000001",
            "ignore_public_acls": false,
            "restrict_public_buckets": false
          },
          "sensitive_attributes": [],
          "identity_schema_version": 0,
          "private": "bnVsbA==",
          "dependencies": [
            "aws_s3_bucket.website"
          ]
        }
      ]
    },
    {
      "mode": "managed",
      "type": "aws_s3_bucket_server_side_encryption_configuration",
      "name": "raw_mail",
      "provider": "provider[\"registry.terraform.io/hashicorp/aws\"]",
      "instances": [
        {
          "schema_version": 0,
          "attributes": {
            "bucket": "mailmanager-demo-9f53-raw-mail",
            "expected_bucket_owner": "",
            "id": "mailmanager-demo-9f53-raw-mail",
            "rule": [
              {
                "apply_server_side_encryption_by_default": [
                  {
                    "kms_master_key_id": "",
                    "sse_algorithm": "AES256"
                  }
                ],
                "bucket_key_enabled": false
              }
            ]
          },
          "sensitive_attributes": [],
          "identity_schema_version": 0,
          "private": "bnVsbA==",
          "dependencies": [
            "aws_s3_bucket.raw_mail",
            "random_id.suffix"
          ]
        }
      ]
    },
    {
      "mode": "managed",
      "type": "aws_s3_bucket_website_configuration",
      "name": "website",
      "provider": "provider[\"registry.terraform.io/hashicorp/aws\"]",
      "instances": [
        {
          "schema_version": 0,
          "attributes": {
            "bucket": "mailmanager-frontend-20260507145524907900000001",
            "error_document": [
              {
                "key": "index.html"
              }
            ],
            "expected_bucket_owner": "",
            "id": "mailmanager-frontend-20260507145524907900000001",
            "index_document": [
              {
                "suffix": "index.html"
              }
            ],
            "redirect_all_requests_to": [],
            "routing_rule": [],
            "routing_rules": "",
            "website_domain": "s3-website-us-east-1.amazonaws.com",
            "website_endpoint": "mailmanager-frontend-20260507145524907900000001.s3-website-us-east-1.amazonaws.com"
          },
          "sensitive_attributes": [],
          "identity_schema_version": 0,
          "private": "bnVsbA==",
          "dependencies": [
            "aws_s3_bucket.website"
          ]
        }
      ]
    },
    {
      "mode": "managed",
      "type": "aws_secretsmanager_secret",
      "name": "app_encryption",
      "provider": "provider[\"registry.terraform.io/hashicorp/aws\"]",
      "instances": [
        {
          "schema_version": 0,
          "attributes": {
            "arn": "arn:aws:secretsmanager:us-east-1:377100338169:secret:mailmanager-demo-9f53/app/encryption-key-WUq65C",
            "description": "Placeholder for application encryption material (replace for real workloads).",
            "force_overwrite_replica_secret": false,
            "id": "arn:aws:secretsmanager:us-east-1:377100338169:secret:mailmanager-demo-9f53/app/encryption-key-WUq65C",
            "kms_key_id": "",
            "name": "mailmanager-demo-9f53/app/encryption-key",
            "name_prefix": "",
            "policy": "",
            "recovery_window_in_days": 30,
            "replica": [],
            "tags": {},
            "tags_all": {
              "Environment": "demo",
              "ManagedBy": "terraform",
              "NamePrefix": "mailmanager-demo",
              "Project": "MailManager"
            }
          },
          "sensitive_attributes": [],
          "identity_schema_version": 0,
          "private": "bnVsbA==",
          "dependencies": [
            "random_id.suffix"
          ]
        }
      ]
    },
    {
      "mode": "managed",
      "type": "aws_secretsmanager_secret",
      "name": "oauth_google",
      "provider": "provider[\"registry.terraform.io/hashicorp/aws\"]",
      "instances": [
        {
          "schema_version": 0,
          "attributes": {
            "arn": "arn:aws:secretsmanager:us-east-1:377100338169:secret:mailmanager-demo-9f53/oauth/google-hTieF8",
            "description": "Placeholder for Gmail/Google OAuth client credentials (set value in Console).",
            "force_overwrite_replica_secret": false,
            "id": "arn:aws:secretsmanager:us-east-1:377100338169:secret:mailmanager-demo-9f53/oauth/google-hTieF8",
            "kms_key_id": "",
            "name": "mailmanager-demo-9f53/oauth/google",
            "name_prefix": "",
            "policy": "",
            "recovery_window_in_days": 30,
            "replica": [],
            "tags": {},
            "tags_all": {
              "Environment": "demo",
              "ManagedBy": "terraform",
              "NamePrefix": "mailmanager-demo",
              "Project": "MailManager"
            }
          },
          "sensitive_attributes": [],
          "identity_schema_version": 0,
          "private": "bnVsbA==",
          "dependencies": [
            "random_id.suffix"
          ]
        }
      ]
    },
    {
      "mode": "managed",
      "type": "aws_secretsmanager_secret",
      "name": "oauth_microsoft",
      "provider": "provider[\"registry.terraform.io/hashicorp/aws\"]",
      "instances": [
        {
          "schema_version": 0,
          "attributes": {
            "arn": "arn:aws:secretsmanager:us-east-1:377100338169:secret:mailmanager-demo-9f53/oauth/microsoft-s6RBWI",
            "description": "Placeholder for Microsoft Graph OAuth client credentials (set value in Console).",
            "force_overwrite_replica_secret": false,
            "id": "arn:aws:secretsmanager:us-east-1:377100338169:secret:mailmanager-demo-9f53/oauth/microsoft-s6RBWI",
            "kms_key_id": "",
            "name": "mailmanager-demo-9f53/oauth/microsoft",
            "name_prefix": "",
            "policy": "",
            "recovery_window_in_days": 30,
            "replica": [],
            "tags": {},
            "tags_all": {
              "Environment": "demo",
              "ManagedBy": "terraform",
              "NamePrefix": "mailmanager-demo",
              "Project": "MailManager"
            }
          },
          "sensitive_attributes": [],
          "identity_schema_version": 0,
          "private": "bnVsbA==",
          "dependencies": [
            "random_id.suffix"
          ]
        }
      ]
    },
    {
      "mode": "managed",
      "type": "aws_secretsmanager_secret_version",
      "name": "app_encryption_placeholder",
      "provider": "provider[\"registry.terraform.io/hashicorp/aws\"]",
      "instances": [
        {
          "schema_version": 0,
          "attributes": {
            "arn": "arn:aws:secretsmanager:us-east-1:377100338169:secret:mailmanager-demo-9f53/app/encryption-key-WUq65C",
            "has_secret_string_wo": null,
            "id": "arn:aws:secretsmanager:us-east-1:377100338169:secret:mailmanager-demo-9f53/app/encryption-key-WUq65C|terraform-20260507142544621100000004",
            "secret_binary": "",
            "secret_id": "arn:aws:secretsmanager:us-east-1:377100338169:secret:mailmanager-demo-9f53/app/encryption-key-WUq65C",
            "secret_string": "{\"placeholder\":\"replace-via-aws-console-or-cli\"}",
            "secret_string_wo": null,
            "secret_string_wo_version": null,
            "version_id": "terraform-20260507142544621100000004",
            "version_stages": [
              "AWSCURRENT"
            ]
          },
          "sensitive_attributes": [
            [
              {
                "type": "get_attr",
                "value": "secret_binary"
              }
            ],
            [
              {
                "type": "get_attr",
                "value": "secret_string"
              }
            ],
            [
              {
                "type": "get_attr",
                "value": "secret_string_wo"
              }
            ]
          ],
          "identity_schema_version": 0,
          "private": "bnVsbA==",
          "dependencies": [
            "aws_secretsmanager_secret.app_encryption",
            "random_id.suffix"
          ]
        }
      ]
    },
    {
      "mode": "managed",
      "type": "aws_secretsmanager_secret_version",
      "name": "oauth_google_placeholder",
      "provider": "provider[\"registry.terraform.io/hashicorp/aws\"]",
      "instances": [
        {
          "schema_version": 0,
          "attributes": {
            "arn": "arn:aws:secretsmanager:us-east-1:377100338169:secret:mailmanager-demo-9f53/oauth/google-hTieF8",
            "has_secret_string_wo": null,
            "id": "arn:aws:secretsmanager:us-east-1:377100338169:secret:mailmanager-demo-9f53/oauth/google-hTieF8|terraform-20260507142544694100000006",
            "secret_binary": "",
            "secret_id": "arn:aws:secretsmanager:us-east-1:377100338169:secret:mailmanager-demo-9f53/oauth/google-hTieF8",
            "secret_string": "{\"placeholder\":\"replace-via-aws-console-or-cli\"}",
            "secret_string_wo": null,
            "secret_string_wo_version": null,
            "version_id": "terraform-20260507142544694100000006",
            "version_stages": [
              "AWSCURRENT"
            ]
          },
          "sensitive_attributes": [
            [
              {
                "type": "get_attr",
                "value": "secret_binary"
              }
            ],
            [
              {
                "type": "get_attr",
                "value": "secret_string"
              }
            ],
            [
              {
                "type": "get_attr",
                "value": "secret_string_wo"
              }
            ]
          ],
          "identity_schema_version": 0,
          "private": "bnVsbA==",
          "dependencies": [
            "aws_secretsmanager_secret.oauth_google",
            "random_id.suffix"
          ]
        }
      ]
    },
    {
      "mode": "managed",
      "type": "aws_secretsmanager_secret_version",
      "name": "oauth_microsoft_placeholder",
      "provider": "provider[\"registry.terraform.io/hashicorp/aws\"]",
      "instances": [
        {
          "schema_version": 0,
          "attributes": {
            "arn": "arn:aws:secretsmanager:us-east-1:377100338169:secret:mailmanager-demo-9f53/oauth/microsoft-s6RBWI",
            "has_secret_string_wo": null,
            "id": "arn:aws:secretsmanager:us-east-1:377100338169:secret:mailmanager-demo-9f53/oauth/microsoft-s6RBWI|terraform-20260507142544643400000005",
            "secret_binary": "",
            "secret_id": "arn:aws:secretsmanager:us-east-1:377100338169:secret:mailmanager-demo-9f53/oauth/microsoft-s6RBWI",
            "secret_string": "{\"placeholder\":\"replace-via-aws-console-or-cli\"}",
            "secret_string_wo": null,
            "secret_string_wo_version": null,
            "version_id": "terraform-20260507142544643400000005",
            "version_stages": [
              "AWSCURRENT"
            ]
          },
          "sensitive_attributes": [
            [
              {
                "type": "get_attr",
                "value": "secret_binary"
              }
            ],
            [
              {
                "type": "get_attr",
                "value": "secret_string"
              }
            ],
            [
              {
                "type": "get_attr",
                "value": "secret_string_wo"
              }
            ]
          ],
          "identity_schema_version": 0,
          "private": "bnVsbA==",
          "dependencies": [
            "aws_secretsmanager_secret.oauth_microsoft",
            "random_id.suffix"
          ]
        }
      ]
    },
    {
      "mode": "managed",
      "type": "aws_sqs_queue",
      "name": "ingest",
      "provider": "provider[\"registry.terraform.io/hashicorp/aws\"]",
      "instances": [
        {
          "schema_version": 0,
          "attributes": {
            "arn": "arn:aws:sqs:us-east-1:377100338169:mailmanager-demo-9f53-ingest",
            "content_based_deduplication": false,
            "deduplication_scope": "",
            "delay_seconds": 0,
            "fifo_queue": false,
            "fifo_throughput_limit": "",
            "id": "https://sqs.us-east-1.amazonaws.com/377100338169/mailmanager-demo-9f53-ingest",
            "kms_data_key_reuse_period_seconds": 300,
            "kms_master_key_id": "",
            "max_message_size": 262144,
            "message_retention_seconds": 345600,
            "name": "mailmanager-demo-9f53-ingest",
            "name_prefix": "",
            "policy": "",
            "receive_wait_time_seconds": 0,
            "redrive_allow_policy": "",
            "redrive_policy": "{\"deadLetterTargetArn\":\"arn:aws:sqs:us-east-1:377100338169:mailmanager-demo-9f53-ingest-dlq\",\"maxReceiveCount\":3}",
            "sqs_managed_sse_enabled": true,
            "tags": {},
            "tags_all": {
              "Environment": "demo",
              "ManagedBy": "terraform",
              "NamePrefix": "mailmanager-demo",
              "Project": "MailManager"
            },
            "timeouts": null,
            "url": "https://sqs.us-east-1.amazonaws.com/377100338169/mailmanager-demo-9f53-ingest",
            "visibility_timeout_seconds": 60
          },
          "sensitive_attributes": [],
          "identity_schema_version": 0,
          "private": "eyJlMmJmYjczMC1lY2FhLTExZTYtOGY4OC0zNDM2M2JjN2M0YzAiOnsiY3JlYXRlIjoxODAwMDAwMDAwMDAsImRlbGV0ZSI6MTgwMDAwMDAwMDAwLCJ1cGRhdGUiOjE4MDAwMDAwMDAwMH19",
          "dependencies": [
            "aws_sqs_queue.ingest_dlq",
            "random_id.suffix"
          ]
        }
      ]
    },
    {
      "mode": "managed",
      "type": "aws_sqs_queue",
      "name": "ingest_dlq",
      "provider": "provider[\"registry.terraform.io/hashicorp/aws\"]",
      "instances": [
        {
          "schema_version": 0,
          "attributes": {
            "arn": "arn:aws:sqs:us-east-1:377100338169:mailmanager-demo-9f53-ingest-dlq",
            "content_based_deduplication": false,
            "deduplication_scope": "",
            "delay_seconds": 0,
            "fifo_queue": false,
            "fifo_throughput_limit": "",
            "id": "https://sqs.us-east-1.amazonaws.com/377100338169/mailmanager-demo-9f53-ingest-dlq",
            "kms_data_key_reuse_period_seconds": 300,
            "kms_master_key_id": "",
            "max_message_size": 262144,
            "message_retention_seconds": 345600,
            "name": "mailmanager-demo-9f53-ingest-dlq",
            "name_prefix": "",
            "policy": "",
            "receive_wait_time_seconds": 0,
            "redrive_allow_policy": "",
            "redrive_policy": "",
            "sqs_managed_sse_enabled": true,
            "tags": {},
            "tags_all": {
              "Environment": "demo",
              "ManagedBy": "terraform",
              "NamePrefix": "mailmanager-demo",
              "Project": "MailManager"
            },
            "timeouts": null,
            "url": "https://sqs.us-east-1.amazonaws.com/377100338169/mailmanager-demo-9f53-ingest-dlq",
            "visibility_timeout_seconds": 30
          },
          "sensitive_attributes": [],
          "identity_schema_version": 0,
          "private": "eyJlMmJmYjczMC1lY2FhLTExZTYtOGY4OC0zNDM2M2JjN2M0YzAiOnsiY3JlYXRlIjoxODAwMDAwMDAwMDAsImRlbGV0ZSI6MTgwMDAwMDAwMDAwLCJ1cGRhdGUiOjE4MDAwMDAwMDAwMH19",
          "dependencies": [
            "random_id.suffix"
          ]
        }
      ]
    },
    {
      "mode": "managed",
      "type": "random_id",
      "name": "suffix",
      "provider": "provider[\"registry.terraform.io/hashicorp/random\"]",
      "instances": [
        {
          "schema_version": 0,
          "attributes": {
            "b64_std": "n1M=",
            "b64_url": "n1M",
            "byte_length": 2,
            "dec": "40787",
            "hex": "9f53",
            "id": "n1M",
            "keepers": null,
            "prefix": null
          },
          "sensitive_attributes": [],
          "identity_schema_version": 0
        }
      ]
    }
  ],
  "check_results": [
    {
      "object_kind": "var",
      "config_addr": "var.project_name",
      "status": "pass",
      "objects": [
        {
          "object_addr": "var.project_name",
          "status": "pass"
        }
      ]
    }
  ]
}
