{
  "version": 4,
  "terraform_version": "1.15.1",
  "serial": 64,
  "lineage": "75f3d931-bd89-2f18-3671-771c76bcf89b",
  "outputs": {
    "api_id": {
      "value": "h4ko26ixoe",
      "type": "string"
    },
    "api_invoke_url": {
      "value": "https://h4ko26ixoe.execute-api.us-east-1.amazonaws.com/",
      "type": "string"
    },
    "aws_region": {
      "value": "us-east-1",
      "type": "string"
    },
    "dynamodb_table_name": {
      "value": "mailmanager-demo-7830-metadata",
      "type": "string"
    },
    "eventbridge_rule_name": {
      "value": "mailmanager-demo-7830-sync-schedule",
      "type": "string"
    },
    "frontend_bucket_name": {
      "value": "mailmanager-frontend-20260508010830666500000004",
      "type": "string"
    },
    "lambda_api_function_name": {
      "value": "mailmanager-demo-7830-api",
      "type": "string"
    },
    "lambda_ingest_worker_function_name": {
      "value": "mailmanager-demo-7830-ingest-worker",
      "type": "string"
    },
    "lambda_schedule_stub_function_name": {
      "value": "mailmanager-demo-7830-schedule-stub",
      "type": "string"
    },
    "opensearch_endpoint": {
      "value": "search-mailmanager-vectors-socvkwdl5nedydsizbs4lzfm7a.us-east-1.es.amazonaws.com",
      "type": "string"
    },
    "raw_mail_bucket_name": {
      "value": "mailmanager-demo-7830-raw-mail",
      "type": "string"
    },
    "s3_bucket_name": {
      "value": "mailmanager-demo-7830-raw-mail",
      "type": "string"
    },
    "secrets_app_encryption_arn": {
      "value": "arn:aws:secretsmanager:us-east-1:925179372031:secret:mailmanager-demo-7830/app/encryption-key-nEXtiO",
      "type": "string"
    },
    "secrets_oauth_google_arn": {
      "value": "arn:aws:secretsmanager:us-east-1:925179372031:secret:mailmanager-demo-7830/oauth/google-zCUJRN",
      "type": "string"
    },
    "secrets_oauth_microsoft_arn": {
      "value": "arn:aws:secretsmanager:us-east-1:925179372031:secret:mailmanager-demo-7830/oauth/microsoft-PG9NEO",
      "type": "string"
    },
    "sqs_dlq_queue_url": {
      "value": "https://sqs.us-east-1.amazonaws.com/925179372031/mailmanager-demo-7830-ingest-dlq",
      "type": "string"
    },
    "sqs_ingest_queue_name": {
      "value": "mailmanager-demo-7830-ingest",
      "type": "string"
    },
    "sqs_ingest_queue_url": {
      "value": "https://sqs.us-east-1.amazonaws.com/925179372031/mailmanager-demo-7830-ingest",
      "type": "string"
    },
    "website_url": {
      "value": "http://mailmanager-frontend-20260508010830666500000004.s3-website-us-east-1.amazonaws.com",
      "type": "string"
    }
  },
  "resources": [
    {
      "mode": "data",
      "type": "archive_file",
      "name": "api_zip",
      "provider": "provider[\"registry.terraform.io/hashicorp/archive\"]",
      "instances": [
        {
          "schema_version": 0,
          "attributes": {
            "exclude_symlink_directories": null,
            "excludes": null,
            "id": "ae0fbc9d45504de87c48d3a933840a33227c6618",
            "output_base64sha256": "NTkqLNRKUJtZiYdWkDG2NSPkHtYp1B9Q6pMZ2Ey9LBA=",
            "output_base64sha512": "LJqChkVhbrLn8SVq6BfNoc8XIH8XUH52TOfCxpPAlJLDuKu3jpf1h29W8oucR30xedVQknE8/FgGjWd5B0OHNw==",
            "output_file_mode": null,
            "output_md5": "d6de55bef336718a45a61544619e65ac",
            "output_path": "./.build/api.zip",
            "output_sha": "ae0fbc9d45504de87c48d3a933840a33227c6618",
            "output_sha256": "35392a2cd44a509b598987569031b63523e41ed629d41f50ea9319d84cbd2c10",
            "output_sha512": "2c9a828645616eb2e7f1256ae817cda1cf17207f17507e764ce7c2c693c09492c3b8abb78e97f5876f56f28b9c477d3179d55092713cfc58068d677907438737",
            "output_size": 145768,
            "source": [],
            "source_content": null,
            "source_content_filename": null,
            "source_dir": "./lambda/api",
            "source_file": null,
            "type": "zip"
          },
          "sensitive_attributes": [],
          "identity_schema_version": 0
        }
      ]
    },
    {
      "mode": "data",
      "type": "archive_file",
      "name": "ingest_worker_zip",
      "provider": "provider[\"registry.terraform.io/hashicorp/archive\"]",
      "instances": [
        {
          "schema_version": 0,
          "attributes": {
            "exclude_symlink_directories": null,
            "excludes": null,
            "id": "38117ec0d9cbdc26d928902fd6faf480858c6fd8",
            "output_base64sha256": "y2cZhNx6MuVxxpQx6apxwGV0cLKMkm3O5gWvBRDQlnY=",
            "output_base64sha512": "yN5vp29NUs7NgzwN2NuH899s5bIVLOkQj1C+/dWX7KGsDLeHpdnMc+/KhjH+MapqCqo1qenS47x9If3JiJWjHA==",
            "output_file_mode": null,
            "output_md5": "fdc707803f87dfe9ddb942ffe0064783",
            "output_path": "./.build/ingest_worker.zip",
            "output_sha": "38117ec0d9cbdc26d928902fd6faf480858c6fd8",
            "output_sha256": "cb671984dc7a32e571c69431e9aa71c0657470b28c926dcee605af0510d09676",
            "output_sha512": "c8de6fa76f4d52cecd833c0dd8db87f3df6ce5b2152ce9108f50befdd597eca1ac0cb787a5d9cc73efca8631fe31aa6a0aaa35a9e9d2e3bc7d21fdc98895a31c",
            "output_size": 137318,
            "source": [],
            "source_content": null,
            "source_content_filename": null,
            "source_dir": "./lambda/worker",
            "source_file": null,
            "type": "zip"
          },
          "sensitive_attributes": [],
          "identity_schema_version": 0
        }
      ]
    },
    {
      "mode": "data",
      "type": "archive_file",
      "name": "schedule_stub_zip",
      "provider": "provider[\"registry.terraform.io/hashicorp/archive\"]",
      "instances": [
        {
          "schema_version": 0,
          "attributes": {
            "exclude_symlink_directories": null,
            "excludes": null,
            "id": "44935bf596585b00fad26407a75316982717f5d2",
            "output_base64sha256": "MMpTHxt8Wz27tFdGB4vDNyjmBIfG/P6wKuXIq/X8hsA=",
            "output_base64sha512": "NfWxkHXjH5DzXRKbvg5X5sdEhU9LdYW6fJFR7m3qJgn/AVU2XlfNluRLSdTYESnkv7vERd/V3iOwM9QyecLucQ==",
            "output_file_mode": null,
            "output_md5": "e8b6843b6cf56f077c048ebae023c18a",
            "output_path": "./.build/schedule_stub.zip",
            "output_sha": "44935bf596585b00fad26407a75316982717f5d2",
            "output_sha256": "30ca531f1b7c5b3dbbb45746078bc33728e60487c6fcfeb02ae5c8abf5fc86c0",
            "output_sha512": "35f5b19075e31f90f35d129bbe0e57e6c744854f4b7585ba7c9151ee6dea2609ff0155365e57cd96e44b49d4d81129e4bfbbc445dfd5de23b033d43279c2ee71",
            "output_size": 310,
            "source": [],
            "source_content": null,
            "source_content_filename": null,
            "source_dir": "./lambda/scheduled",
            "source_file": null,
            "type": "zip"
          },
          "sensitive_attributes": [],
          "identity_schema_version": 0
        }
      ]
    },
    {
      "mode": "data",
      "type": "aws_caller_identity",
      "name": "current",
      "provider": "provider[\"registry.terraform.io/hashicorp/aws\"]",
      "instances": [
        {
          "schema_version": 0,
          "attributes": {
            "account_id": "925179372031",
            "arn": "arn:aws:iam::925179372031:user/devanshv16",
            "id": "925179372031",
            "user_id": "AIDA5O2H44H7Y54CEL3IE"
          },
          "sensitive_attributes": [],
          "identity_schema_version": 0
        }
      ]
    },
    {
      "mode": "data",
      "type": "aws_iam_policy_document",
      "name": "api_lambda",
      "provider": "provider[\"registry.terraform.io/hashicorp/aws\"]",
      "instances": [
        {
          "schema_version": 0,
          "attributes": {
            "id": "1545174290",
            "json": "{\n  \"Version\": \"2012-10-17\",\n  \"Statement\": [\n    {\n      \"Sid\": \"RAGAccess\",\n      \"Effect\": \"Allow\",\n      \"Action\": [\n        \"es:ESHttpPost\",\n        \"es:ESHttpGet\",\n        \"bedrock:InvokeModel\"\n      ],\n      \"Resource\": \"*\"\n    }\n  ]\n}",
            "minified_json": "{\"Version\":\"2012-10-17\",\"Statement\":[{\"Sid\":\"RAGAccess\",\"Effect\":\"Allow\",\"Action\":[\"es:ESHttpPost\",\"es:ESHttpGet\",\"bedrock:InvokeModel\"],\"Resource\":\"*\"}]}",
            "override_json": null,
            "override_policy_documents": null,
            "policy_id": null,
            "source_json": null,
            "source_policy_documents": null,
            "statement": [
              {
                "actions": [
                  "bedrock:InvokeModel",
                  "es:ESHttpGet",
                  "es:ESHttpPost"
                ],
                "condition": [],
                "effect": "Allow",
                "not_actions": [],
                "not_principals": [],
                "not_resources": [],
                "principals": [],
                "resources": [
                  "*"
                ],
                "sid": "RAGAccess"
              }
            ],
            "version": "2012-10-17"
          },
          "sensitive_attributes": [],
          "identity_schema_version": 0
        }
      ]
    },
    {
      "mode": "data",
      "type": "aws_iam_policy_document",
      "name": "api_lambda_permissions",
      "provider": "provider[\"registry.terraform.io/hashicorp/aws\"]",
      "instances": [
        {
          "schema_version": 0,
          "attributes": {
            "id": "3508052068",
            "json": "{\n  \"Version\": \"2012-10-17\",\n  \"Statement\": [\n    {\n      \"Sid\": \"Logs\",\n      \"Effect\": \"Allow\",\n      \"Action\": [\n        \"logs:PutLogEvents\",\n        \"logs:CreateLogStream\"\n      ],\n      \"Resource\": \"arn:aws:logs:us-east-1:925179372031:log-group:/aws/lambda/mailmanager-demo-7830-api:*\"\n    },\n    {\n      \"Sid\": \"DynamoDB\",\n      \"Effect\": \"Allow\",\n      \"Action\": [\n        \"dynamodb:UpdateItem\",\n        \"dynamodb:Scan\",\n        \"dynamodb:Query\",\n        \"dynamodb:PutItem\",\n        \"dynamodb:GetItem\"\n      ],\n      \"Resource\": [\n        \"arn:aws:dynamodb:us-east-1:925179372031:table/mailmanager-demo-7830-metadata/index/*\",\n        \"arn:aws:dynamodb:us-east-1:925179372031:table/mailmanager-demo-7830-metadata\"\n      ]\n    },\n    {\n      \"Sid\": \"S3WriteHealth\",\n      \"Effect\": \"Allow\",\n      \"Action\": [\n        \"s3:PutObject\",\n        \"s3:ListBucket\",\n        \"s3:GetObject\"\n      ],\n      \"Resource\": [\n        \"arn:aws:s3:::mailmanager-demo-7830-raw-mail/*\",\n        \"arn:aws:s3:::mailmanager-demo-7830-raw-mail\"\n      ]\n    },\n    {\n      \"Sid\": \"SecretsRead\",\n      \"Effect\": \"Allow\",\n      \"Action\": \"secretsmanager:GetSecretValue\",\n      \"Resource\": [\n        \"arn:aws:secretsmanager:us-east-1:925179372031:secret:mailmanager-demo-7830/oauth/microsoft-PG9NEO\",\n        \"arn:aws:secretsmanager:us-east-1:925179372031:secret:mailmanager-demo-7830/oauth/google-zCUJRN\",\n        \"arn:aws:secretsmanager:us-east-1:925179372031:secret:mailmanager-demo-7830/app/encryption-key-nEXtiO\"\n      ]\n    },\n    {\n      \"Sid\": \"SqsSend\",\n      \"Effect\": \"Allow\",\n      \"Action\": \"sqs:SendMessage\",\n      \"Resource\": \"arn:aws:sqs:us-east-1:925179372031:mailmanager-demo-7830-ingest\"\n    },\n    {\n      \"Sid\": \"BedrockAccess\",\n      \"Effect\": \"Allow\",\n      \"Action\": \"bedrock:InvokeModel\",\n      \"Resource\": [\n        \"arn:aws:bedrock:us-east-1::foundation-model/anthropic.claude-3-haiku-20240307-v1:0\",\n        \"arn:aws:bedrock:us-east-1::foundation-model/amazon.titan-embed-text-v1\"\n      ]\n    },\n    {\n      \"Sid\": \"MarketplaceBedrockModelEnablement\",\n      \"Effect\": \"Allow\",\n      \"Action\": [\n        \"aws-marketplace:ViewSubscriptions\",\n        \"aws-marketplace:Subscribe\"\n      ],\n      \"Resource\": \"*\"\n    },\n    {\n      \"Sid\": \"OpenSearchRead\",\n      \"Effect\": \"Allow\",\n      \"Action\": [\n        \"es:ESHttpPost\",\n        \"es:ESHttpGet\"\n      ],\n      \"Resource\": \"arn:aws:es:us-east-1:925179372031:domain/mailmanager-vectors/*\"\n    }\n  ]\n}",
            "minified_json": "{\"Version\":\"2012-10-17\",\"Statement\":[{\"Sid\":\"Logs\",\"Effect\":\"Allow\",\"Action\":[\"logs:PutLogEvents\",\"logs:CreateLogStream\"],\"Resource\":\"arn:aws:logs:us-east-1:925179372031:log-group:/aws/lambda/mailmanager-demo-7830-api:*\"},{\"Sid\":\"DynamoDB\",\"Effect\":\"Allow\",\"Action\":[\"dynamodb:UpdateItem\",\"dynamodb:Scan\",\"dynamodb:Query\",\"dynamodb:PutItem\",\"dynamodb:GetItem\"],\"Resource\":[\"arn:aws:dynamodb:us-east-1:925179372031:table/mailmanager-demo-7830-metadata/index/*\",\"arn:aws:dynamodb:us-east-1:925179372031:table/mailmanager-demo-7830-metadata\"]},{\"Sid\":\"S3WriteHealth\",\"Effect\":\"Allow\",\"Action\":[\"s3:PutObject\",\"s3:ListBucket\",\"s3:GetObject\"],\"Resource\":[\"arn:aws:s3:::mailmanager-demo-7830-raw-mail/*\",\"arn:aws:s3:::mailmanager-demo-7830-raw-mail\"]},{\"Sid\":\"SecretsRead\",\"Effect\":\"Allow\",\"Action\":\"secretsmanager:GetSecretValue\",\"Resource\":[\"arn:aws:secretsmanager:us-east-1:925179372031:secret:mailmanager-demo-7830/oauth/microsoft-PG9NEO\",\"arn:aws:secretsmanager:us-east-1:925179372031:secret:mailmanager-demo-7830/oauth/google-zCUJRN\",\"arn:aws:secretsmanager:us-east-1:925179372031:secret:mailmanager-demo-7830/app/encryption-key-nEXtiO\"]},{\"Sid\":\"SqsSend\",\"Effect\":\"Allow\",\"Action\":\"sqs:SendMessage\",\"Resource\":\"arn:aws:sqs:us-east-1:925179372031:mailmanager-demo-7830-ingest\"},{\"Sid\":\"BedrockAccess\",\"Effect\":\"Allow\",\"Action\":\"bedrock:InvokeModel\",\"Resource\":[\"arn:aws:bedrock:us-east-1::foundation-model/anthropic.claude-3-haiku-20240307-v1:0\",\"arn:aws:bedrock:us-east-1::foundation-model/amazon.titan-embed-text-v1\"]},{\"Sid\":\"MarketplaceBedrockModelEnablement\",\"Effect\":\"Allow\",\"Action\":[\"aws-marketplace:ViewSubscriptions\",\"aws-marketplace:Subscribe\"],\"Resource\":\"*\"},{\"Sid\":\"OpenSearchRead\",\"Effect\":\"Allow\",\"Action\":[\"es:ESHttpPost\",\"es:ESHttpGet\"],\"Resource\":\"arn:aws:es:us-east-1:925179372031:domain/mailmanager-vectors/*\"}]}",
            "override_json": null,
            "override_policy_documents": null,
            "policy_id": null,
            "source_json": null,
            "source_policy_documents": null,
            "statement": [
              {
                "actions": [
                  "logs:CreateLogStream",
                  "logs:PutLogEvents"
                ],
                "condition": [],
                "effect": "Allow",
                "not_actions": [],
                "not_principals": [],
                "not_resources": [],
                "principals": [],
                "resources": [
                  "arn:aws:logs:us-east-1:925179372031:log-group:/aws/lambda/mailmanager-demo-7830-api:*"
                ],
                "sid": "Logs"
              },
              {
                "actions": [
                  "dynamodb:GetItem",
                  "dynamodb:PutItem",
                  "dynamodb:Query",
                  "dynamodb:Scan",
                  "dynamodb:UpdateItem"
                ],
                "condition": [],
                "effect": "Allow",
                "not_actions": [],
                "not_principals": [],
                "not_resources": [],
                "principals": [],
                "resources": [
                  "arn:aws:dynamodb:us-east-1:925179372031:table/mailmanager-demo-7830-metadata",
                  "arn:aws:dynamodb:us-east-1:925179372031:table/mailmanager-demo-7830-metadata/index/*"
                ],
                "sid": "DynamoDB"
              },
              {
                "actions": [
                  "s3:GetObject",
                  "s3:ListBucket",
                  "s3:PutObject"
                ],
                "condition": [],
                "effect": "Allow",
                "not_actions": [],
                "not_principals": [],
                "not_resources": [],
                "principals": [],
                "resources": [
                  "arn:aws:s3:::mailmanager-demo-7830-raw-mail",
                  "arn:aws:s3:::mailmanager-demo-7830-raw-mail/*"
                ],
                "sid": "S3WriteHealth"
              },
              {
                "actions": [
                  "secretsmanager:GetSecretValue"
                ],
                "condition": [],
                "effect": "Allow",
                "not_actions": [],
                "not_principals": [],
                "not_resources": [],
                "principals": [],
                "resources": [
                  "arn:aws:secretsmanager:us-east-1:925179372031:secret:mailmanager-demo-7830/app/encryption-key-nEXtiO",
                  "arn:aws:secretsmanager:us-east-1:925179372031:secret:mailmanager-demo-7830/oauth/google-zCUJRN",
                  "arn:aws:secretsmanager:us-east-1:925179372031:secret:mailmanager-demo-7830/oauth/microsoft-PG9NEO"
                ],
                "sid": "SecretsRead"
              },
              {
                "actions": [
                  "sqs:SendMessage"
                ],
                "condition": [],
                "effect": "Allow",
                "not_actions": [],
                "not_principals": [],
                "not_resources": [],
                "principals": [],
                "resources": [
                  "arn:aws:sqs:us-east-1:925179372031:mailmanager-demo-7830-ingest"
                ],
                "sid": "SqsSend"
              },
              {
                "actions": [
                  "bedrock:InvokeModel"
                ],
                "condition": [],
                "effect": "Allow",
                "not_actions": [],
                "not_principals": [],
                "not_resources": [],
                "principals": [],
                "resources": [
                  "arn:aws:bedrock:us-east-1::foundation-model/amazon.titan-embed-text-v1",
                  "arn:aws:bedrock:us-east-1::foundation-model/anthropic.claude-3-haiku-20240307-v1:0"
                ],
                "sid": "BedrockAccess"
              },
              {
                "actions": [
                  "aws-marketplace:Subscribe",
                  "aws-marketplace:ViewSubscriptions"
                ],
                "condition": [],
                "effect": "Allow",
                "not_actions": [],
                "not_principals": [],
                "not_resources": [],
                "principals": [],
                "resources": [
                  "*"
                ],
                "sid": "MarketplaceBedrockModelEnablement"
              },
              {
                "actions": [
                  "es:ESHttpGet",
                  "es:ESHttpPost"
                ],
                "condition": [],
                "effect": "Allow",
                "not_actions": [],
                "not_principals": [],
                "not_resources": [],
                "principals": [],
                "resources": [
                  "arn:aws:es:us-east-1:925179372031:domain/mailmanager-vectors/*"
                ],
                "sid": "OpenSearchRead"
              }
            ],
            "version": "2012-10-17"
          },
          "sensitive_attributes": [],
          "identity_schema_version": 0
        }
      ]
    },
    {
      "mode": "data",
      "type": "aws_iam_policy_document",
      "name": "ingest_worker_lambda",
      "provider": "provider[\"registry.terraform.io/hashicorp/aws\"]",
      "instances": [
        {
          "schema_version": 0,
          "attributes": {
            "id": "2954269556",
            "json": "{\n  \"Version\": \"2012-10-17\",\n  \"Statement\": [\n    {\n      \"Sid\": \"Logs\",\n      \"Effect\": \"Allow\",\n      \"Action\": [\n        \"logs:PutLogEvents\",\n        \"logs:CreateLogStream\"\n      ],\n      \"Resource\": \"arn:aws:logs:us-east-1:925179372031:log-group:/aws/lambda/mailmanager-demo-7830-ingest-worker:*\"\n    },\n    {\n      \"Sid\": \"SqsConsume\",\n      \"Effect\": \"Allow\",\n      \"Action\": [\n        \"sqs:ReceiveMessage\",\n        \"sqs:GetQueueAttributes\",\n        \"sqs:DeleteMessage\",\n        \"sqs:ChangeMessageVisibility\"\n      ],\n      \"Resource\": \"arn:aws:sqs:us-east-1:925179372031:mailmanager-demo-7830-ingest\"\n    },\n    {\n      \"Sid\": \"DynamoWrite\",\n      \"Effect\": \"Allow\",\n      \"Action\": [\n        \"dynamodb:UpdateItem\",\n        \"dynamodb:PutItem\"\n      ],\n      \"Resource\": \"arn:aws:dynamodb:us-east-1:925179372031:table/mailmanager-demo-7830-metadata\"\n    },\n    {\n      \"Sid\": \"BedrockEmbedding\",\n      \"Effect\": \"Allow\",\n      \"Action\": \"bedrock:InvokeModel\",\n      \"Resource\": \"arn:aws:bedrock:us-east-1::foundation-model/amazon.titan-embed-text-v1\"\n    },\n    {\n      \"Sid\": \"OpenSearchWrite\",\n      \"Effect\": \"Allow\",\n      \"Action\": [\n        \"es:ESHttpPut\",\n        \"es:ESHttpPost\",\n        \"es:ESHttpGet\"\n      ],\n      \"Resource\": \"arn:aws:es:us-east-1:925179372031:domain/mailmanager-vectors/*\"\n    },\n    {\n      \"Sid\": \"S3Read\",\n      \"Effect\": \"Allow\",\n      \"Action\": \"s3:GetObject\",\n      \"Resource\": \"arn:aws:s3:::mailmanager-demo-7830-raw-mail/*\"\n    }\n  ]\n}",
            "minified_json": "{\"Version\":\"2012-10-17\",\"Statement\":[{\"Sid\":\"Logs\",\"Effect\":\"Allow\",\"Action\":[\"logs:PutLogEvents\",\"logs:CreateLogStream\"],\"Resource\":\"arn:aws:logs:us-east-1:925179372031:log-group:/aws/lambda/mailmanager-demo-7830-ingest-worker:*\"},{\"Sid\":\"SqsConsume\",\"Effect\":\"Allow\",\"Action\":[\"sqs:ReceiveMessage\",\"sqs:GetQueueAttributes\",\"sqs:DeleteMessage\",\"sqs:ChangeMessageVisibility\"],\"Resource\":\"arn:aws:sqs:us-east-1:925179372031:mailmanager-demo-7830-ingest\"},{\"Sid\":\"DynamoWrite\",\"Effect\":\"Allow\",\"Action\":[\"dynamodb:UpdateItem\",\"dynamodb:PutItem\"],\"Resource\":\"arn:aws:dynamodb:us-east-1:925179372031:table/mailmanager-demo-7830-metadata\"},{\"Sid\":\"BedrockEmbedding\",\"Effect\":\"Allow\",\"Action\":\"bedrock:InvokeModel\",\"Resource\":\"arn:aws:bedrock:us-east-1::foundation-model/amazon.titan-embed-text-v1\"},{\"Sid\":\"OpenSearchWrite\",\"Effect\":\"Allow\",\"Action\":[\"es:ESHttpPut\",\"es:ESHttpPost\",\"es:ESHttpGet\"],\"Resource\":\"arn:aws:es:us-east-1:925179372031:domain/mailmanager-vectors/*\"},{\"Sid\":\"S3Read\",\"Effect\":\"Allow\",\"Action\":\"s3:GetObject\",\"Resource\":\"arn:aws:s3:::mailmanager-demo-7830-raw-mail/*\"}]}",
            "override_json": null,
            "override_policy_documents": null,
            "policy_id": null,
            "source_json": null,
            "source_policy_documents": null,
            "statement": [
              {
                "actions": [
                  "logs:CreateLogStream",
                  "logs:PutLogEvents"
                ],
                "condition": [],
                "effect": "Allow",
                "not_actions": [],
                "not_principals": [],
                "not_resources": [],
                "principals": [],
                "resources": [
                  "arn:aws:logs:us-east-1:925179372031:log-group:/aws/lambda/mailmanager-demo-7830-ingest-worker:*"
                ],
                "sid": "Logs"
              },
              {
                "actions": [
                  "sqs:ChangeMessageVisibility",
                  "sqs:DeleteMessage",
                  "sqs:GetQueueAttributes",
                  "sqs:ReceiveMessage"
                ],
                "condition": [],
                "effect": "Allow",
                "not_actions": [],
                "not_principals": [],
                "not_resources": [],
                "principals": [],
                "resources": [
                  "arn:aws:sqs:us-east-1:925179372031:mailmanager-demo-7830-ingest"
                ],
                "sid": "SqsConsume"
              },
              {
                "actions": [
                  "dynamodb:PutItem",
                  "dynamodb:UpdateItem"
                ],
                "condition": [],
                "effect": "Allow",
                "not_actions": [],
                "not_principals": [],
                "not_resources": [],
                "principals": [],
                "resources": [
                  "arn:aws:dynamodb:us-east-1:925179372031:table/mailmanager-demo-7830-metadata"
                ],
                "sid": "DynamoWrite"
              },
              {
                "actions": [
                  "bedrock:InvokeModel"
                ],
                "condition": [],
                "effect": "Allow",
                "not_actions": [],
                "not_principals": [],
                "not_resources": [],
                "principals": [],
                "resources": [
                  "arn:aws:bedrock:us-east-1::foundation-model/amazon.titan-embed-text-v1"
                ],
                "sid": "BedrockEmbedding"
              },
              {
                "actions": [
                  "es:ESHttpGet",
                  "es:ESHttpPost",
                  "es:ESHttpPut"
                ],
                "condition": [],
                "effect": "Allow",
                "not_actions": [],
                "not_principals": [],
                "not_resources": [],
                "principals": [],
                "resources": [
                  "arn:aws:es:us-east-1:925179372031:domain/mailmanager-vectors/*"
                ],
                "sid": "OpenSearchWrite"
              },
              {
                "actions": [
                  "s3:GetObject"
                ],
                "condition": [],
                "effect": "Allow",
                "not_actions": [],
                "not_principals": [],
                "not_resources": [],
                "principals": [],
                "resources": [
                  "arn:aws:s3:::mailmanager-demo-7830-raw-mail/*"
                ],
                "sid": "S3Read"
              }
            ],
            "version": "2012-10-17"
          },
          "sensitive_attributes": [],
          "identity_schema_version": 0
        }
      ]
    },
    {
      "mode": "data",
      "type": "aws_iam_policy_document",
      "name": "lambda_assume",
      "provider": "provider[\"registry.terraform.io/hashicorp/aws\"]",
      "instances": [
        {
          "schema_version": 0,
          "attributes": {
            "id": "2690255455",
            "json": "{\n  \"Version\": \"2012-10-17\",\n  \"Statement\": [\n    {\n      \"Effect\": \"Allow\",\n      \"Action\": \"sts:AssumeRole\",\n      \"Principal\": {\n        \"Service\": \"lambda.amazonaws.com\"\n      }\n    }\n  ]\n}",
            "minified_json": "{\"Version\":\"2012-10-17\",\"Statement\":[{\"Effect\":\"Allow\",\"Action\":\"sts:AssumeRole\",\"Principal\":{\"Service\":\"lambda.amazonaws.com\"}}]}",
            "override_json": null,
            "override_policy_documents": null,
            "policy_id": null,
            "source_json": null,
            "source_policy_documents": null,
            "statement": [
              {
                "actions": [
                  "sts:AssumeRole"
                ],
                "condition": [],
                "effect": "Allow",
                "not_actions": [],
                "not_principals": [],
                "not_resources": [],
                "principals": [
                  {
                    "identifiers": [
                      "lambda.amazonaws.com"
                    ],
                    "type": "Service"
                  }
                ],
                "resources": [],
                "sid": ""
              }
            ],
            "version": "2012-10-17"
          },
          "sensitive_attributes": [],
          "identity_schema_version": 0
        }
      ]
    },
    {
      "mode": "data",
      "type": "aws_iam_policy_document",
      "name": "schedule_stub_lambda",
      "provider": "provider[\"registry.terraform.io/hashicorp/aws\"]",
      "instances": [
        {
          "schema_version": 0,
          "attributes": {
            "id": "3535340290",
            "json": "{\n  \"Version\": \"2012-10-17\",\n  \"Statement\": [\n    {\n      \"Sid\": \"Logs\",\n      \"Effect\": \"Allow\",\n      \"Action\": [\n        \"logs:PutLogEvents\",\n        \"logs:CreateLogStream\"\n      ],\n      \"Resource\": \"arn:aws:logs:us-east-1:925179372031:log-group:/aws/lambda/mailmanager-demo-7830-schedule-stub:*\"\n    }\n  ]\n}",
            "minified_json": "{\"Version\":\"2012-10-17\",\"Statement\":[{\"Sid\":\"Logs\",\"Effect\":\"Allow\",\"Action\":[\"logs:PutLogEvents\",\"logs:CreateLogStream\"],\"Resource\":\"arn:aws:logs:us-east-1:925179372031:log-group:/aws/lambda/mailmanager-demo-7830-schedule-stub:*\"}]}",
            "override_json": null,
            "override_policy_documents": null,
            "policy_id": null,
            "source_json": null,
            "source_policy_documents": null,
            "statement": [
              {
                "actions": [
                  "logs:CreateLogStream",
                  "logs:PutLogEvents"
                ],
                "condition": [],
                "effect": "Allow",
                "not_actions": [],
                "not_principals": [],
                "not_resources": [],
                "principals": [],
                "resources": [
                  "arn:aws:logs:us-east-1:925179372031:log-group:/aws/lambda/mailmanager-demo-7830-schedule-stub:*"
                ],
                "sid": "Logs"
              }
            ],
            "version": "2012-10-17"
          },
          "sensitive_attributes": [],
          "identity_schema_version": 0
        }
      ]
    },
    {
      "mode": "managed",
      "type": "aws_apigatewayv2_api",
      "name": "http",
      "provider": "provider[\"registry.terraform.io/hashicorp/aws\"]",
      "instances": [
        {
          "schema_version": 0,
          "attributes": {
            "api_endpoint": "https://h4ko26ixoe.execute-api.us-east-1.amazonaws.com",
            "api_key_selection_expression": "$request.header.x-api-key",
            "arn": "arn:aws:apigateway:us-east-1::/apis/h4ko26ixoe",
            "body": null,
            "cors_configuration": [],
            "credentials_arn": null,
            "description": "",
            "disable_execute_api_endpoint": false,
            "execution_arn": "arn:aws:execute-api:us-east-1:925179372031:h4ko26ixoe",
            "fail_on_warnings": null,
            "id": "h4ko26ixoe",
            "ip_address_type": "ipv4",
            "name": "mailmanager-demo-7830-http",
            "protocol_type": "HTTP",
            "route_key": null,
            "route_selection_expression": "$request.method $request.path",
            "tags": {},
            "tags_all": {
              "Environment": "demo",
              "ManagedBy": "terraform",
              "NamePrefix": "mailmanager-demo",
              "Project": "MailManager"
            },
            "target": null,
            "version": ""
          },
          "sensitive_attributes": [],
          "identity_schema_version": 0,
          "private": "bnVsbA==",
          "dependencies": [
            "random_id.suffix"
          ]
        }
      ]
    },
    {
      "mode": "managed",
      "type": "aws_apigatewayv2_integration",
      "name": "api",
      "provider": "provider[\"registry.terraform.io/hashicorp/aws\"]",
      "instances": [
        {
          "schema_version": 0,
          "attributes": {
            "api_id": "h4ko26ixoe",
            "connection_id": "",
            "connection_type": "INTERNET",
            "content_handling_strategy": "",
            "credentials_arn": "",
            "description": "",
            "id": "xtckjz7",
            "integration_method": "POST",
            "integration_response_selection_expression": "",
            "integration_subtype": "",
            "integration_type": "AWS_PROXY",
            "integration_uri": "arn:aws:apigateway:us-east-1:lambda:path/2015-03-31/functions/arn:aws:lambda:us-east-1:925179372031:function:mailmanager-demo-7830-api/invocations",
            "passthrough_behavior": "",
            "payload_format_version": "2.0",
            "request_parameters": {},
            "request_templates": {},
            "response_parameters": [],
            "template_selection_expression": "",
            "timeout_milliseconds": 30000,
            "tls_config": []
          },
          "sensitive_attributes": [],
          "identity_schema_version": 0,
          "private": "bnVsbA==",
          "dependencies": [
            "aws_apigatewayv2_api.http",
            "aws_cloudwatch_log_group.api",
            "aws_dynamodb_table.metadata",
            "aws_iam_role.api_lambda",
            "aws_iam_role.ingest_worker_lambda",
            "aws_lambda_function.api",
            "aws_opensearch_domain.email_vector_db",
            "aws_s3_bucket.raw_mail",
            "aws_sqs_queue.ingest",
            "aws_sqs_queue.ingest_dlq",
            "data.archive_file.api_zip",
            "data.aws_caller_identity.current",
            "data.aws_iam_policy_document.lambda_assume",
            "random_id.suffix"
          ]
        }
      ]
    },
    {
      "mode": "managed",
      "type": "aws_apigatewayv2_route",
      "name": "default",
      "provider": "provider[\"registry.terraform.io/hashicorp/aws\"]",
      "instances": [
        {
          "schema_version": 0,
          "attributes": {
            "api_id": "h4ko26ixoe",
            "api_key_required": false,
            "authorization_scopes": [],
            "authorization_type": "NONE",
            "authorizer_id": "",
            "id": "svzrnm9",
            "model_selection_expression": "",
            "operation_name": "",
            "request_models": {},
            "request_parameter": [],
            "route_key": "$default",
            "route_response_selection_expression": "",
            "target": "integrations/xtckjz7"
          },
          "sensitive_attributes": [],
          "identity_schema_version": 0,
          "private": "bnVsbA==",
          "dependencies": [
            "aws_apigatewayv2_api.http",
            "aws_apigatewayv2_integration.api",
            "aws_cloudwatch_log_group.api",
            "aws_dynamodb_table.metadata",
            "aws_iam_role.api_lambda",
            "aws_iam_role.ingest_worker_lambda",
            "aws_lambda_function.api",
            "aws_opensearch_domain.email_vector_db",
            "aws_s3_bucket.raw_mail",
            "aws_sqs_queue.ingest",
            "aws_sqs_queue.ingest_dlq",
            "data.archive_file.api_zip",
            "data.aws_caller_identity.current",
            "data.aws_iam_policy_document.lambda_assume",
            "random_id.suffix"
          ]
        }
      ]
    },
    {
      "mode": "managed",
      "type": "aws_apigatewayv2_route",
      "name": "enqueue",
      "provider": "provider[\"registry.terraform.io/hashicorp/aws\"]",
      "instances": [
        {
          "schema_version": 0,
          "attributes": {
            "api_id": "h4ko26ixoe",
            "api_key_required": false,
            "authorization_scopes": [],
            "authorization_type": "NONE",
            "authorizer_id": "",
            "id": "v8gnm1d",
            "model_selection_expression": "",
            "operation_name": "",
            "request_models": {},
            "request_parameter": [],
            "route_key": "POST /enqueue",
            "route_response_selection_expression": "",
            "target": "integrations/xtckjz7"
          },
          "sensitive_attributes": [],
          "identity_schema_version": 0,
          "private": "bnVsbA==",
          "dependencies": [
            "aws_apigatewayv2_api.http",
            "aws_apigatewayv2_integration.api",
            "aws_cloudwatch_log_group.api",
            "aws_dynamodb_table.metadata",
            "aws_iam_role.api_lambda",
            "aws_iam_role.ingest_worker_lambda",
            "aws_lambda_function.api",
            "aws_opensearch_domain.email_vector_db",
            "aws_s3_bucket.raw_mail",
            "aws_sqs_queue.ingest",
            "aws_sqs_queue.ingest_dlq",
            "data.archive_file.api_zip",
            "data.aws_caller_identity.current",
            "data.aws_iam_policy_document.lambda_assume",
            "random_id.suffix"
          ]
        }
      ]
    },
    {
      "mode": "managed",
      "type": "aws_apigatewayv2_route",
      "name": "health",
      "provider": "provider[\"registry.terraform.io/hashicorp/aws\"]",
      "instances": [
        {
          "schema_version": 0,
          "attributes": {
            "api_id": "h4ko26ixoe",
            "api_key_required": false,
            "authorization_scopes": [],
            "authorization_type": "NONE",
            "authorizer_id": "",
            "id": "w2x0qkm",
            "model_selection_expression": "",
            "operation_name": "",
            "request_models": {},
            "request_parameter": [],
            "route_key": "GET /health",
            "route_response_selection_expression": "",
            "target": "integrations/xtckjz7"
          },
          "sensitive_attributes": [],
          "identity_schema_version": 0,
          "private": "bnVsbA==",
          "dependencies": [
            "aws_apigatewayv2_api.http",
            "aws_apigatewayv2_integration.api",
            "aws_cloudwatch_log_group.api",
            "aws_dynamodb_table.metadata",
            "aws_iam_role.api_lambda",
            "aws_iam_role.ingest_worker_lambda",
            "aws_lambda_function.api",
            "aws_opensearch_domain.email_vector_db",
            "aws_s3_bucket.raw_mail",
            "aws_sqs_queue.ingest",
            "aws_sqs_queue.ingest_dlq",
            "data.archive_file.api_zip",
            "data.aws_caller_identity.current",
            "data.aws_iam_policy_document.lambda_assume",
            "random_id.suffix"
          ]
        }
      ]
    },
    {
      "mode": "managed",
      "type": "aws_apigatewayv2_stage",
      "name": "default",
      "provider": "provider[\"registry.terraform.io/hashicorp/aws\"]",
      "instances": [
        {
          "schema_version": 0,
          "attributes": {
            "access_log_settings": [],
            "api_id": "h4ko26ixoe",
            "arn": "arn:aws:apigateway:us-east-1::/apis/h4ko26ixoe/stages/$default",
            "auto_deploy": true,
            "client_certificate_id": "",
            "default_route_settings": [
              {
                "data_trace_enabled": false,
                "detailed_metrics_enabled": false,
                "logging_level": "",
                "throttling_burst_limit": 0,
                "throttling_rate_limit": 0
              }
            ],
            "deployment_id": "vgiykw",
            "description": "",
            "execution_arn": "arn:aws:execute-api:us-east-1:925179372031:h4ko26ixoe/$default",
            "id": "$default",
            "invoke_url": "https://h4ko26ixoe.execute-api.us-east-1.amazonaws.com/",
            "name": "$default",
            "route_settings": [],
            "stage_variables": {},
            "tags": {},
            "tags_all": {
              "Environment": "demo",
              "ManagedBy": "terraform",
              "NamePrefix": "mailmanager-demo",
              "Project": "MailManager"
            }
          },
          "sensitive_attributes": [],
          "identity_schema_version": 0,
          "private": "bnVsbA==",
          "dependencies": [
            "aws_apigatewayv2_api.http",
            "random_id.suffix"
          ]
        }
      ]
    },
    {
      "mode": "managed",
      "type": "aws_cloudwatch_event_rule",
      "name": "sync_schedule",
      "provider": "provider[\"registry.terraform.io/hashicorp/aws\"]",
      "instances": [
        {
          "schema_version": 1,
          "attributes": {
            "arn": "arn:aws:events:us-east-1:925179372031:rule/mailmanager-demo-7830-sync-schedule",
            "description": "Optional periodic hook for mail sync demos (disabled by default).",
            "event_bus_name": "default",
            "event_pattern": null,
            "force_destroy": false,
            "id": "mailmanager-demo-7830-sync-schedule",
            "is_enabled": false,
            "name": "mailmanager-demo-7830-sync-schedule",
            "name_prefix": "",
            "role_arn": "",
            "schedule_expression": "rate(24 hours)",
            "state": "DISABLED",
            "tags": {},
            "tags_all": {
              "Environment": "demo",
              "ManagedBy": "terraform",
              "NamePrefix": "mailmanager-demo",
              "Project": "MailManager"
            }
          },
          "sensitive_attributes": [],
          "identity_schema_version": 0,
          "private": "eyJzY2hlbWFfdmVyc2lvbiI6IjEifQ==",
          "dependencies": [
            "random_id.suffix"
          ]
        }
      ]
    },
    {
      "mode": "managed",
      "type": "aws_cloudwatch_event_target",
      "name": "sync_schedule_lambda",
      "provider": "provider[\"registry.terraform.io/hashicorp/aws\"]",
      "instances": [
        {
          "schema_version": 1,
          "attributes": {
            "appsync_target": [],
            "arn": "arn:aws:lambda:us-east-1:925179372031:function:mailmanager-demo-7830-schedule-stub",
            "batch_target": [],
            "dead_letter_config": [],
            "ecs_target": [],
            "event_bus_name": "default",
            "force_destroy": false,
            "http_target": [],
            "id": "mailmanager-demo-7830-sync-schedule-terraform-20260508010845049400000009",
            "input": "",
            "input_path": "",
            "input_transformer": [],
            "kinesis_target": [],
            "redshift_target": [],
            "retry_policy": [],
            "role_arn": "",
            "rule": "mailmanager-demo-7830-sync-schedule",
            "run_command_targets": [],
            "sagemaker_pipeline_target": [],
            "sqs_target": [],
            "target_id": "terraform-20260508010845049400000009"
          },
          "sensitive_attributes": [],
          "identity_schema_version": 0,
          "private": "eyJzY2hlbWFfdmVyc2lvbiI6IjEifQ==",
          "dependencies": [
            "aws_cloudwatch_event_rule.sync_schedule",
            "aws_cloudwatch_log_group.schedule_stub",
            "aws_iam_role.schedule_stub_lambda",
            "aws_lambda_function.schedule_stub",
            "data.archive_file.schedule_stub_zip",
            "data.aws_iam_policy_document.lambda_assume",
            "random_id.suffix"
          ]
        }
      ]
    },
    {
      "mode": "managed",
      "type": "aws_cloudwatch_log_group",
      "name": "api",
      "provider": "provider[\"registry.terraform.io/hashicorp/aws\"]",
      "instances": [
        {
          "schema_version": 0,
          "attributes": {
            "arn": "arn:aws:logs:us-east-1:925179372031:log-group:/aws/lambda/mailmanager-demo-7830-api",
            "id": "/aws/lambda/mailmanager-demo-7830-api",
            "kms_key_id": "",
            "log_group_class": "STANDARD",
            "name": "/aws/lambda/mailmanager-demo-7830-api",
            "name_prefix": "",
            "retention_in_days": 7,
            "skip_destroy": false,
            "tags": {},
            "tags_all": {
              "Environment": "demo",
              "ManagedBy": "terraform",
              "NamePrefix": "mailmanager-demo",
              "Project": "MailManager"
            }
          },
          "sensitive_attributes": [],
          "identity_schema_version": 0,
          "private": "bnVsbA==",
          "dependencies": [
            "random_id.suffix"
          ]
        }
      ]
    },
    {
      "mode": "managed",
      "type": "aws_cloudwatch_log_group",
      "name": "ingest_worker",
      "provider": "provider[\"registry.terraform.io/hashicorp/aws\"]",
      "instances": [
        {
          "schema_version": 0,
          "attributes": {
            "arn": "arn:aws:logs:us-east-1:925179372031:log-group:/aws/lambda/mailmanager-demo-7830-ingest-worker",
            "id": "/aws/lambda/mailmanager-demo-7830-ingest-worker",
            "kms_key_id": "",
            "log_group_class": "STANDARD",
            "name": "/aws/lambda/mailmanager-demo-7830-ingest-worker",
            "name_prefix": "",
            "retention_in_days": 7,
            "skip_destroy": false,
            "tags": {},
            "tags_all": {
              "Environment": "demo",
              "ManagedBy": "terraform",
              "NamePrefix": "mailmanager-demo",
              "Project": "MailManager"
            }
          },
          "sensitive_attributes": [],
          "identity_schema_version": 0,
          "private": "bnVsbA==",
          "dependencies": [
            "random_id.suffix"
          ]
        }
      ]
    },
    {
      "mode": "managed",
      "type": "aws_cloudwatch_log_group",
      "name": "schedule_stub",
      "provider": "provider[\"registry.terraform.io/hashicorp/aws\"]",
      "instances": [
        {
          "schema_version": 0,
          "attributes": {
            "arn": "arn:aws:logs:us-east-1:925179372031:log-group:/aws/lambda/mailmanager-demo-7830-schedule-stub",
            "id": "/aws/lambda/mailmanager-demo-7830-schedule-stub",
            "kms_key_id": "",
            "log_group_class": "STANDARD",
            "name": "/aws/lambda/mailmanager-demo-7830-schedule-stub",
            "name_prefix": "",
            "retention_in_days": 7,
            "skip_destroy": false,
            "tags": {},
            "tags_all": {
              "Environment": "demo",
              "ManagedBy": "terraform",
              "NamePrefix": "mailmanager-demo",
              "Project": "MailManager"
            }
          },
          "sensitive_attributes": [],
          "identity_schema_version": 0,
          "private": "bnVsbA==",
          "dependencies": [
            "random_id.suffix"
          ]
        }
      ]
    },
    {
      "mode": "managed",
      "type": "aws_dynamodb_table",
      "name": "metadata",
      "provider": "provider[\"registry.terraform.io/hashicorp/aws\"]",
      "instances": [
        {
          "schema_version": 1,
          "attributes": {
            "arn": "arn:aws:dynamodb:us-east-1:925179372031:table/mailmanager-demo-7830-metadata",
            "attribute": [
              {
                "name": "PK",
                "type": "S"
              },
              {
                "name": "SK",
                "type": "S"
              }
            ],
            "billing_mode": "PAY_PER_REQUEST",
            "deletion_protection_enabled": false,
            "global_secondary_index": [],
            "hash_key": "PK",
            "id": "mailmanager-demo-7830-metadata",
            "import_table": [],
            "local_secondary_index": [],
            "name": "mailmanager-demo-7830-metadata",
            "on_demand_throughput": [],
            "point_in_time_recovery": [
              {
                "enabled": false,
                "recovery_period_in_days": 0
              }
            ],
            "range_key": "SK",
            "read_capacity": 0,
            "replica": [],
            "restore_date_time": null,
            "restore_source_name": null,
            "restore_source_table_arn": null,
            "restore_to_latest_time": null,
            "server_side_encryption": [],
            "stream_arn": "",
            "stream_enabled": false,
            "stream_label": "",
            "stream_view_type": "",
            "table_class": "STANDARD",
            "tags": {},
            "tags_all": {
              "Environment": "demo",
              "ManagedBy": "terraform",
              "NamePrefix": "mailmanager-demo",
              "Project": "MailManager"
            },
            "timeouts": null,
            "ttl": [
              {
                "attribute_name": "",
                "enabled": false
              }
            ],
            "write_capacity": 0
          },
          "sensitive_attributes": [],
          "identity_schema_version": 0,
          "private": "eyJlMmJmYjczMC1lY2FhLTExZTYtOGY4OC0zNDM2M2JjN2M0YzAiOnsiY3JlYXRlIjoxODAwMDAwMDAwMDAwLCJkZWxldGUiOjYwMDAwMDAwMDAwMCwidXBkYXRlIjozNjAwMDAwMDAwMDAwfSwic2NoZW1hX3ZlcnNpb24iOiIxIn0=",
          "dependencies": [
            "random_id.suffix"
          ]
        }
      ]
    },
    {
      "mode": "managed",
      "type": "aws_iam_policy",
      "name": "bedrock_access",
      "provider": "provider[\"registry.terraform.io/hashicorp/aws\"]",
      "instances": [
        {
          "schema_version": 0,
          "attributes": {
            "arn": "arn:aws:iam::925179372031:policy/MailManagerBedrockAccess",
            "attachment_count": 1,
            "description": "Allows Lambda to invoke Bedrock models for RAG",
            "id": "arn:aws:iam::925179372031:policy/MailManagerBedrockAccess",
            "name": "MailManagerBedrockAccess",
            "name_prefix": "",
            "path": "/",
            "policy": "{\"Statement\":[{\"Action\":\"bedrock:InvokeModel\",\"Effect\":\"Allow\",\"Resource\":[\"arn:aws:bedrock:us-east-1::foundation-model/anthropic.claude-3-sonnet-20240229-v1:0\",\"arn:aws:bedrock:us-east-1::foundation-model/amazon.titan-embed-text-v1\"]}],\"Version\":\"2012-10-17\"}",
            "policy_id": "ANPA5O2H44H76ZTJPGYRJ",
            "tags": {},
            "tags_all": {
              "Environment": "demo",
              "ManagedBy": "terraform",
              "NamePrefix": "mailmanager-demo",
              "Project": "MailManager"
            }
          },
          "sensitive_attributes": [],
          "identity_schema_version": 0,
          "private": "bnVsbA=="
        }
      ]
    },
    {
      "mode": "managed",
      "type": "aws_iam_role",
      "name": "api_lambda",
      "provider": "provider[\"registry.terraform.io/hashicorp/aws\"]",
      "instances": [
        {
          "schema_version": 0,
          "attributes": {
            "arn": "arn:aws:iam::925179372031:role/mailmanager-demo-7830-api-lambda",
            "assume_role_policy": "{\"Statement\":[{\"Action\":\"sts:AssumeRole\",\"Effect\":\"Allow\",\"Principal\":{\"Service\":\"lambda.amazonaws.com\"}}],\"Version\":\"2012-10-17\"}",
            "create_date": "2026-05-08T01:08:30Z",
            "description": "",
            "force_detach_policies": false,
            "id": "mailmanager-demo-7830-api-lambda",
            "inline_policy": [
              {
                "name": "inline",
                "policy": "{\"Version\":\"2012-10-17\",\"Statement\":[{\"Action\":[\"logs:PutLogEvents\",\"logs:CreateLogStream\"],\"Effect\":\"Allow\",\"Resource\":\"arn:aws:logs:us-east-1:925179372031:log-group:/aws/lambda/mailmanager-demo-7830-api:*\",\"Sid\":\"Logs\"},{\"Action\":[\"dynamodb:UpdateItem\",\"dynamodb:Scan\",\"dynamodb:Query\",\"dynamodb:PutItem\",\"dynamodb:GetItem\"],\"Effect\":\"Allow\",\"Resource\":[\"arn:aws:dynamodb:us-east-1:925179372031:table/mailmanager-demo-7830-metadata/index/*\",\"arn:aws:dynamodb:us-east-1:925179372031:table/mailmanager-demo-7830-metadata\"],\"Sid\":\"DynamoDB\"},{\"Action\":[\"s3:PutObject\",\"s3:ListBucket\",\"s3:GetObject\"],\"Effect\":\"Allow\",\"Resource\":[\"arn:aws:s3:::mailmanager-demo-7830-raw-mail/*\",\"arn:aws:s3:::mailmanager-demo-7830-raw-mail\"],\"Sid\":\"S3WriteHealth\"},{\"Action\":\"secretsmanager:GetSecretValue\",\"Effect\":\"Allow\",\"Resource\":[\"arn:aws:secretsmanager:us-east-1:925179372031:secret:mailmanager-demo-7830/oauth/microsoft-PG9NEO\",\"arn:aws:secretsmanager:us-east-1:925179372031:secret:mailmanager-demo-7830/oauth/google-zCUJRN\",\"arn:aws:secretsmanager:us-east-1:925179372031:secret:mailmanager-demo-7830/app/encryption-key-nEXtiO\"],\"Sid\":\"SecretsRead\"},{\"Action\":\"sqs:SendMessage\",\"Effect\":\"Allow\",\"Resource\":\"arn:aws:sqs:us-east-1:925179372031:mailmanager-demo-7830-ingest\",\"Sid\":\"SqsSend\"},{\"Action\":\"bedrock:InvokeModel\",\"Effect\":\"Allow\",\"Resource\":[\"arn:aws:bedrock:us-east-1::foundation-model/anthropic.claude-3-haiku-20240307-v1:0\",\"arn:aws:bedrock:us-east-1::foundation-model/amazon.titan-embed-text-v1\"],\"Sid\":\"BedrockAccess\"},{\"Action\":[\"es:ESHttpPost\",\"es:ESHttpGet\"],\"Effect\":\"Allow\",\"Resource\":\"arn:aws:es:us-east-1:925179372031:domain/mailmanager-vectors/*\",\"Sid\":\"OpenSearchRead\"}]}"
              }
            ],
            "managed_policy_arns": [
              "arn:aws:iam::925179372031:policy/MailManagerBedrockAccess"
            ],
            "max_session_duration": 3600,
            "name": "mailmanager-demo-7830-api-lambda",
            "name_prefix": "",
            "path": "/",
            "permissions_boundary": "",
            "tags": {},
            "tags_all": {
              "Environment": "demo",
              "ManagedBy": "terraform",
              "NamePrefix": "mailmanager-demo",
              "Project": "MailManager"
            },
            "unique_id": "AROA5O2H44H76HDS2CY5P"
          },
          "sensitive_attributes": [],
          "identity_schema_version": 0,
          "private": "bnVsbA==",
          "dependencies": [
            "data.aws_iam_policy_document.lambda_assume",
            "random_id.suffix"
          ]
        }
      ]
    },
    {
      "mode": "managed",
      "type": "aws_iam_role",
      "name": "ingest_worker_lambda",
      "provider": "provider[\"registry.terraform.io/hashicorp/aws\"]",
      "instances": [
        {
          "schema_version": 0,
          "attributes": {
            "arn": "arn:aws:iam::925179372031:role/mailmanager-demo-7830-ingest-worker",
            "assume_role_policy": "{\"Statement\":[{\"Action\":\"sts:AssumeRole\",\"Effect\":\"Allow\",\"Principal\":{\"Service\":\"lambda.amazonaws.com\"}}],\"Version\":\"2012-10-17\"}",
            "create_date": "2026-05-08T01:08:30Z",
            "description": "",
            "force_detach_policies": false,
            "id": "mailmanager-demo-7830-ingest-worker",
            "inline_policy": [
              {
                "name": "inline",
                "policy": "{\"Version\":\"2012-10-17\",\"Statement\":[{\"Action\":[\"logs:PutLogEvents\",\"logs:CreateLogStream\"],\"Effect\":\"Allow\",\"Resource\":\"arn:aws:logs:us-east-1:925179372031:log-group:/aws/lambda/mailmanager-demo-7830-ingest-worker:*\",\"Sid\":\"Logs\"},{\"Action\":[\"sqs:ReceiveMessage\",\"sqs:GetQueueAttributes\",\"sqs:DeleteMessage\",\"sqs:ChangeMessageVisibility\"],\"Effect\":\"Allow\",\"Resource\":\"arn:aws:sqs:us-east-1:925179372031:mailmanager-demo-7830-ingest\",\"Sid\":\"SqsConsume\"},{\"Action\":[\"dynamodb:UpdateItem\",\"dynamodb:PutItem\"],\"Effect\":\"Allow\",\"Resource\":\"arn:aws:dynamodb:us-east-1:925179372031:table/mailmanager-demo-7830-metadata\",\"Sid\":\"DynamoWrite\"},{\"Action\":\"bedrock:InvokeModel\",\"Effect\":\"Allow\",\"Resource\":\"arn:aws:bedrock:us-east-1::foundation-model/amazon.titan-embed-text-v1\",\"Sid\":\"BedrockEmbedding\"},{\"Action\":[\"es:ESHttpPut\",\"es:ESHttpPost\",\"es:ESHttpGet\"],\"Effect\":\"Allow\",\"Resource\":\"arn:aws:es:us-east-1:925179372031:domain/mailmanager-vectors/*\",\"Sid\":\"OpenSearchWrite\"},{\"Action\":\"s3:GetObject\",\"Effect\":\"Allow\",\"Resource\":\"arn:aws:s3:::mailmanager-demo-7830-raw-mail/*\",\"Sid\":\"S3Read\"}]}"
              }
            ],
            "managed_policy_arns": [],
            "max_session_duration": 3600,
            "name": "mailmanager-demo-7830-ingest-worker",
            "name_prefix": "",
            "path": "/",
            "permissions_boundary": "",
            "tags": {},
            "tags_all": {
              "Environment": "demo",
              "ManagedBy": "terraform",
              "NamePrefix": "mailmanager-demo",
              "Project": "MailManager"
            },
            "unique_id": "AROA5O2H44H7R7D7NH6DE"
          },
          "sensitive_attributes": [],
          "identity_schema_version": 0,
          "private": "bnVsbA==",
          "dependencies": [
            "data.aws_iam_policy_document.lambda_assume",
            "random_id.suffix"
          ]
        }
      ]
    },
    {
      "mode": "managed",
      "type": "aws_iam_role",
      "name": "schedule_stub_lambda",
      "provider": "provider[\"registry.terraform.io/hashicorp/aws\"]",
      "instances": [
        {
          "schema_version": 0,
          "attributes": {
            "arn": "arn:aws:iam::925179372031:role/mailmanager-demo-7830-schedule-stub",
            "assume_role_policy": "{\"Statement\":[{\"Action\":\"sts:AssumeRole\",\"Effect\":\"Allow\",\"Principal\":{\"Service\":\"lambda.amazonaws.com\"}}],\"Version\":\"2012-10-17\"}",
            "create_date": "2026-05-08T01:08:30Z",
            "description": "",
            "force_detach_policies": false,
            "id": "mailmanager-demo-7830-schedule-stub",
            "inline_policy": [
              {
                "name": "inline",
                "policy": "{\"Version\":\"2012-10-17\",\"Statement\":[{\"Action\":[\"logs:PutLogEvents\",\"logs:CreateLogStream\"],\"Effect\":\"Allow\",\"Resource\":\"arn:aws:logs:us-east-1:925179372031:log-group:/aws/lambda/mailmanager-demo-7830-schedule-stub:*\",\"Sid\":\"Logs\"}]}"
              }
            ],
            "managed_policy_arns": [],
            "max_session_duration": 3600,
            "name": "mailmanager-demo-7830-schedule-stub",
            "name_prefix": "",
            "path": "/",
            "permissions_boundary": "",
            "tags": {},
            "tags_all": {
              "Environment": "demo",
              "ManagedBy": "terraform",
              "NamePrefix": "mailmanager-demo",
              "Project": "MailManager"
            },
            "unique_id": "AROA5O2H44H7WGY7QOTCE"
          },
          "sensitive_attributes": [],
          "identity_schema_version": 0,
          "private": "bnVsbA==",
          "dependencies": [
            "data.aws_iam_policy_document.lambda_assume",
            "random_id.suffix"
          ]
        }
      ]
    },
    {
      "mode": "managed",
      "type": "aws_iam_role_policy",
      "name": "api_lambda",
      "provider": "provider[\"registry.terraform.io/hashicorp/aws\"]",
      "instances": [
        {
          "schema_version": 0,
          "attributes": {
            "id": "mailmanager-demo-7830-api-lambda:inline",
            "name": "inline",
            "name_prefix": "",
            "policy": "{\"Version\":\"2012-10-17\",\"Statement\":[{\"Action\":[\"logs:PutLogEvents\",\"logs:CreateLogStream\"],\"Effect\":\"Allow\",\"Resource\":\"arn:aws:logs:us-east-1:925179372031:log-group:/aws/lambda/mailmanager-demo-7830-api:*\",\"Sid\":\"Logs\"},{\"Action\":[\"dynamodb:UpdateItem\",\"dynamodb:Scan\",\"dynamodb:Query\",\"dynamodb:PutItem\",\"dynamodb:GetItem\"],\"Effect\":\"Allow\",\"Resource\":[\"arn:aws:dynamodb:us-east-1:925179372031:table/mailmanager-demo-7830-metadata/index/*\",\"arn:aws:dynamodb:us-east-1:925179372031:table/mailmanager-demo-7830-metadata\"],\"Sid\":\"DynamoDB\"},{\"Action\":[\"s3:PutObject\",\"s3:ListBucket\",\"s3:GetObject\"],\"Effect\":\"Allow\",\"Resource\":[\"arn:aws:s3:::mailmanager-demo-7830-raw-mail/*\",\"arn:aws:s3:::mailmanager-demo-7830-raw-mail\"],\"Sid\":\"S3WriteHealth\"},{\"Action\":\"secretsmanager:GetSecretValue\",\"Effect\":\"Allow\",\"Resource\":[\"arn:aws:secretsmanager:us-east-1:925179372031:secret:mailmanager-demo-7830/oauth/microsoft-PG9NEO\",\"arn:aws:secretsmanager:us-east-1:925179372031:secret:mailmanager-demo-7830/oauth/google-zCUJRN\",\"arn:aws:secretsmanager:us-east-1:925179372031:secret:mailmanager-demo-7830/app/encryption-key-nEXtiO\"],\"Sid\":\"SecretsRead\"},{\"Action\":\"sqs:SendMessage\",\"Effect\":\"Allow\",\"Resource\":\"arn:aws:sqs:us-east-1:925179372031:mailmanager-demo-7830-ingest\",\"Sid\":\"SqsSend\"},{\"Action\":\"bedrock:InvokeModel\",\"Effect\":\"Allow\",\"Resource\":[\"arn:aws:bedrock:us-east-1::foundation-model/anthropic.claude-3-haiku-20240307-v1:0\",\"arn:aws:bedrock:us-east-1::foundation-model/amazon.titan-embed-text-v1\"],\"Sid\":\"BedrockAccess\"},{\"Action\":[\"aws-marketplace:ViewSubscriptions\",\"aws-marketplace:Subscribe\"],\"Effect\":\"Allow\",\"Resource\":\"*\",\"Sid\":\"MarketplaceBedrockModelEnablement\"},{\"Action\":[\"es:ESHttpPost\",\"es:ESHttpGet\"],\"Effect\":\"Allow\",\"Resource\":\"arn:aws:es:us-east-1:925179372031:domain/mailmanager-vectors/*\",\"Sid\":\"OpenSearchRead\"}]}",
            "role": "mailmanager-demo-7830-api-lambda"
          },
          "sensitive_attributes": [],
          "identity_schema_version": 0,
          "private": "bnVsbA==",
          "dependencies": [
            "aws_cloudwatch_log_group.api",
            "aws_dynamodb_table.metadata",
            "aws_iam_role.api_lambda",
            "aws_iam_role.ingest_worker_lambda",
            "aws_opensearch_domain.email_vector_db",
            "aws_s3_bucket.raw_mail",
            "aws_secretsmanager_secret.app_encryption",
            "aws_secretsmanager_secret.oauth_google",
            "aws_secretsmanager_secret.oauth_microsoft",
            "aws_sqs_queue.ingest",
            "aws_sqs_queue.ingest_dlq",
            "data.aws_caller_identity.current",
            "data.aws_iam_policy_document.api_lambda_permissions",
            "data.aws_iam_policy_document.lambda_assume",
            "random_id.suffix"
          ]
        }
      ]
    },
    {
      "mode": "managed",
      "type": "aws_iam_role_policy",
      "name": "ingest_worker_lambda",
      "provider": "provider[\"registry.terraform.io/hashicorp/aws\"]",
      "instances": [
        {
          "schema_version": 0,
          "attributes": {
            "id": "mailmanager-demo-7830-ingest-worker:inline",
            "name": "inline",
            "name_prefix": "",
            "policy": "{\"Version\":\"2012-10-17\",\"Statement\":[{\"Action\":[\"logs:PutLogEvents\",\"logs:CreateLogStream\"],\"Effect\":\"Allow\",\"Resource\":\"arn:aws:logs:us-east-1:925179372031:log-group:/aws/lambda/mailmanager-demo-7830-ingest-worker:*\",\"Sid\":\"Logs\"},{\"Action\":[\"sqs:ReceiveMessage\",\"sqs:GetQueueAttributes\",\"sqs:DeleteMessage\",\"sqs:ChangeMessageVisibility\"],\"Effect\":\"Allow\",\"Resource\":\"arn:aws:sqs:us-east-1:925179372031:mailmanager-demo-7830-ingest\",\"Sid\":\"SqsConsume\"},{\"Action\":[\"dynamodb:UpdateItem\",\"dynamodb:PutItem\"],\"Effect\":\"Allow\",\"Resource\":\"arn:aws:dynamodb:us-east-1:925179372031:table/mailmanager-demo-7830-metadata\",\"Sid\":\"DynamoWrite\"},{\"Action\":\"bedrock:InvokeModel\",\"Effect\":\"Allow\",\"Resource\":\"arn:aws:bedrock:us-east-1::foundation-model/amazon.titan-embed-text-v1\",\"Sid\":\"BedrockEmbedding\"},{\"Action\":[\"es:ESHttpPut\",\"es:ESHttpPost\",\"es:ESHttpGet\"],\"Effect\":\"Allow\",\"Resource\":\"arn:aws:es:us-east-1:925179372031:domain/mailmanager-vectors/*\",\"Sid\":\"OpenSearchWrite\"},{\"Action\":\"s3:GetObject\",\"Effect\":\"Allow\",\"Resource\":\"arn:aws:s3:::mailmanager-demo-7830-raw-mail/*\",\"Sid\":\"S3Read\"}]}",
            "role": "mailmanager-demo-7830-ingest-worker"
          },
          "sensitive_attributes": [],
          "identity_schema_version": 0,
          "private": "bnVsbA==",
          "dependencies": [
            "aws_cloudwatch_log_group.ingest_worker",
            "aws_dynamodb_table.metadata",
            "aws_iam_role.api_lambda",
            "aws_iam_role.ingest_worker_lambda",
            "aws_opensearch_domain.email_vector_db",
            "aws_s3_bucket.raw_mail",
            "aws_sqs_queue.ingest",
            "aws_sqs_queue.ingest_dlq",
            "data.aws_caller_identity.current",
            "data.aws_iam_policy_document.ingest_worker_lambda",
            "data.aws_iam_policy_document.lambda_assume",
            "random_id.suffix"
          ]
        }
      ]
    },
    {
      "mode": "managed",
      "type": "aws_iam_role_policy",
      "name": "schedule_stub_lambda",
      "provider": "provider[\"registry.terraform.io/hashicorp/aws\"]",
      "instances": [
        {
          "schema_version": 0,
          "attributes": {
            "id": "mailmanager-demo-7830-schedule-stub:inline",
            "name": "inline",
            "name_prefix": "",
            "policy": "{\"Version\":\"2012-10-17\",\"Statement\":[{\"Action\":[\"logs:PutLogEvents\",\"logs:CreateLogStream\"],\"Effect\":\"Allow\",\"Resource\":\"arn:aws:logs:us-east-1:925179372031:log-group:/aws/lambda/mailmanager-demo-7830-schedule-stub:*\",\"Sid\":\"Logs\"}]}",
            "role": "mailmanager-demo-7830-schedule-stub"
          },
          "sensitive_attributes": [],
          "identity_schema_version": 0,
          "private": "bnVsbA==",
          "dependencies": [
            "aws_cloudwatch_log_group.schedule_stub",
            "aws_iam_role.schedule_stub_lambda",
            "data.aws_iam_policy_document.lambda_assume",
            "data.aws_iam_policy_document.schedule_stub_lambda",
            "random_id.suffix"
          ]
        }
      ]
    },
    {
      "mode": "managed",
      "type": "aws_iam_role_policy_attachment",
      "name": "lambda_bedrock",
      "provider": "provider[\"registry.terraform.io/hashicorp/aws\"]",
      "instances": [
        {
          "schema_version": 0,
          "attributes": {
            "id": "mailmanager-demo-7830-api-lambda-20260508010831149300000008",
            "policy_arn": "arn:aws:iam::925179372031:policy/MailManagerBedrockAccess",
            "role": "mailmanager-demo-7830-api-lambda"
          },
          "sensitive_attributes": [],
          "identity_schema_version": 0,
          "private": "bnVsbA==",
          "dependencies": [
            "aws_iam_policy.bedrock_access",
            "aws_iam_role.api_lambda",
            "data.aws_iam_policy_document.lambda_assume",
            "random_id.suffix"
          ]
        }
      ]
    },
    {
      "mode": "managed",
      "type": "aws_lambda_event_source_mapping",
      "name": "ingest",
      "provider": "provider[\"registry.terraform.io/hashicorp/aws\"]",
      "instances": [
        {
          "schema_version": 0,
          "attributes": {
            "amazon_managed_kafka_event_source_config": [],
            "arn": "arn:aws:lambda:us-east-1:925179372031:event-source-mapping:1d1d8473-e291-44c9-a67f-b1677e516c0c",
            "batch_size": 5,
            "bisect_batch_on_function_error": false,
            "destination_config": [],
            "document_db_event_source_config": [],
            "enabled": true,
            "event_source_arn": "arn:aws:sqs:us-east-1:925179372031:mailmanager-demo-7830-ingest",
            "filter_criteria": [],
            "function_arn": "arn:aws:lambda:us-east-1:925179372031:function:mailmanager-demo-7830-ingest-worker",
            "function_name": "arn:aws:lambda:us-east-1:925179372031:function:mailmanager-demo-7830-ingest-worker",
            "function_response_types": [],
            "id": "1d1d8473-e291-44c9-a67f-b1677e516c0c",
            "kms_key_arn": "",
            "last_modified": "2026-05-08T01:20:32Z",
            "last_processing_result": "",
            "maximum_batching_window_in_seconds": 0,
            "maximum_record_age_in_seconds": 0,
            "maximum_retry_attempts": 0,
            "metrics_config": [],
            "parallelization_factor": 0,
            "provisioned_poller_config": [],
            "queues": [],
            "scaling_config": [],
            "self_managed_event_source": [],
            "self_managed_kafka_event_source_config": [],
            "source_access_configuration": [],
            "starting_position": "",
            "starting_position_timestamp": "",
            "state": "Enabled",
            "state_transition_reason": "USER_INITIATED",
            "tags": {},
            "tags_all": {
              "Environment": "demo",
              "ManagedBy": "terraform",
              "NamePrefix": "mailmanager-demo",
              "Project": "MailManager"
            },
            "topics": [],
            "tumbling_window_in_seconds": 0,
            "uuid": "1d1d8473-e291-44c9-a67f-b1677e516c0c"
          },
          "sensitive_attributes": [],
          "identity_schema_version": 0,
          "private": "bnVsbA==",
          "dependencies": [
            "aws_cloudwatch_log_group.ingest_worker",
            "aws_dynamodb_table.metadata",
            "aws_iam_role.api_lambda",
            "aws_iam_role.ingest_worker_lambda",
            "aws_lambda_function.ingest_worker",
            "aws_opensearch_domain.email_vector_db",
            "aws_sqs_queue.ingest",
            "aws_sqs_queue.ingest_dlq",
            "data.archive_file.ingest_worker_zip",
            "data.aws_caller_identity.current",
            "data.aws_iam_policy_document.lambda_assume",
            "random_id.suffix"
          ]
        }
      ]
    },
    {
      "mode": "managed",
      "type": "aws_lambda_function",
      "name": "api",
      "provider": "provider[\"registry.terraform.io/hashicorp/aws\"]",
      "instances": [
        {
          "schema_version": 0,
          "attributes": {
            "architectures": [
              "x86_64"
            ],
            "arn": "arn:aws:lambda:us-east-1:925179372031:function:mailmanager-demo-7830-api",
            "code_sha256": "NTkqLNRKUJtZiYdWkDG2NSPkHtYp1B9Q6pMZ2Ey9LBA=",
            "code_signing_config_arn": "",
            "dead_letter_config": [],
            "description": "",
            "environment": [
              {
                "variables": {
                  "APP_AWS_REGION": "us-east-1",
                  "BEDROCK_MODEL_ID": "anthropic.claude-3-haiku-20240307-v1:0",
                  "BEDROCK_REGION": "us-east-1",
                  "BUCKET_NAME": "mailmanager-demo-7830-raw-mail",
                  "EMBEDDING_MODEL_ID": "amazon.titan-embed-text-v1",
                  "INDEX_NAME": "mailmanager-index",
                  "OPENSEARCH_URL": "https://search-mailmanager-vectors-socvkwdl5nedydsizbs4lzfm7a.us-east-1.es.amazonaws.com",
                  "QUEUE_URL": "https://sqs.us-east-1.amazonaws.com/925179372031/mailmanager-demo-7830-ingest",
                  "TABLE_NAME": "mailmanager-demo-7830-metadata",
                  "USE_BEDROCK": "true"
                }
              }
            ],
            "ephemeral_storage": [
              {
                "size": 512
              }
            ],
            "file_system_config": [],
            "filename": "./.build/api.zip",
            "function_name": "mailmanager-demo-7830-api",
            "handler": "handler.handler",
            "id": "mailmanager-demo-7830-api",
            "image_config": [],
            "image_uri": "",
            "invoke_arn": "arn:aws:apigateway:us-east-1:lambda:path/2015-03-31/functions/arn:aws:lambda:us-east-1:925179372031:function:mailmanager-demo-7830-api/invocations",
            "kms_key_arn": "",
            "last_modified": "2026-05-08T02:07:12.000+0000",
            "layers": [],
            "logging_config": [
              {
                "application_log_level": "",
                "log_format": "Text",
                "log_group": "/aws/lambda/mailmanager-demo-7830-api",
                "system_log_level": ""
              }
            ],
            "memory_size": 512,
            "package_type": "Zip",
            "publish": false,
            "qualified_arn": "arn:aws:lambda:us-east-1:925179372031:function:mailmanager-demo-7830-api:$LATEST",
            "qualified_invoke_arn": "arn:aws:apigateway:us-east-1:lambda:path/2015-03-31/functions/arn:aws:lambda:us-east-1:925179372031:function:mailmanager-demo-7830-api:$LATEST/invocations",
            "replace_security_groups_on_destroy": null,
            "replacement_security_group_ids": null,
            "reserved_concurrent_executions": -1,
            "role": "arn:aws:iam::925179372031:role/mailmanager-demo-7830-api-lambda",
            "runtime": "python3.12",
            "s3_bucket": null,
            "s3_key": null,
            "s3_object_version": null,
            "signing_job_arn": "",
            "signing_profile_version_arn": "",
            "skip_destroy": false,
            "snap_start": [],
            "source_code_hash": "NTkqLNRKUJtZiYdWkDG2NSPkHtYp1B9Q6pMZ2Ey9LBA=",
            "source_code_size": 145768,
            "tags": {},
            "tags_all": {
              "Environment": "demo",
              "ManagedBy": "terraform",
              "NamePrefix": "mailmanager-demo",
              "Project": "MailManager"
            },
            "timeout": 30,
            "timeouts": null,
            "tracing_config": [
              {
                "mode": "PassThrough"
              }
            ],
            "version": "$LATEST",
            "vpc_config": []
          },
          "sensitive_attributes": [],
          "identity_schema_version": 0,
          "private": "eyJlMmJmYjczMC1lY2FhLTExZTYtOGY4OC0zNDM2M2JjN2M0YzAiOnsiY3JlYXRlIjo2MDAwMDAwMDAwMDAsImRlbGV0ZSI6NjAwMDAwMDAwMDAwLCJ1cGRhdGUiOjYwMDAwMDAwMDAwMH19",
          "dependencies": [
            "aws_cloudwatch_log_group.api",
            "aws_dynamodb_table.metadata",
            "aws_iam_role.api_lambda",
            "aws_iam_role.ingest_worker_lambda",
            "aws_opensearch_domain.email_vector_db",
            "aws_s3_bucket.raw_mail",
            "aws_sqs_queue.ingest",
            "aws_sqs_queue.ingest_dlq",
            "data.archive_file.api_zip",
            "data.aws_caller_identity.current",
            "data.aws_iam_policy_document.lambda_assume",
            "random_id.suffix"
          ]
        }
      ]
    },
    {
      "mode": "managed",
      "type": "aws_lambda_function",
      "name": "ingest_worker",
      "provider": "provider[\"registry.terraform.io/hashicorp/aws\"]",
      "instances": [
        {
          "schema_version": 0,
          "attributes": {
            "architectures": [
              "x86_64"
            ],
            "arn": "arn:aws:lambda:us-east-1:925179372031:function:mailmanager-demo-7830-ingest-worker",
            "code_sha256": "y2cZhNx6MuVxxpQx6apxwGV0cLKMkm3O5gWvBRDQlnY=",
            "code_signing_config_arn": "",
            "dead_letter_config": [],
            "description": "",
            "environment": [
              {
                "variables": {
                  "APP_AWS_REGION": "us-east-1",
                  "BEDROCK_REGION": "us-east-1",
                  "EMBEDDING_MODEL_ID": "amazon.titan-embed-text-v1",
                  "INDEX_NAME": "mailmanager-index",
                  "OPENSEARCH_URL": "https://search-mailmanager-vectors-socvkwdl5nedydsizbs4lzfm7a.us-east-1.es.amazonaws.com",
                  "TABLE_NAME": "mailmanager-demo-7830-metadata"
                }
              }
            ],
            "ephemeral_storage": [
              {
                "size": 512
              }
            ],
            "file_system_config": [],
            "filename": "./.build/ingest_worker.zip",
            "function_name": "mailmanager-demo-7830-ingest-worker",
            "handler": "handler.handler",
            "id": "mailmanager-demo-7830-ingest-worker",
            "image_config": [],
            "image_uri": "",
            "invoke_arn": "arn:aws:apigateway:us-east-1:lambda:path/2015-03-31/functions/arn:aws:lambda:us-east-1:925179372031:function:mailmanager-demo-7830-ingest-worker/invocations",
            "kms_key_arn": "",
            "last_modified": "2026-05-08T01:20:24.963+0000",
            "layers": [],
            "logging_config": [
              {
                "application_log_level": "",
                "log_format": "Text",
                "log_group": "/aws/lambda/mailmanager-demo-7830-ingest-worker",
                "system_log_level": ""
              }
            ],
            "memory_size": 512,
            "package_type": "Zip",
            "publish": false,
            "qualified_arn": "arn:aws:lambda:us-east-1:925179372031:function:mailmanager-demo-7830-ingest-worker:$LATEST",
            "qualified_invoke_arn": "arn:aws:apigateway:us-east-1:lambda:path/2015-03-31/functions/arn:aws:lambda:us-east-1:925179372031:function:mailmanager-demo-7830-ingest-worker:$LATEST/invocations",
            "replace_security_groups_on_destroy": null,
            "replacement_security_group_ids": null,
            "reserved_concurrent_executions": -1,
            "role": "arn:aws:iam::925179372031:role/mailmanager-demo-7830-ingest-worker",
            "runtime": "python3.12",
            "s3_bucket": null,
            "s3_key": null,
            "s3_object_version": null,
            "signing_job_arn": "",
            "signing_profile_version_arn": "",
            "skip_destroy": false,
            "snap_start": [],
            "source_code_hash": "y2cZhNx6MuVxxpQx6apxwGV0cLKMkm3O5gWvBRDQlnY=",
            "source_code_size": 137318,
            "tags": {},
            "tags_all": {
              "Environment": "demo",
              "ManagedBy": "terraform",
              "NamePrefix": "mailmanager-demo",
              "Project": "MailManager"
            },
            "timeout": 60,
            "timeouts": null,
            "tracing_config": [
              {
                "mode": "PassThrough"
              }
            ],
            "version": "$LATEST",
            "vpc_config": []
          },
          "sensitive_attributes": [],
          "identity_schema_version": 0,
          "private": "eyJlMmJmYjczMC1lY2FhLTExZTYtOGY4OC0zNDM2M2JjN2M0YzAiOnsiY3JlYXRlIjo2MDAwMDAwMDAwMDAsImRlbGV0ZSI6NjAwMDAwMDAwMDAwLCJ1cGRhdGUiOjYwMDAwMDAwMDAwMH19",
          "dependencies": [
            "aws_cloudwatch_log_group.ingest_worker",
            "aws_dynamodb_table.metadata",
            "aws_iam_role.api_lambda",
            "aws_iam_role.ingest_worker_lambda",
            "aws_opensearch_domain.email_vector_db",
            "data.archive_file.ingest_worker_zip",
            "data.aws_caller_identity.current",
            "data.aws_iam_policy_document.lambda_assume",
            "random_id.suffix"
          ]
        }
      ]
    },
    {
      "mode": "managed",
      "type": "aws_lambda_function",
      "name": "schedule_stub",
      "provider": "provider[\"registry.terraform.io/hashicorp/aws\"]",
      "instances": [
        {
          "schema_version": 0,
          "attributes": {
            "architectures": [
              "x86_64"
            ],
            "arn": "arn:aws:lambda:us-east-1:925179372031:function:mailmanager-demo-7830-schedule-stub",
            "code_sha256": "MMpTHxt8Wz27tFdGB4vDNyjmBIfG/P6wKuXIq/X8hsA=",
            "code_signing_config_arn": "",
            "dead_letter_config": [],
            "description": "",
            "environment": [],
            "ephemeral_storage": [
              {
                "size": 512
              }
            ],
            "file_system_config": [],
            "filename": "./.build/schedule_stub.zip",
            "function_name": "mailmanager-demo-7830-schedule-stub",
            "handler": "handler.handler",
            "id": "mailmanager-demo-7830-schedule-stub",
            "image_config": [],
            "image_uri": "",
            "invoke_arn": "arn:aws:apigateway:us-east-1:lambda:path/2015-03-31/functions/arn:aws:lambda:us-east-1:925179372031:function:mailmanager-demo-7830-schedule-stub/invocations",
            "kms_key_arn": "",
            "last_modified": "2026-05-08T01:08:39.503+0000",
            "layers": [],
            "logging_config": [
              {
                "application_log_level": "",
                "log_format": "Text",
                "log_group": "/aws/lambda/mailmanager-demo-7830-schedule-stub",
                "system_log_level": ""
              }
            ],
            "memory_size": 128,
            "package_type": "Zip",
            "publish": false,
            "qualified_arn": "arn:aws:lambda:us-east-1:925179372031:function:mailmanager-demo-7830-schedule-stub:$LATEST",
            "qualified_invoke_arn": "arn:aws:apigateway:us-east-1:lambda:path/2015-03-31/functions/arn:aws:lambda:us-east-1:925179372031:function:mailmanager-demo-7830-schedule-stub:$LATEST/invocations",
            "replace_security_groups_on_destroy": null,
            "replacement_security_group_ids": null,
            "reserved_concurrent_executions": -1,
            "role": "arn:aws:iam::925179372031:role/mailmanager-demo-7830-schedule-stub",
            "runtime": "python3.12",
            "s3_bucket": null,
            "s3_key": null,
            "s3_object_version": null,
            "signing_job_arn": "",
            "signing_profile_version_arn": "",
            "skip_destroy": false,
            "snap_start": [],
            "source_code_hash": "MMpTHxt8Wz27tFdGB4vDNyjmBIfG/P6wKuXIq/X8hsA=",
            "source_code_size": 310,
            "tags": {},
            "tags_all": {
              "Environment": "demo",
              "ManagedBy": "terraform",
              "NamePrefix": "mailmanager-demo",
              "Project": "MailManager"
            },
            "timeout": 10,
            "timeouts": null,
            "tracing_config": [
              {
                "mode": "PassThrough"
              }
            ],
            "version": "$LATEST",
            "vpc_config": []
          },
          "sensitive_attributes": [],
          "identity_schema_version": 0,
          "private": "eyJlMmJmYjczMC1lY2FhLTExZTYtOGY4OC0zNDM2M2JjN2M0YzAiOnsiY3JlYXRlIjo2MDAwMDAwMDAwMDAsImRlbGV0ZSI6NjAwMDAwMDAwMDAwLCJ1cGRhdGUiOjYwMDAwMDAwMDAwMH19",
          "dependencies": [
            "aws_cloudwatch_log_group.schedule_stub",
            "aws_iam_role.schedule_stub_lambda",
            "data.archive_file.schedule_stub_zip",
            "data.aws_iam_policy_document.lambda_assume",
            "random_id.suffix"
          ]
        }
      ]
    },
    {
      "mode": "managed",
      "type": "aws_lambda_permission",
      "name": "allow_eventbridge_schedule",
      "provider": "provider[\"registry.terraform.io/hashicorp/aws\"]",
      "instances": [
        {
          "schema_version": 0,
          "attributes": {
            "action": "lambda:InvokeFunction",
            "event_source_token": null,
            "function_name": "mailmanager-demo-7830-schedule-stub",
            "function_url_auth_type": null,
            "id": "AllowExecutionFromEventBridge",
            "principal": "events.amazonaws.com",
            "principal_org_id": null,
            "qualifier": "",
            "source_account": null,
            "source_arn": "arn:aws:events:us-east-1:925179372031:rule/mailmanager-demo-7830-sync-schedule",
            "statement_id": "AllowExecutionFromEventBridge",
            "statement_id_prefix": ""
          },
          "sensitive_attributes": [],
          "identity_schema_version": 0,
          "private": "bnVsbA==",
          "dependencies": [
            "aws_cloudwatch_event_rule.sync_schedule",
            "aws_cloudwatch_log_group.schedule_stub",
            "aws_iam_role.schedule_stub_lambda",
            "aws_lambda_function.schedule_stub",
            "data.archive_file.schedule_stub_zip",
            "data.aws_iam_policy_document.lambda_assume",
            "random_id.suffix"
          ]
        }
      ]
    },
    {
      "mode": "managed",
      "type": "aws_lambda_permission",
      "name": "api_gateway",
      "provider": "provider[\"registry.terraform.io/hashicorp/aws\"]",
      "instances": [
        {
          "schema_version": 0,
          "attributes": {
            "action": "lambda:InvokeFunction",
            "event_source_token": null,
            "function_name": "mailmanager-demo-7830-api",
            "function_url_auth_type": null,
            "id": "AllowAPIGatewayInvoke",
            "principal": "apigateway.amazonaws.com",
            "principal_org_id": null,
            "qualifier": "",
            "source_account": null,
            "source_arn": "arn:aws:execute-api:us-east-1:925179372031:h4ko26ixoe/*/*",
            "statement_id": "AllowAPIGatewayInvoke",
            "statement_id_prefix": ""
          },
          "sensitive_attributes": [],
          "identity_schema_version": 0,
          "private": "bnVsbA==",
          "dependencies": [
            "aws_apigatewayv2_api.http",
            "aws_cloudwatch_log_group.api",
            "aws_dynamodb_table.metadata",
            "aws_iam_role.api_lambda",
            "aws_iam_role.ingest_worker_lambda",
            "aws_lambda_function.api",
            "aws_opensearch_domain.email_vector_db",
            "aws_s3_bucket.raw_mail",
            "aws_sqs_queue.ingest",
            "aws_sqs_queue.ingest_dlq",
            "data.archive_file.api_zip",
            "data.aws_caller_identity.current",
            "data.aws_iam_policy_document.lambda_assume",
            "random_id.suffix"
          ]
        }
      ]
    },
    {
      "mode": "managed",
      "type": "aws_opensearch_domain",
      "name": "email_vector_db",
      "provider": "provider[\"registry.terraform.io/hashicorp/aws\"]",
      "instances": [
        {
          "schema_version": 0,
          "attributes": {
            "access_policies": "{\"Statement\":[{\"Action\":\"es:*\",\"Condition\":{\"IpAddress\":{\"aws:SourceIp\":[\"72.79.57.110/32\"]}},\"Effect\":\"Allow\",\"Principal\":\"*\",\"Resource\":\"arn:aws:es:us-east-1:925179372031:domain/mailmanager-vectors/*\",\"Sid\":\"AllowLocalVerification\"},{\"Action\":\"es:*\",\"Effect\":\"Allow\",\"Principal\":{\"AWS\":\"arn:aws:iam::925179372031:role/mailmanager-demo-7830-api-lambda\"},\"Resource\":\"arn:aws:es:us-east-1:925179372031:domain/mailmanager-vectors/*\",\"Sid\":\"AllowAPILambdaRead\"},{\"Action\":[\"es:ESHttpPut\",\"es:ESHttpPost\"],\"Effect\":\"Allow\",\"Principal\":{\"AWS\":\"arn:aws:iam::925179372031:role/mailmanager-demo-7830-ingest-worker\"},\"Resource\":\"arn:aws:es:us-east-1:925179372031:domain/mailmanager-vectors/*\",\"Sid\":\"AllowIngestWorkerWrite\"}],\"Version\":\"2012-10-17\"}",
            "advanced_options": {},
            "advanced_security_options": [],
            "arn": "arn:aws:es:us-east-1:925179372031:domain/mailmanager-vectors",
            "auto_tune_options": [
              {
                "desired_state": "DISABLED",
                "maintenance_schedule": [],
                "rollback_on_disable": "NO_ROLLBACK",
                "use_off_peak_window": false
              }
            ],
            "cluster_config": [
              {
                "cold_storage_options": [
                  {
                    "enabled": false
                  }
                ],
                "dedicated_master_count": 0,
                "dedicated_master_enabled": false,
                "dedicated_master_type": "",
                "instance_count": 1,
                "instance_type": "t3.small.search",
                "multi_az_with_standby_enabled": false,
                "node_options": [],
                "warm_count": 0,
                "warm_enabled": false,
                "warm_type": "",
                "zone_awareness_config": [],
                "zone_awareness_enabled": false
              }
            ],
            "cognito_options": [
              {
                "enabled": false,
                "identity_pool_id": "",
                "role_arn": "",
                "user_pool_id": ""
              }
            ],
            "dashboard_endpoint": "search-mailmanager-vectors-socvkwdl5nedydsizbs4lzfm7a.us-east-1.es.amazonaws.com/_dashboards",
            "dashboard_endpoint_v2": null,
            "domain_endpoint_options": [
              {
                "custom_endpoint": "",
                "custom_endpoint_certificate_arn": "",
                "custom_endpoint_enabled": false,
                "enforce_https": true,
                "tls_security_policy": "Policy-Min-TLS-1-2-2019-07"
              }
            ],
            "domain_endpoint_v2_hosted_zone_id": "",
            "domain_id": "925179372031/mailmanager-vectors",
            "domain_name": "mailmanager-vectors",
            "ebs_options": [
              {
                "ebs_enabled": true,
                "iops": 3000,
                "throughput": 125,
                "volume_size": 10,
                "volume_type": "gp3"
              }
            ],
            "encrypt_at_rest": [
              {
                "enabled": true,
                "kms_key_id": "arn:aws:kms:us-east-1:925179372031:key/a33ded2b-d1d9-4576-a680-ccd7ab898fc2"
              }
            ],
            "endpoint": "search-mailmanager-vectors-socvkwdl5nedydsizbs4lzfm7a.us-east-1.es.amazonaws.com",
            "endpoint_v2": null,
            "engine_version": "OpenSearch_2.11",
            "id": "arn:aws:es:us-east-1:925179372031:domain/mailmanager-vectors",
            "ip_address_type": "ipv4",
            "kibana_endpoint": "search-mailmanager-vectors-socvkwdl5nedydsizbs4lzfm7a.us-east-1.es.amazonaws.com/_plugin/kibana/",
            "log_publishing_options": [],
            "node_to_node_encryption": [
              {
                "enabled": true
              }
            ],
            "off_peak_window_options": [
              {
                "enabled": true,
                "off_peak_window": [
                  {
                    "window_start_time": [
                      {
                        "hours": 2,
                        "minutes": 0
                      }
                    ]
                  }
                ]
              }
            ],
            "snapshot_options": [
              {
                "automated_snapshot_start_hour": 0
              }
            ],
            "software_update_options": [
              {
                "auto_software_update_enabled": false
              }
            ],
            "tags": {},
            "tags_all": {
              "Environment": "demo",
              "ManagedBy": "terraform",
              "NamePrefix": "mailmanager-demo",
              "Project": "MailManager"
            },
            "timeouts": null,
            "vpc_options": []
          },
          "sensitive_attributes": [],
          "identity_schema_version": 0,
          "private": "eyJlMmJmYjczMC1lY2FhLTExZTYtOGY4OC0zNDM2M2JjN2M0YzAiOnsiY3JlYXRlIjo3MjAwMDAwMDAwMDAwLCJkZWxldGUiOjU0MDAwMDAwMDAwMDAsInVwZGF0ZSI6MTA4MDAwMDAwMDAwMDB9fQ==",
          "dependencies": [
            "aws_iam_role.api_lambda",
            "aws_iam_role.ingest_worker_lambda",
            "data.aws_caller_identity.current",
            "data.aws_iam_policy_document.lambda_assume",
            "random_id.suffix"
          ]
        }
      ]
    },
    {
      "mode": "managed",
      "type": "aws_s3_bucket",
      "name": "raw_mail",
      "provider": "provider[\"registry.terraform.io/hashicorp/aws\"]",
      "instances": [
        {
          "schema_version": 0,
          "attributes": {
            "acceleration_status": "",
            "acl": null,
            "arn": "arn:aws:s3:::mailmanager-demo-7830-raw-mail",
            "bucket": "mailmanager-demo-7830-raw-mail",
            "bucket_domain_name": "mailmanager-demo-7830-raw-mail.s3.amazonaws.com",
            "bucket_prefix": "",
            "bucket_regional_domain_name": "mailmanager-demo-7830-raw-mail.s3.us-east-1.amazonaws.com",
            "cors_rule": [],
            "force_destroy": true,
            "grant": [
              {
                "id": "a056774b764b7dba1d4e0d4414ccaa588f9acdbcd98d140facf5240bfa815518",
                "permissions": [
                  "FULL_CONTROL"
                ],
                "type": "CanonicalUser",
                "uri": ""
              }
            ],
            "hosted_zone_id": "Z3AQBSTGFYJSTF",
            "id": "mailmanager-demo-7830-raw-mail",
            "lifecycle_rule": [],
            "logging": [],
            "object_lock_configuration": [],
            "object_lock_enabled": false,
            "policy": "",
            "region": "us-east-1",
            "replication_configuration": [],
            "request_payer": "BucketOwner",
            "server_side_encryption_configuration": [
              {
                "rule": [
                  {
                    "apply_server_side_encryption_by_default": [
                      {
                        "kms_master_key_id": "",
                        "sse_algorithm": "AES256"
                      }
                    ],
                    "bucket_key_enabled": false
                  }
                ]
              }
            ],
            "tags": {},
            "tags_all": {
              "Environment": "demo",
              "ManagedBy": "terraform",
              "NamePrefix": "mailmanager-demo",
              "Project": "MailManager"
            },
            "timeouts": null,
            "versioning": [
              {
                "enabled": false,
                "mfa_delete": false
              }
            ],
            "website": [],
            "website_domain": null,
            "website_endpoint": null
          },
          "sensitive_attributes": [],
          "identity_schema_version": 0,
          "private": "eyJlMmJmYjczMC1lY2FhLTExZTYtOGY4OC0zNDM2M2JjN2M0YzAiOnsiY3JlYXRlIjoxMjAwMDAwMDAwMDAwLCJkZWxldGUiOjM2MDAwMDAwMDAwMDAsInJlYWQiOjEyMDAwMDAwMDAwMDAsInVwZGF0ZSI6MTIwMDAwMDAwMDAwMH19",
          "dependencies": [
            "random_id.suffix"
          ]
        }
      ]
    },
    {
      "mode": "managed",
      "type": "aws_s3_bucket",
      "name": "website",
      "provider": "provider[\"registry.terraform.io/hashicorp/aws\"]",
      "instances": [
        {
          "schema_version": 0,
          "attributes": {
            "acceleration_status": "",
            "acl": null,
            "arn": "arn:aws:s3:::mailmanager-frontend-20260508010830666500000004",
            "bucket": "mailmanager-frontend-20260508010830666500000004",
            "bucket_domain_name": "mailmanager-frontend-20260508010830666500000004.s3.amazonaws.com",
            "bucket_prefix": "mailmanager-frontend-",
            "bucket_regional_domain_name": "mailmanager-frontend-20260508010830666500000004.s3.us-east-1.amazonaws.com",
            "cors_rule": [],
            "force_destroy": true,
            "grant": [
              {
                "id": "a056774b764b7dba1d4e0d4414ccaa588f9acdbcd98d140facf5240bfa815518",
                "permissions": [
                  "FULL_CONTROL"
                ],
                "type": "CanonicalUser",
                "uri": ""
              }
            ],
            "hosted_zone_id": "Z3AQBSTGFYJSTF",
            "id": "mailmanager-frontend-20260508010830666500000004",
            "lifecycle_rule": [],
            "logging": [],
            "object_lock_configuration": [],
            "object_lock_enabled": false,
            "policy": "{\"Statement\":[{\"Action\":\"s3:GetObject\",\"Effect\":\"Allow\",\"Principal\":\"*\",\"Resource\":\"arn:aws:s3:::mailmanager-frontend-20260508010830666500000004/*\",\"Sid\":\"PublicReadGetObject\"}],\"Version\":\"2012-10-17\"}",
            "region": "us-east-1",
            "replication_configuration": [],
            "request_payer": "BucketOwner",
            "server_side_encryption_configuration": [
              {
                "rule": [
                  {
                    "apply_server_side_encryption_by_default": [
                      {
                        "kms_master_key_id": "",
                        "sse_algorithm": "AES256"
                      }
                    ],
                    "bucket_key_enabled": false
                  }
                ]
              }
            ],
            "tags": {},
            "tags_all": {
              "Environment": "demo",
              "ManagedBy": "terraform",
              "NamePrefix": "mailmanager-demo",
              "Project": "MailManager"
            },
            "timeouts": null,
            "versioning": [
              {
                "enabled": false,
                "mfa_delete": false
              }
            ],
            "website": [
              {
                "error_document": "index.html",
                "index_document": "index.html",
                "redirect_all_requests_to": "",
                "routing_rules": ""
              }
            ],
            "website_domain": "s3-website-us-east-1.amazonaws.com",
            "website_endpoint": "mailmanager-frontend-20260508010830666500000004.s3-website-us-east-1.amazonaws.com"
          },
          "sensitive_attributes": [],
          "identity_schema_version": 0,
          "private": "eyJlMmJmYjczMC1lY2FhLTExZTYtOGY4OC0zNDM2M2JjN2M0YzAiOnsiY3JlYXRlIjoxMjAwMDAwMDAwMDAwLCJkZWxldGUiOjM2MDAwMDAwMDAwMDAsInJlYWQiOjEyMDAwMDAwMDAwMDAsInVwZGF0ZSI6MTIwMDAwMDAwMDAwMH19"
        }
      ]
    },
    {
      "mode": "managed",
      "type": "aws_s3_bucket_policy",
      "name": "allow_public_access",
      "provider": "provider[\"registry.terraform.io/hashicorp/aws\"]",
      "instances": [
        {
          "schema_version": 0,
          "attributes": {
            "bucket": "mailmanager-frontend-20260508010830666500000004",
            "id": "mailmanager-frontend-20260508010830666500000004",
            "policy": "{\"Statement\":[{\"Action\":\"s3:GetObject\",\"Effect\":\"Allow\",\"Principal\":\"*\",\"Resource\":\"arn:aws:s3:::mailmanager-frontend-20260508010830666500000004/*\",\"Sid\":\"PublicReadGetObject\"}],\"Version\":\"2012-10-17\"}"
          },
          "sensitive_attributes": [],
          "identity_schema_version": 0,
          "private": "bnVsbA==",
          "dependencies": [
            "aws_s3_bucket.website",
            "aws_s3_bucket_public_access_block.website"
          ]
        }
      ]
    },
    {
      "mode": "managed",
      "type": "aws_s3_bucket_public_access_block",
      "name": "raw_mail",
      "provider": "provider[\"registry.terraform.io/hashicorp/aws\"]",
      "instances": [
        {
          "schema_version": 0,
          "attributes": {
            "block_public_acls": true,
            "block_public_policy": true,
            "bucket": "mailmanager-demo-7830-raw-mail",
            "id": "mailmanager-demo-7830-raw-mail",
            "ignore_public_acls": true,
            "restrict_public_buckets": true
          },
          "sensitive_attributes": [],
          "identity_schema_version": 0,
          "private": "bnVsbA==",
          "dependencies": [
            "aws_s3_bucket.raw_mail",
            "random_id.suffix"
          ]
        }
      ]
    },
    {
      "mode": "managed",
      "type": "aws_s3_bucket_public_access_block",
      "name": "website",
      "provider": "provider[\"registry.terraform.io/hashicorp/aws\"]",
      "instances": [
        {
          "schema_version": 0,
          "attributes": {
            "block_public_acls": false,
            "block_public_policy": false,
            "bucket": "mailmanager-frontend-20260508010830666500000004",
            "id": "mailmanager-frontend-20260508010830666500000004",
            "ignore_public_acls": false,
            "restrict_public_buckets": false
          },
          "sensitive_attributes": [],
          "identity_schema_version": 0,
          "private": "bnVsbA==",
          "dependencies": [
            "aws_s3_bucket.website"
          ]
        }
      ]
    },
    {
      "mode": "managed",
      "type": "aws_s3_bucket_server_side_encryption_configuration",
      "name": "raw_mail",
      "provider": "provider[\"registry.terraform.io/hashicorp/aws\"]",
      "instances": [
        {
          "schema_version": 0,
          "attributes": {
            "bucket": "mailmanager-demo-7830-raw-mail",
            "expected_bucket_owner": "",
            "id": "mailmanager-demo-7830-raw-mail",
            "rule": [
              {
                "apply_server_side_encryption_by_default": [
                  {
                    "kms_master_key_id": "",
                    "sse_algorithm": "AES256"
                  }
                ],
                "bucket_key_enabled": false
              }
            ]
          },
          "sensitive_attributes": [],
          "identity_schema_version": 0,
          "private": "bnVsbA==",
          "dependencies": [
            "aws_s3_bucket.raw_mail",
            "random_id.suffix"
          ]
        }
      ]
    },
    {
      "mode": "managed",
      "type": "aws_s3_bucket_website_configuration",
      "name": "website",
      "provider": "provider[\"registry.terraform.io/hashicorp/aws\"]",
      "instances": [
        {
          "schema_version": 0,
          "attributes": {
            "bucket": "mailmanager-frontend-20260508010830666500000004",
            "error_document": [
              {
                "key": "index.html"
              }
            ],
            "expected_bucket_owner": "",
            "id": "mailmanager-frontend-20260508010830666500000004",
            "index_document": [
              {
                "suffix": "index.html"
              }
            ],
            "redirect_all_requests_to": [],
            "routing_rule": [],
            "routing_rules": "",
            "website_domain": "s3-website-us-east-1.amazonaws.com",
            "website_endpoint": "mailmanager-frontend-20260508010830666500000004.s3-website-us-east-1.amazonaws.com"
          },
          "sensitive_attributes": [],
          "identity_schema_version": 0,
          "private": "bnVsbA==",
          "dependencies": [
            "aws_s3_bucket.website"
          ]
        }
      ]
    },
    {
      "mode": "managed",
      "type": "aws_secretsmanager_secret",
      "name": "app_encryption",
      "provider": "provider[\"registry.terraform.io/hashicorp/aws\"]",
      "instances": [
        {
          "schema_version": 0,
          "attributes": {
            "arn": "arn:aws:secretsmanager:us-east-1:925179372031:secret:mailmanager-demo-7830/app/encryption-key-nEXtiO",
            "description": "Placeholder for application encryption material (replace for real workloads).",
            "force_overwrite_replica_secret": false,
            "id": "arn:aws:secretsmanager:us-east-1:925179372031:secret:mailmanager-demo-7830/app/encryption-key-nEXtiO",
            "kms_key_id": "",
            "name": "mailmanager-demo-7830/app/encryption-key",
            "name_prefix": "",
            "policy": "",
            "recovery_window_in_days": 30,
            "replica": [],
            "tags": {},
            "tags_all": {
              "Environment": "demo",
              "ManagedBy": "terraform",
              "NamePrefix": "mailmanager-demo",
              "Project": "MailManager"
            }
          },
          "sensitive_attributes": [],
          "identity_schema_version": 0,
          "private": "bnVsbA==",
          "dependencies": [
            "random_id.suffix"
          ]
        }
      ]
    },
    {
      "mode": "managed",
      "type": "aws_secretsmanager_secret",
      "name": "oauth_google",
      "provider": "provider[\"registry.terraform.io/hashicorp/aws\"]",
      "instances": [
        {
          "schema_version": 0,
          "attributes": {
            "arn": "arn:aws:secretsmanager:us-east-1:925179372031:secret:mailmanager-demo-7830/oauth/google-zCUJRN",
            "description": "Placeholder for Gmail/Google OAuth client credentials (set value in Console).",
            "force_overwrite_replica_secret": false,
            "id": "arn:aws:secretsmanager:us-east-1:925179372031:secret:mailmanager-demo-7830/oauth/google-zCUJRN",
            "kms_key_id": "",
            "name": "mailmanager-demo-7830/oauth/google",
            "name_prefix": "",
            "policy": "",
            "recovery_window_in_days": 30,
            "replica": [],
            "tags": {},
            "tags_all": {
              "Environment": "demo",
              "ManagedBy": "terraform",
              "NamePrefix": "mailmanager-demo",
              "Project": "MailManager"
            }
          },
          "sensitive_attributes": [],
          "identity_schema_version": 0,
          "private": "bnVsbA==",
          "dependencies": [
            "random_id.suffix"
          ]
        }
      ]
    },
    {
      "mode": "managed",
      "type": "aws_secretsmanager_secret",
      "name": "oauth_microsoft",
      "provider": "provider[\"registry.terraform.io/hashicorp/aws\"]",
      "instances": [
        {
          "schema_version": 0,
          "attributes": {
            "arn": "arn:aws:secretsmanager:us-east-1:925179372031:secret:mailmanager-demo-7830/oauth/microsoft-PG9NEO",
            "description": "Placeholder for Microsoft Graph OAuth client credentials (set value in Console).",
            "force_overwrite_replica_secret": false,
            "id": "arn:aws:secretsmanager:us-east-1:925179372031:secret:mailmanager-demo-7830/oauth/microsoft-PG9NEO",
            "kms_key_id": "",
            "name": "mailmanager-demo-7830/oauth/microsoft",
            "name_prefix": "",
            "policy": "",
            "recovery_window_in_days": 30,
            "replica": [],
            "tags": {},
            "tags_all": {
              "Environment": "demo",
              "ManagedBy": "terraform",
              "NamePrefix": "mailmanager-demo",
              "Project": "MailManager"
            }
          },
          "sensitive_attributes": [],
          "identity_schema_version": 0,
          "private": "bnVsbA==",
          "dependencies": [
            "random_id.suffix"
          ]
        }
      ]
    },
    {
      "mode": "managed",
      "type": "aws_secretsmanager_secret_version",
      "name": "app_encryption_placeholder",
      "provider": "provider[\"registry.terraform.io/hashicorp/aws\"]",
      "instances": [
        {
          "schema_version": 0,
          "attributes": {
            "arn": "arn:aws:secretsmanager:us-east-1:925179372031:secret:mailmanager-demo-7830/app/encryption-key-nEXtiO",
            "has_secret_string_wo": null,
            "id": "arn:aws:secretsmanager:us-east-1:925179372031:secret:mailmanager-demo-7830/app/encryption-key-nEXtiO|terraform-20260508010830756000000006",
            "secret_binary": "",
            "secret_id": "arn:aws:secretsmanager:us-east-1:925179372031:secret:mailmanager-demo-7830/app/encryption-key-nEXtiO",
            "secret_string": "{\"placeholder\":\"replace-via-aws-console-or-cli\"}",
            "secret_string_wo": null,
            "secret_string_wo_version": null,
            "version_id": "terraform-20260508010830756000000006",
            "version_stages": [
              "AWSCURRENT"
            ]
          },
          "sensitive_attributes": [
            [
              {
                "type": "get_attr",
                "value": "secret_binary"
              }
            ],
            [
              {
                "type": "get_attr",
                "value": "secret_string"
              }
            ],
            [
              {
                "type": "get_attr",
                "value": "secret_string_wo"
              }
            ]
          ],
          "identity_schema_version": 0,
          "private": "bnVsbA==",
          "dependencies": [
            "aws_secretsmanager_secret.app_encryption",
            "random_id.suffix"
          ]
        }
      ]
    },
    {
      "mode": "managed",
      "type": "aws_secretsmanager_secret_version",
      "name": "oauth_google_placeholder",
      "provider": "provider[\"registry.terraform.io/hashicorp/aws\"]",
      "instances": [
        {
          "schema_version": 0,
          "attributes": {
            "arn": "arn:aws:secretsmanager:us-east-1:925179372031:secret:mailmanager-demo-7830/oauth/google-zCUJRN",
            "has_secret_string_wo": null,
            "id": "arn:aws:secretsmanager:us-east-1:925179372031:secret:mailmanager-demo-7830/oauth/google-zCUJRN|terraform-20260508010830905500000007",
            "secret_binary": "",
            "secret_id": "arn:aws:secretsmanager:us-east-1:925179372031:secret:mailmanager-demo-7830/oauth/google-zCUJRN",
            "secret_string": "{\"placeholder\":\"replace-via-aws-console-or-cli\"}",
            "secret_string_wo": null,
            "secret_string_wo_version": null,
            "version_id": "terraform-20260508010830905500000007",
            "version_stages": [
              "AWSCURRENT"
            ]
          },
          "sensitive_attributes": [
            [
              {
                "type": "get_attr",
                "value": "secret_binary"
              }
            ],
            [
              {
                "type": "get_attr",
                "value": "secret_string"
              }
            ],
            [
              {
                "type": "get_attr",
                "value": "secret_string_wo"
              }
            ]
          ],
          "identity_schema_version": 0,
          "private": "bnVsbA==",
          "dependencies": [
            "aws_secretsmanager_secret.oauth_google",
            "random_id.suffix"
          ]
        }
      ]
    },
    {
      "mode": "managed",
      "type": "aws_secretsmanager_secret_version",
      "name": "oauth_microsoft_placeholder",
      "provider": "provider[\"registry.terraform.io/hashicorp/aws\"]",
      "instances": [
        {
          "schema_version": 0,
          "attributes": {
            "arn": "arn:aws:secretsmanager:us-east-1:925179372031:secret:mailmanager-demo-7830/oauth/microsoft-PG9NEO",
            "has_secret_string_wo": null,
            "id": "arn:aws:secretsmanager:us-east-1:925179372031:secret:mailmanager-demo-7830/oauth/microsoft-PG9NEO|terraform-20260508010830736300000005",
            "secret_binary": "",
            "secret_id": "arn:aws:secretsmanager:us-east-1:925179372031:secret:mailmanager-demo-7830/oauth/microsoft-PG9NEO",
            "secret_string": "{\"placeholder\":\"replace-via-aws-console-or-cli\"}",
            "secret_string_wo": null,
            "secret_string_wo_version": null,
            "version_id": "terraform-20260508010830736300000005",
            "version_stages": [
              "AWSCURRENT"
            ]
          },
          "sensitive_attributes": [
            [
              {
                "type": "get_attr",
                "value": "secret_binary"
              }
            ],
            [
              {
                "type": "get_attr",
                "value": "secret_string"
              }
            ],
            [
              {
                "type": "get_attr",
                "value": "secret_string_wo"
              }
            ]
          ],
          "identity_schema_version": 0,
          "private": "bnVsbA==",
          "dependencies": [
            "aws_secretsmanager_secret.oauth_microsoft",
            "random_id.suffix"
          ]
        }
      ]
    },
    {
      "mode": "managed",
      "type": "aws_sqs_queue",
      "name": "ingest",
      "provider": "provider[\"registry.terraform.io/hashicorp/aws\"]",
      "instances": [
        {
          "schema_version": 0,
          "attributes": {
            "arn": "arn:aws:sqs:us-east-1:925179372031:mailmanager-demo-7830-ingest",
            "content_based_deduplication": false,
            "deduplication_scope": "",
            "delay_seconds": 0,
            "fifo_queue": false,
            "fifo_throughput_limit": "",
            "id": "https://sqs.us-east-1.amazonaws.com/925179372031/mailmanager-demo-7830-ingest",
            "kms_data_key_reuse_period_seconds": 300,
            "kms_master_key_id": "",
            "max_message_size": 262144,
            "message_retention_seconds": 345600,
            "name": "mailmanager-demo-7830-ingest",
            "name_prefix": "",
            "policy": "",
            "receive_wait_time_seconds": 0,
            "redrive_allow_policy": "",
            "redrive_policy": "{\"deadLetterTargetArn\":\"arn:aws:sqs:us-east-1:925179372031:mailmanager-demo-7830-ingest-dlq\",\"maxReceiveCount\":3}",
            "sqs_managed_sse_enabled": true,
            "tags": {},
            "tags_all": {
              "Environment": "demo",
              "ManagedBy": "terraform",
              "NamePrefix": "mailmanager-demo",
              "Project": "MailManager"
            },
            "timeouts": null,
            "url": "https://sqs.us-east-1.amazonaws.com/925179372031/mailmanager-demo-7830-ingest",
            "visibility_timeout_seconds": 60
          },
          "sensitive_attributes": [],
          "identity_schema_version": 0,
          "private": "eyJlMmJmYjczMC1lY2FhLTExZTYtOGY4OC0zNDM2M2JjN2M0YzAiOnsiY3JlYXRlIjoxODAwMDAwMDAwMDAsImRlbGV0ZSI6MTgwMDAwMDAwMDAwLCJ1cGRhdGUiOjE4MDAwMDAwMDAwMH19",
          "dependencies": [
            "aws_sqs_queue.ingest_dlq",
            "random_id.suffix"
          ]
        }
      ]
    },
    {
      "mode": "managed",
      "type": "aws_sqs_queue",
      "name": "ingest_dlq",
      "provider": "provider[\"registry.terraform.io/hashicorp/aws\"]",
      "instances": [
        {
          "schema_version": 0,
          "attributes": {
            "arn": "arn:aws:sqs:us-east-1:925179372031:mailmanager-demo-7830-ingest-dlq",
            "content_based_deduplication": false,
            "deduplication_scope": "",
            "delay_seconds": 0,
            "fifo_queue": false,
            "fifo_throughput_limit": "",
            "id": "https://sqs.us-east-1.amazonaws.com/925179372031/mailmanager-demo-7830-ingest-dlq",
            "kms_data_key_reuse_period_seconds": 300,
            "kms_master_key_id": "",
            "max_message_size": 262144,
            "message_retention_seconds": 345600,
            "name": "mailmanager-demo-7830-ingest-dlq",
            "name_prefix": "",
            "policy": "",
            "receive_wait_time_seconds": 0,
            "redrive_allow_policy": "",
            "redrive_policy": "",
            "sqs_managed_sse_enabled": true,
            "tags": {},
            "tags_all": {
              "Environment": "demo",
              "ManagedBy": "terraform",
              "NamePrefix": "mailmanager-demo",
              "Project": "MailManager"
            },
            "timeouts": null,
            "url": "https://sqs.us-east-1.amazonaws.com/925179372031/mailmanager-demo-7830-ingest-dlq",
            "visibility_timeout_seconds": 30
          },
          "sensitive_attributes": [],
          "identity_schema_version": 0,
          "private": "eyJlMmJmYjczMC1lY2FhLTExZTYtOGY4OC0zNDM2M2JjN2M0YzAiOnsiY3JlYXRlIjoxODAwMDAwMDAwMDAsImRlbGV0ZSI6MTgwMDAwMDAwMDAwLCJ1cGRhdGUiOjE4MDAwMDAwMDAwMH19",
          "dependencies": [
            "random_id.suffix"
          ]
        }
      ]
    },
    {
      "mode": "managed",
      "type": "random_id",
      "name": "suffix",
      "provider": "provider[\"registry.terraform.io/hashicorp/random\"]",
      "instances": [
        {
          "schema_version": 0,
          "attributes": {
            "b64_std": "eDA=",
            "b64_url": "eDA",
            "byte_length": 2,
            "dec": "30768",
            "hex": "7830",
            "id": "eDA",
            "keepers": null,
            "prefix": null
          },
          "sensitive_attributes": [],
          "identity_schema_version": 0
        }
      ]
    }
  ],
  "check_results": [
    {
      "object_kind": "var",
      "config_addr": "var.project_name",
      "status": "pass",
      "objects": [
        {
          "object_addr": "var.project_name",
          "status": "pass"
        }
      ]
    }
  ]
}
